// !$*UTF8*$!
{
	archiveVersion = 1;
	classes = {
	};
	objectVersion = 46;
	objects = {

/* Begin PBXBuildFile section */
		200E5EE6205B94DF003521DC /* ScreenShareView.swift in Sources */ = {isa = PBXBuildFile; fileRef = 200E5EE5205B94DF003521DC /* ScreenShareView.swift */; };
		200E5EE8205B94E7003521DC /* MyView.swift in Sources */ = {isa = PBXBuildFile; fileRef = 200E5EE7205B94E7003521DC /* MyView.swift */; };
		200E5EEA205B94EE003521DC /* WhiteBoardView.swift in Sources */ = {isa = PBXBuildFile; fileRef = 200E5EE9205B94EE003521DC /* WhiteBoardView.swift */; };
		200E5EEC205B94F6003521DC /* WhiteBoardToolView.swift in Sources */ = {isa = PBXBuildFile; fileRef = 200E5EEB205B94F6003521DC /* WhiteBoardToolView.swift */; };
		200E5EEE205B94FD003521DC /* WhiteBoardColorToolView.swift in Sources */ = {isa = PBXBuildFile; fileRef = 200E5EED205B94FD003521DC /* WhiteBoardColorToolView.swift */; };
		200E5EF0205B9503003521DC /* ColorView.swift in Sources */ = {isa = PBXBuildFile; fileRef = 200E5EEF205B9503003521DC /* ColorView.swift */; };
		200E5EF2205B950B003521DC /* SettingView.swift in Sources */ = {isa = PBXBuildFile; fileRef = 200E5EF1205B950B003521DC /* SettingView.swift */; };
		200E5EF4205B9512003521DC /* AudioViewUI.swift in Sources */ = {isa = PBXBuildFile; fileRef = 200E5EF3205B9512003521DC /* AudioViewUI.swift */; };
		200E5EF6205B951E003521DC /* AudioViewCell.swift in Sources */ = {isa = PBXBuildFile; fileRef = 200E5EF5205B951E003521DC /* AudioViewCell.swift */; };
		200E5F45205B993C003521DC /* MASCompositeConstraint.m in Sources */ = {isa = PBXBuildFile; fileRef = 200E5F2D205B993C003521DC /* MASCompositeConstraint.m */; };
		200E5F46205B993C003521DC /* MASConstraint.m in Sources */ = {isa = PBXBuildFile; fileRef = 200E5F30205B993C003521DC /* MASConstraint.m */; };
		200E5F47205B993C003521DC /* MASConstraintMaker.m in Sources */ = {isa = PBXBuildFile; fileRef = 200E5F32205B993C003521DC /* MASConstraintMaker.m */; };
		200E5F48205B993C003521DC /* MASLayoutConstraint.m in Sources */ = {isa = PBXBuildFile; fileRef = 200E5F34205B993C003521DC /* MASLayoutConstraint.m */; };
		200E5F49205B993C003521DC /* MASViewAttribute.m in Sources */ = {isa = PBXBuildFile; fileRef = 200E5F38205B993C003521DC /* MASViewAttribute.m */; };
		200E5F4A205B993C003521DC /* MASViewConstraint.m in Sources */ = {isa = PBXBuildFile; fileRef = 200E5F3A205B993C003521DC /* MASViewConstraint.m */; };
		200E5F4B205B993C003521DC /* NSArray+MASAdditions.m in Sources */ = {isa = PBXBuildFile; fileRef = 200E5F3C205B993C003521DC /* NSArray+MASAdditions.m */; };
		200E5F4C205B993C003521DC /* NSLayoutConstraint+MASDebugAdditions.m in Sources */ = {isa = PBXBuildFile; fileRef = 200E5F3F205B993C003521DC /* NSLayoutConstraint+MASDebugAdditions.m */; };
		200E5F4D205B993C003521DC /* View+MASAdditions.m in Sources */ = {isa = PBXBuildFile; fileRef = 200E5F41205B993C003521DC /* View+MASAdditions.m */; };
		200E5F4E205B993C003521DC /* ViewController+MASAdditions.m in Sources */ = {isa = PBXBuildFile; fileRef = 200E5F44205B993C003521DC /* ViewController+MASAdditions.m */; };
		200E5F4F205B9950003521DC /* MASCompositeConstraint.h in Sources */ = {isa = PBXBuildFile; fileRef = 200E5F2C205B993C003521DC /* MASCompositeConstraint.h */; };
		200E5F50205B9950003521DC /* MASConstraint+Private.h in Sources */ = {isa = PBXBuildFile; fileRef = 200E5F2E205B993C003521DC /* MASConstraint+Private.h */; };
		200E5F51205B9950003521DC /* MASConstraint.h in Sources */ = {isa = PBXBuildFile; fileRef = 200E5F2F205B993C003521DC /* MASConstraint.h */; };
		200E5F52205B9950003521DC /* MASConstraintMaker.h in Sources */ = {isa = PBXBuildFile; fileRef = 200E5F31205B993C003521DC /* MASConstraintMaker.h */; };
		200E5F53205B9950003521DC /* MASLayoutConstraint.h in Sources */ = {isa = PBXBuildFile; fileRef = 200E5F33205B993C003521DC /* MASLayoutConstraint.h */; };
		200E5F54205B9950003521DC /* Masonry.h in Sources */ = {isa = PBXBuildFile; fileRef = 200E5F35205B993C003521DC /* Masonry.h */; };
		200E5F55205B9950003521DC /* MASUtilities.h in Sources */ = {isa = PBXBuildFile; fileRef = 200E5F36205B993C003521DC /* MASUtilities.h */; };
		200E5F56205B9950003521DC /* MASViewAttribute.h in Sources */ = {isa = PBXBuildFile; fileRef = 200E5F37205B993C003521DC /* MASViewAttribute.h */; };
		200E5F57205B9950003521DC /* MASViewConstraint.h in Sources */ = {isa = PBXBuildFile; fileRef = 200E5F39205B993C003521DC /* MASViewConstraint.h */; };
		200E5F58205B9950003521DC /* NSArray+MASAdditions.h in Sources */ = {isa = PBXBuildFile; fileRef = 200E5F3B205B993C003521DC /* NSArray+MASAdditions.h */; };
		200E5F59205B9950003521DC /* NSArray+MASShorthandAdditions.h in Sources */ = {isa = PBXBuildFile; fileRef = 200E5F3D205B993C003521DC /* NSArray+MASShorthandAdditions.h */; };
		200E5F5A205B9950003521DC /* NSLayoutConstraint+MASDebugAdditions.h in Sources */ = {isa = PBXBuildFile; fileRef = 200E5F3E205B993C003521DC /* NSLayoutConstraint+MASDebugAdditions.h */; };
		200E5F5B205B9950003521DC /* View+MASAdditions.h in Sources */ = {isa = PBXBuildFile; fileRef = 200E5F40205B993C003521DC /* View+MASAdditions.h */; };
		200E5F5C205B9950003521DC /* View+MASShorthandAdditions.h in Sources */ = {isa = PBXBuildFile; fileRef = 200E5F42205B993C003521DC /* View+MASShorthandAdditions.h */; };
		200E5F5D205B9950003521DC /* ViewController+MASAdditions.h in Sources */ = {isa = PBXBuildFile; fileRef = 200E5F43205B993C003521DC /* ViewController+MASAdditions.h */; };
		200E5F62205B9A51003521DC /* CWStatusBarNotification.h in Sources */ = {isa = PBXBuildFile; fileRef = 200E5F5F205B998C003521DC /* CWStatusBarNotification.h */; };
		200E5F65205B9A96003521DC /* CWStatusBarNotification.m in Sources */ = {isa = PBXBuildFile; fileRef = 200E5F64205B9A96003521DC /* CWStatusBarNotification.m */; };
		200E5F68205BA841003521DC /* DrawColorModel.swift in Sources */ = {isa = PBXBuildFile; fileRef = 200E5F67205BA841003521DC /* DrawColorModel.swift */; };
		200E5F6A205BA896003521DC /* DrawPositionModel.swift in Sources */ = {isa = PBXBuildFile; fileRef = 200E5F69205BA896003521DC /* DrawPositionModel.swift */; };
		200E5F6C205BA8D6003521DC /* DrawSizeModel.swift in Sources */ = {isa = PBXBuildFile; fileRef = 200E5F6B205BA8D6003521DC /* DrawSizeModel.swift */; };
		200E5F6E205BA8FD003521DC /* CoordinateModel.swift in Sources */ = {isa = PBXBuildFile; fileRef = 200E5F6D205BA8FD003521DC /* CoordinateModel.swift */; };
		200E5F70205BA9F0003521DC /* WhiteboardDrawModel.swift in Sources */ = {isa = PBXBuildFile; fileRef = 200E5F6F205BA9F0003521DC /* WhiteboardDrawModel.swift */; };
		2011B5A020565B6C00C3C5AF /* classes in Resources */ = {isa = PBXBuildFile; fileRef = 2011B59F20565B6C00C3C5AF /* classes */; };
		20191B8B205775A800FD0889 /* VideoPannelView.swift in Sources */ = {isa = PBXBuildFile; fileRef = 20191B8A205775A800FD0889 /* VideoPannelView.swift */; };
		20191B8D20577E5700FD0889 /* Constant.swift in Sources */ = {isa = PBXBuildFile; fileRef = 20191B8C20577E5700FD0889 /* Constant.swift */; };
		20191B8F2057A40C00FD0889 /* VideoInfoView.swift in Sources */ = {isa = PBXBuildFile; fileRef = 20191B8E2057A40C00FD0889 /* VideoInfoView.swift */; };
		20191B912057A42E00FD0889 /* VideoInfo.swift in Sources */ = {isa = PBXBuildFile; fileRef = 20191B902057A42E00FD0889 /* VideoInfo.swift */; };
		20191B932057A45200FD0889 /* VideoBottomUserInfoView.swift in Sources */ = {isa = PBXBuildFile; fileRef = 20191B922057A45200FD0889 /* VideoBottomUserInfoView.swift */; };
		20191B952057A51F00FD0889 /* VideoUserInfo.swift in Sources */ = {isa = PBXBuildFile; fileRef = 20191B942057A51F00FD0889 /* VideoUserInfo.swift */; };
		20191B972057A72000FD0889 /* ArrayExt.swift in Sources */ = {isa = PBXBuildFile; fileRef = 20191B962057A72000FD0889 /* ArrayExt.swift */; };
		20191B992057ABDB00FD0889 /* NoticeView.swift in Sources */ = {isa = PBXBuildFile; fileRef = 20191B982057ABDB00FD0889 /* NoticeView.swift */; };
		20191BA42057C19F00FD0889 /* NoVideoCell.swift in Sources */ = {isa = PBXBuildFile; fileRef = 20191BA22057C19F00FD0889 /* NoVideoCell.swift */; };
		20191BA52057C19F00FD0889 /* NoVideoCell.xib in Resources */ = {isa = PBXBuildFile; fileRef = 20191BA32057C19F00FD0889 /* NoVideoCell.xib */; };
		20191BA72057C22500FD0889 /* LoadingView.swift in Sources */ = {isa = PBXBuildFile; fileRef = 20191BA62057C22500FD0889 /* LoadingView.swift */; };
		201A8367205C2494006CE5BE /* PopoverAction.m in Sources */ = {isa = PBXBuildFile; fileRef = 201A8362205C2494006CE5BE /* PopoverAction.m */; };
		201A8368205C2494006CE5BE /* PopoverView.m in Sources */ = {isa = PBXBuildFile; fileRef = 201A8364205C2494006CE5BE /* PopoverView.m */; };
		201A8369205C2494006CE5BE /* PopoverViewCell.m in Sources */ = {isa = PBXBuildFile; fileRef = 201A8366205C2494006CE5BE /* PopoverViewCell.m */; };
		201A836A205C249D006CE5BE /* PopoverAction.h in Sources */ = {isa = PBXBuildFile; fileRef = 201A8361205C2494006CE5BE /* PopoverAction.h */; };
		201A836B205C249D006CE5BE /* PopoverView.h in Sources */ = {isa = PBXBuildFile; fileRef = 201A8363205C2494006CE5BE /* PopoverView.h */; };
		201A836C205C249D006CE5BE /* PopoverViewCell.h in Sources */ = {isa = PBXBuildFile; fileRef = 201A8365205C2494006CE5BE /* PopoverViewCell.h */; };
		201D6757205D5C9A000BB6F2 /* AttendeeViewLockedCell.swift in Sources */ = {isa = PBXBuildFile; fileRef = 201D6755205D5C9A000BB6F2 /* AttendeeViewLockedCell.swift */; };
		201D6758205D5C9A000BB6F2 /* AttendeeViewLockedCell.xib in Resources */ = {isa = PBXBuildFile; fileRef = 201D6756205D5C9A000BB6F2 /* AttendeeViewLockedCell.xib */; };
		201D6759205D652B000BB6F2 /* NSData+ImageContentType.h in Sources */ = {isa = PBXBuildFile; fileRef = 20EEEF4E205CF4A700D0FED1 /* NSData+ImageContentType.h */; };
		201D675A205D652B000BB6F2 /* SDImageCache.h in Sources */ = {isa = PBXBuildFile; fileRef = 20EEEF50205CF4A700D0FED1 /* SDImageCache.h */; };
		201D675B205D652B000BB6F2 /* SDWebImageCompat.h in Sources */ = {isa = PBXBuildFile; fileRef = 20EEEF52205CF4A700D0FED1 /* SDWebImageCompat.h */; };
		201D675C205D652B000BB6F2 /* SDWebImageDecoder.h in Sources */ = {isa = PBXBuildFile; fileRef = 20EEEF54205CF4A700D0FED1 /* SDWebImageDecoder.h */; };
		201D675D205D652B000BB6F2 /* SDWebImageDownloader.h in Sources */ = {isa = PBXBuildFile; fileRef = 20EEEF56205CF4A700D0FED1 /* SDWebImageDownloader.h */; };
		201D675E205D652B000BB6F2 /* SDWebImageDownloaderOperation.h in Sources */ = {isa = PBXBuildFile; fileRef = 20EEEF58205CF4A700D0FED1 /* SDWebImageDownloaderOperation.h */; };
		201D675F205D652B000BB6F2 /* SDWebImageManager.h in Sources */ = {isa = PBXBuildFile; fileRef = 20EEEF5A205CF4A700D0FED1 /* SDWebImageManager.h */; };
		201D6760205D652B000BB6F2 /* SDWebImageOperation.h in Sources */ = {isa = PBXBuildFile; fileRef = 20EEEF5C205CF4A700D0FED1 /* SDWebImageOperation.h */; };
		201D6761205D652B000BB6F2 /* SDWebImagePrefetcher.h in Sources */ = {isa = PBXBuildFile; fileRef = 20EEEF5D205CF4A700D0FED1 /* SDWebImagePrefetcher.h */; };
		201D6762205D652B000BB6F2 /* UIButton+WebCache.h in Sources */ = {isa = PBXBuildFile; fileRef = 20EEEF5F205CF4A700D0FED1 /* UIButton+WebCache.h */; };
		201D6763205D652B000BB6F2 /* UIImage+GIF.h in Sources */ = {isa = PBXBuildFile; fileRef = 20EEEF61205CF4A700D0FED1 /* UIImage+GIF.h */; };
		201D6764205D652B000BB6F2 /* UIImage+MultiFormat.h in Sources */ = {isa = PBXBuildFile; fileRef = 20EEEF63205CF4A700D0FED1 /* UIImage+MultiFormat.h */; };
		201D6765205D652B000BB6F2 /* UIImageView+HighlightedWebCache.h in Sources */ = {isa = PBXBuildFile; fileRef = 20EEEF65205CF4A700D0FED1 /* UIImageView+HighlightedWebCache.h */; };
		201D6766205D652B000BB6F2 /* UIView+WebCacheOperation.h in Sources */ = {isa = PBXBuildFile; fileRef = 20EEEF69205CF4A700D0FED1 /* UIView+WebCacheOperation.h */; };
		202B806B2056A98000C1067C /* MQTTKit in Resources */ = {isa = PBXBuildFile; fileRef = 202B806A2056A98000C1067C /* MQTTKit */; };
		202B806F2056A9DC00C1067C /* libMQTTKit.a in Frameworks */ = {isa = PBXBuildFile; fileRef = 202B806E2056A9DC00C1067C /* libMQTTKit.a */; };
		20359EF5205824DC0081A8B9 /* BigRoomBase.swift in Sources */ = {isa = PBXBuildFile; fileRef = 20359EF4205824DC0081A8B9 /* BigRoomBase.swift */; };
		20359EF7205829080081A8B9 /* NetworkTools.swift in Sources */ = {isa = PBXBuildFile; fileRef = 20359EF6205829080081A8B9 /* NetworkTools.swift */; };
		203992BF20564DE20058A8DC /* AppDelegate.swift in Sources */ = {isa = PBXBuildFile; fileRef = 203992BE20564DE20058A8DC /* AppDelegate.swift */; };
		203992C120564DE20058A8DC /* ViewController.swift in Sources */ = {isa = PBXBuildFile; fileRef = 203992C020564DE20058A8DC /* ViewController.swift */; };
		203992C420564DE20058A8DC /* Main.storyboard in Resources */ = {isa = PBXBuildFile; fileRef = 203992C220564DE20058A8DC /* Main.storyboard */; };
		203992C620564DE20058A8DC /* Assets.xcassets in Resources */ = {isa = PBXBuildFile; fileRef = 203992C520564DE20058A8DC /* Assets.xcassets */; };
		203992C920564DE20058A8DC /* LaunchScreen.storyboard in Resources */ = {isa = PBXBuildFile; fileRef = 203992C720564DE20058A8DC /* LaunchScreen.storyboard */; };
		203992D1205651F80058A8DC /* BMroomSDK.framework in Frameworks */ = {isa = PBXBuildFile; fileRef = 203992D0205651F80058A8DC /* BMroomSDK.framework */; };
		203992D3205652160058A8DC /* WebRTC.framework in Frameworks */ = {isa = PBXBuildFile; fileRef = 203992D2205652160058A8DC /* WebRTC.framework */; };
		204FB1BB205F55B100BCF81B /* MessageInputView.xib in Resources */ = {isa = PBXBuildFile; fileRef = 204FB1BA205F55B100BCF81B /* MessageInputView.xib */; };
		204FB1BD205F5E0600BCF81B /* BMMsgBaseViewController.swift in Sources */ = {isa = PBXBuildFile; fileRef = 204FB1BC205F5E0600BCF81B /* BMMsgBaseViewController.swift */; };
		20EEEF2C205CAEAA00D0FED1 /* BMChatListViewController.swift in Sources */ = {isa = PBXBuildFile; fileRef = 20EEEF2B205CAEAA00D0FED1 /* BMChatListViewController.swift */; };
		20EEEF2E205CAEB300D0FED1 /* BMPeopleViewController.swift in Sources */ = {isa = PBXBuildFile; fileRef = 20EEEF2D205CAEB300D0FED1 /* BMPeopleViewController.swift */; };
		20EEEF30205CC34800D0FED1 /* MessageInputView.swift in Sources */ = {isa = PBXBuildFile; fileRef = 20EEEF2F205CC34800D0FED1 /* MessageInputView.swift */; };
		20EEEF35205CE69100D0FED1 /* BMPersionCell.swift in Sources */ = {isa = PBXBuildFile; fileRef = 20EEEF31205CE69100D0FED1 /* BMPersionCell.swift */; };
		20EEEF36205CE69100D0FED1 /* BMPersionCell.xib in Resources */ = {isa = PBXBuildFile; fileRef = 20EEEF32205CE69100D0FED1 /* BMPersionCell.xib */; };
		20EEEF37205CE69100D0FED1 /* NoChatCell.swift in Sources */ = {isa = PBXBuildFile; fileRef = 20EEEF33205CE69100D0FED1 /* NoChatCell.swift */; };
		20EEEF38205CE69100D0FED1 /* NoChatCell.xib in Resources */ = {isa = PBXBuildFile; fileRef = 20EEEF34205CE69100D0FED1 /* NoChatCell.xib */; };
		20EEEF3F205CEDC300D0FED1 /* UIScrollView+SVInfiniteScrolling.m in Sources */ = {isa = PBXBuildFile; fileRef = 20EEEF3C205CEDC300D0FED1 /* UIScrollView+SVInfiniteScrolling.m */; };
		20EEEF40205CEDC300D0FED1 /* UIScrollView+SVPullToRefresh.m in Sources */ = {isa = PBXBuildFile; fileRef = 20EEEF3E205CEDC300D0FED1 /* UIScrollView+SVPullToRefresh.m */; };
		20EEEF46205CEE5F00D0FED1 /* LICENSE in Resources */ = {isa = PBXBuildFile; fileRef = 20EEEF42205CEE5F00D0FED1 /* LICENSE */; };
		20EEEF47205CEE5F00D0FED1 /* MBProgressHUD.m in Sources */ = {isa = PBXBuildFile; fileRef = 20EEEF44205CEE5F00D0FED1 /* MBProgressHUD.m */; };
		20EEEF48205CEE5F00D0FED1 /* README.mdown in Sources */ = {isa = PBXBuildFile; fileRef = 20EEEF45205CEE5F00D0FED1 /* README.mdown */; };
		20EEEF4B205CF24100D0FED1 /* BMRoomChatMsgCell.swift in Sources */ = {isa = PBXBuildFile; fileRef = 20EEEF49205CF24100D0FED1 /* BMRoomChatMsgCell.swift */; };
		20EEEF4C205CF24100D0FED1 /* BMRoomChatMsgCell.xib in Resources */ = {isa = PBXBuildFile; fileRef = 20EEEF4A205CF24100D0FED1 /* BMRoomChatMsgCell.xib */; };
		20EEEF6B205CF4A700D0FED1 /* NSData+ImageContentType.m in Sources */ = {isa = PBXBuildFile; fileRef = 20EEEF4F205CF4A700D0FED1 /* NSData+ImageContentType.m */; };
		20EEEF6C205CF4A700D0FED1 /* SDImageCache.m in Sources */ = {isa = PBXBuildFile; fileRef = 20EEEF51205CF4A700D0FED1 /* SDImageCache.m */; };
		20EEEF6D205CF4A700D0FED1 /* SDWebImageCompat.m in Sources */ = {isa = PBXBuildFile; fileRef = 20EEEF53205CF4A700D0FED1 /* SDWebImageCompat.m */; };
		20EEEF6E205CF4A700D0FED1 /* SDWebImageDecoder.m in Sources */ = {isa = PBXBuildFile; fileRef = 20EEEF55205CF4A700D0FED1 /* SDWebImageDecoder.m */; };
		20EEEF6F205CF4A700D0FED1 /* SDWebImageDownloader.m in Sources */ = {isa = PBXBuildFile; fileRef = 20EEEF57205CF4A700D0FED1 /* SDWebImageDownloader.m */; };
		20EEEF70205CF4A700D0FED1 /* SDWebImageDownloaderOperation.m in Sources */ = {isa = PBXBuildFile; fileRef = 20EEEF59205CF4A700D0FED1 /* SDWebImageDownloaderOperation.m */; };
		20EEEF71205CF4A700D0FED1 /* SDWebImageManager.m in Sources */ = {isa = PBXBuildFile; fileRef = 20EEEF5B205CF4A700D0FED1 /* SDWebImageManager.m */; };
		20EEEF72205CF4A700D0FED1 /* SDWebImagePrefetcher.m in Sources */ = {isa = PBXBuildFile; fileRef = 20EEEF5E205CF4A700D0FED1 /* SDWebImagePrefetcher.m */; };
		20EEEF73205CF4A700D0FED1 /* UIButton+WebCache.m in Sources */ = {isa = PBXBuildFile; fileRef = 20EEEF60205CF4A700D0FED1 /* UIButton+WebCache.m */; };
		20EEEF74205CF4A700D0FED1 /* UIImage+GIF.m in Sources */ = {isa = PBXBuildFile; fileRef = 20EEEF62205CF4A700D0FED1 /* UIImage+GIF.m */; };
		20EEEF75205CF4A700D0FED1 /* UIImage+MultiFormat.m in Sources */ = {isa = PBXBuildFile; fileRef = 20EEEF64205CF4A700D0FED1 /* UIImage+MultiFormat.m */; };
		20EEEF76205CF4A700D0FED1 /* UIImageView+HighlightedWebCache.m in Sources */ = {isa = PBXBuildFile; fileRef = 20EEEF66205CF4A700D0FED1 /* UIImageView+HighlightedWebCache.m */; };
		20EEEF77205CF4A700D0FED1 /* UIImageView+WebCache.m in Sources */ = {isa = PBXBuildFile; fileRef = 20EEEF68205CF4A700D0FED1 /* UIImageView+WebCache.m */; };
		20EEEF78205CF4A700D0FED1 /* UIView+WebCacheOperation.m in Sources */ = {isa = PBXBuildFile; fileRef = 20EEEF6A205CF4A700D0FED1 /* UIView+WebCacheOperation.m */; };
		20EEEF79205CF4FB00D0FED1 /* UIImageView+WebCache.h in Sources */ = {isa = PBXBuildFile; fileRef = 20EEEF67205CF4A700D0FED1 /* UIImageView+WebCache.h */; };
		20F0630B205653B700DFBEF1 /* WebRTC.framework in Embed Frameworks */ = {isa = PBXBuildFile; fileRef = 203992D2205652160058A8DC /* WebRTC.framework */; settings = {ATTRIBUTES = (CodeSignOnCopy, RemoveHeadersOnCopy, ); }; };
		20F252B12056ADA700339D90 /* Channel.swift in Sources */ = {isa = PBXBuildFile; fileRef = 20F252A12056ADA700339D90 /* Channel.swift */; };
		20F252B22056ADA700339D90 /* ClubInfo.swift in Sources */ = {isa = PBXBuildFile; fileRef = 20F252A22056ADA700339D90 /* ClubInfo.swift */; };
		20F252B32056ADA700339D90 /* ClubInfoView.swift in Sources */ = {isa = PBXBuildFile; fileRef = 20F252A32056ADA700339D90 /* ClubInfoView.swift */; };
		20F252B42056ADA700339D90 /* ClubProfile.swift in Sources */ = {isa = PBXBuildFile; fileRef = 20F252A42056ADA700339D90 /* ClubProfile.swift */; };
		20F252B52056ADA700339D90 /* Community.swift in Sources */ = {isa = PBXBuildFile; fileRef = 20F252A52056ADA700339D90 /* Community.swift */; };
		20F252B62056ADA700339D90 /* Conference.swift in Sources */ = {isa = PBXBuildFile; fileRef = 20F252A62056ADA700339D90 /* Conference.swift */; };
		20F252B72056ADA700339D90 /* Member.swift in Sources */ = {isa = PBXBuildFile; fileRef = 20F252A72056ADA700339D90 /* Member.swift */; };
		20F252B82056ADA700339D90 /* MemberModel.swift in Sources */ = {isa = PBXBuildFile; fileRef = 20F252A82056ADA700339D90 /* MemberModel.swift */; };
		20F252B92056ADA700339D90 /* Message.swift in Sources */ = {isa = PBXBuildFile; fileRef = 20F252A92056ADA700339D90 /* Message.swift */; };
		20F252BA2056ADA700339D90 /* Presenter.swift in Sources */ = {isa = PBXBuildFile; fileRef = 20F252AA2056ADA700339D90 /* Presenter.swift */; };
		20F252BB2056ADA700339D90 /* Register.swift in Sources */ = {isa = PBXBuildFile; fileRef = 20F252AB2056ADA700339D90 /* Register.swift */; };
		20F252BC2056ADA700339D90 /* Room.swift in Sources */ = {isa = PBXBuildFile; fileRef = 20F252AC2056ADA700339D90 /* Room.swift */; };
		20F252BD2056ADA700339D90 /* RoomInfo.swift in Sources */ = {isa = PBXBuildFile; fileRef = 20F252AD2056ADA700339D90 /* RoomInfo.swift */; };
		20F252BE2056ADA700339D90 /* ToolHelper.swift in Sources */ = {isa = PBXBuildFile; fileRef = 20F252AE2056ADA700339D90 /* ToolHelper.swift */; };
		20F252BF2056ADA700339D90 /* UserInfo.swift in Sources */ = {isa = PBXBuildFile; fileRef = 20F252AF2056ADA700339D90 /* UserInfo.swift */; };
		20F252C12056B03800339D90 /* BMVideoViewController.swift in Sources */ = {isa = PBXBuildFile; fileRef = 20F252C02056B03800339D90 /* BMVideoViewController.swift */; };
		20F252C32056B04B00339D90 /* BMMessageViewController.swift in Sources */ = {isa = PBXBuildFile; fileRef = 20F252C22056B04B00339D90 /* BMMessageViewController.swift */; };
		20F252C72056B15800339D90 /* BMTabBarController.swift in Sources */ = {isa = PBXBuildFile; fileRef = 20F252C62056B15800339D90 /* BMTabBarController.swift */; };
		20F252D42056CACB00339D90 /* BMNavView.swift in Sources */ = {isa = PBXBuildFile; fileRef = 20F252D32056CACB00339D90 /* BMNavView.swift */; };
		20FE3079205EA9F900D2EBE6 /* SegmentedView.swift in Sources */ = {isa = PBXBuildFile; fileRef = 20FE3078205EA9F900D2EBE6 /* SegmentedView.swift */; };
		20FE307D205EAA2300D2EBE6 /* HMSegmentedControl.m in Sources */ = {isa = PBXBuildFile; fileRef = 20FE307C205EAA2300D2EBE6 /* HMSegmentedControl.m */; };
		20FE307E205EAA2A00D2EBE6 /* HMSegmentedControl.h in Sources */ = {isa = PBXBuildFile; fileRef = 20FE307B205EAA2300D2EBE6 /* HMSegmentedControl.h */; };
/* End PBXBuildFile section */

/* Begin PBXCopyFilesBuildPhase section */
		20F063092056533300DFBEF1 /* CopyFiles */ = {
			isa = PBXCopyFilesBuildPhase;
			buildActionMask = 2147483647;
			dstPath = "";
			dstSubfolderSpec = 7;
			files = (
			);
			runOnlyForDeploymentPostprocessing = 0;
		};
		20F0630C205653B700DFBEF1 /* Embed Frameworks */ = {
			isa = PBXCopyFilesBuildPhase;
			buildActionMask = 2147483647;
			dstPath = "";
			dstSubfolderSpec = 10;
			files = (
				20F0630B205653B700DFBEF1 /* WebRTC.framework in Embed Frameworks */,
			);
			name = "Embed Frameworks";
			runOnlyForDeploymentPostprocessing = 0;
		};
/* End PBXCopyFilesBuildPhase section */

/* Begin PBXFileReference section */
		200E5EE5205B94DF003521DC /* ScreenShareView.swift */ = {isa = PBXFileReference; fileEncoding = 4; lastKnownFileType = sourcecode.swift; path = ScreenShareView.swift; sourceTree = "<group>"; };
		200E5EE7205B94E7003521DC /* MyView.swift */ = {isa = PBXFileReference; fileEncoding = 4; lastKnownFileType = sourcecode.swift; path = MyView.swift; sourceTree = "<group>"; };
		200E5EE9205B94EE003521DC /* WhiteBoardView.swift */ = {isa = PBXFileReference; fileEncoding = 4; lastKnownFileType = sourcecode.swift; path = WhiteBoardView.swift; sourceTree = "<group>"; };
		200E5EEB205B94F6003521DC /* WhiteBoardToolView.swift */ = {isa = PBXFileReference; fileEncoding = 4; lastKnownFileType = sourcecode.swift; path = WhiteBoardToolView.swift; sourceTree = "<group>"; };
		200E5EED205B94FD003521DC /* WhiteBoardColorToolView.swift */ = {isa = PBXFileReference; fileEncoding = 4; lastKnownFileType = sourcecode.swift; path = WhiteBoardColorToolView.swift; sourceTree = "<group>"; };
		200E5EEF205B9503003521DC /* ColorView.swift */ = {isa = PBXFileReference; fileEncoding = 4; lastKnownFileType = sourcecode.swift; path = ColorView.swift; sourceTree = "<group>"; };
		200E5EF1205B950B003521DC /* SettingView.swift */ = {isa = PBXFileReference; fileEncoding = 4; lastKnownFileType = sourcecode.swift; path = SettingView.swift; sourceTree = "<group>"; };
		200E5EF3205B9512003521DC /* AudioViewUI.swift */ = {isa = PBXFileReference; fileEncoding = 4; lastKnownFileType = sourcecode.swift; path = AudioViewUI.swift; sourceTree = "<group>"; };
		200E5EF5205B951E003521DC /* AudioViewCell.swift */ = {isa = PBXFileReference; fileEncoding = 4; lastKnownFileType = sourcecode.swift; path = AudioViewCell.swift; sourceTree = "<group>"; };
		200E5F2C205B993C003521DC /* MASCompositeConstraint.h */ = {isa = PBXFileReference; fileEncoding = 4; lastKnownFileType = sourcecode.c.h; path = MASCompositeConstraint.h; sourceTree = "<group>"; };
		200E5F2D205B993C003521DC /* MASCompositeConstraint.m */ = {isa = PBXFileReference; fileEncoding = 4; lastKnownFileType = sourcecode.c.objc; path = MASCompositeConstraint.m; sourceTree = "<group>"; };
		200E5F2E205B993C003521DC /* MASConstraint+Private.h */ = {isa = PBXFileReference; fileEncoding = 4; lastKnownFileType = sourcecode.c.h; path = "MASConstraint+Private.h"; sourceTree = "<group>"; };
		200E5F2F205B993C003521DC /* MASConstraint.h */ = {isa = PBXFileReference; fileEncoding = 4; lastKnownFileType = sourcecode.c.h; path = MASConstraint.h; sourceTree = "<group>"; };
		200E5F30205B993C003521DC /* MASConstraint.m */ = {isa = PBXFileReference; fileEncoding = 4; lastKnownFileType = sourcecode.c.objc; path = MASConstraint.m; sourceTree = "<group>"; };
		200E5F31205B993C003521DC /* MASConstraintMaker.h */ = {isa = PBXFileReference; fileEncoding = 4; lastKnownFileType = sourcecode.c.h; path = MASConstraintMaker.h; sourceTree = "<group>"; };
		200E5F32205B993C003521DC /* MASConstraintMaker.m */ = {isa = PBXFileReference; fileEncoding = 4; lastKnownFileType = sourcecode.c.objc; path = MASConstraintMaker.m; sourceTree = "<group>"; };
		200E5F33205B993C003521DC /* MASLayoutConstraint.h */ = {isa = PBXFileReference; fileEncoding = 4; lastKnownFileType = sourcecode.c.h; path = MASLayoutConstraint.h; sourceTree = "<group>"; };
		200E5F34205B993C003521DC /* MASLayoutConstraint.m */ = {isa = PBXFileReference; fileEncoding = 4; lastKnownFileType = sourcecode.c.objc; path = MASLayoutConstraint.m; sourceTree = "<group>"; };
		200E5F35205B993C003521DC /* Masonry.h */ = {isa = PBXFileReference; fileEncoding = 4; lastKnownFileType = sourcecode.c.h; path = Masonry.h; sourceTree = "<group>"; };
		200E5F36205B993C003521DC /* MASUtilities.h */ = {isa = PBXFileReference; fileEncoding = 4; lastKnownFileType = sourcecode.c.h; path = MASUtilities.h; sourceTree = "<group>"; };
		200E5F37205B993C003521DC /* MASViewAttribute.h */ = {isa = PBXFileReference; fileEncoding = 4; lastKnownFileType = sourcecode.c.h; path = MASViewAttribute.h; sourceTree = "<group>"; };
		200E5F38205B993C003521DC /* MASViewAttribute.m */ = {isa = PBXFileReference; fileEncoding = 4; lastKnownFileType = sourcecode.c.objc; path = MASViewAttribute.m; sourceTree = "<group>"; };
		200E5F39205B993C003521DC /* MASViewConstraint.h */ = {isa = PBXFileReference; fileEncoding = 4; lastKnownFileType = sourcecode.c.h; path = MASViewConstraint.h; sourceTree = "<group>"; };
		200E5F3A205B993C003521DC /* MASViewConstraint.m */ = {isa = PBXFileReference; fileEncoding = 4; lastKnownFileType = sourcecode.c.objc; path = MASViewConstraint.m; sourceTree = "<group>"; };
		200E5F3B205B993C003521DC /* NSArray+MASAdditions.h */ = {isa = PBXFileReference; fileEncoding = 4; lastKnownFileType = sourcecode.c.h; path = "NSArray+MASAdditions.h"; sourceTree = "<group>"; };
		200E5F3C205B993C003521DC /* NSArray+MASAdditions.m */ = {isa = PBXFileReference; fileEncoding = 4; lastKnownFileType = sourcecode.c.objc; path = "NSArray+MASAdditions.m"; sourceTree = "<group>"; };
		200E5F3D205B993C003521DC /* NSArray+MASShorthandAdditions.h */ = {isa = PBXFileReference; fileEncoding = 4; lastKnownFileType = sourcecode.c.h; path = "NSArray+MASShorthandAdditions.h"; sourceTree = "<group>"; };
		200E5F3E205B993C003521DC /* NSLayoutConstraint+MASDebugAdditions.h */ = {isa = PBXFileReference; fileEncoding = 4; lastKnownFileType = sourcecode.c.h; path = "NSLayoutConstraint+MASDebugAdditions.h"; sourceTree = "<group>"; };
		200E5F3F205B993C003521DC /* NSLayoutConstraint+MASDebugAdditions.m */ = {isa = PBXFileReference; fileEncoding = 4; lastKnownFileType = sourcecode.c.objc; path = "NSLayoutConstraint+MASDebugAdditions.m"; sourceTree = "<group>"; };
		200E5F40205B993C003521DC /* View+MASAdditions.h */ = {isa = PBXFileReference; fileEncoding = 4; lastKnownFileType = sourcecode.c.h; path = "View+MASAdditions.h"; sourceTree = "<group>"; };
		200E5F41205B993C003521DC /* View+MASAdditions.m */ = {isa = PBXFileReference; fileEncoding = 4; lastKnownFileType = sourcecode.c.objc; path = "View+MASAdditions.m"; sourceTree = "<group>"; };
		200E5F42205B993C003521DC /* View+MASShorthandAdditions.h */ = {isa = PBXFileReference; fileEncoding = 4; lastKnownFileType = sourcecode.c.h; path = "View+MASShorthandAdditions.h"; sourceTree = "<group>"; };
		200E5F43205B993C003521DC /* ViewController+MASAdditions.h */ = {isa = PBXFileReference; fileEncoding = 4; lastKnownFileType = sourcecode.c.h; path = "ViewController+MASAdditions.h"; sourceTree = "<group>"; };
		200E5F44205B993C003521DC /* ViewController+MASAdditions.m */ = {isa = PBXFileReference; fileEncoding = 4; lastKnownFileType = sourcecode.c.objc; path = "ViewController+MASAdditions.m"; sourceTree = "<group>"; };
		200E5F5F205B998C003521DC /* CWStatusBarNotification.h */ = {isa = PBXFileReference; fileEncoding = 4; lastKnownFileType = sourcecode.c.h; path = CWStatusBarNotification.h; sourceTree = "<group>"; };
		200E5F64205B9A96003521DC /* CWStatusBarNotification.m */ = {isa = PBXFileReference; fileEncoding = 4; lastKnownFileType = sourcecode.c.objc; path = CWStatusBarNotification.m; sourceTree = "<group>"; };
		200E5F66205B9AB5003521DC /* CWStatusBarNotification.m */ = {isa = PBXFileReference; lastKnownFileType = sourcecode.c.objc; path = CWStatusBarNotification.m; sourceTree = "<group>"; };
		200E5F67205BA841003521DC /* DrawColorModel.swift */ = {isa = PBXFileReference; fileEncoding = 4; lastKnownFileType = sourcecode.swift; path = DrawColorModel.swift; sourceTree = "<group>"; };
		200E5F69205BA896003521DC /* DrawPositionModel.swift */ = {isa = PBXFileReference; fileEncoding = 4; lastKnownFileType = sourcecode.swift; path = DrawPositionModel.swift; sourceTree = "<group>"; };
		200E5F6B205BA8D6003521DC /* DrawSizeModel.swift */ = {isa = PBXFileReference; fileEncoding = 4; lastKnownFileType = sourcecode.swift; path = DrawSizeModel.swift; sourceTree = "<group>"; };
		200E5F6D205BA8FD003521DC /* CoordinateModel.swift */ = {isa = PBXFileReference; fileEncoding = 4; lastKnownFileType = sourcecode.swift; path = CoordinateModel.swift; sourceTree = "<group>"; };
		200E5F6F205BA9F0003521DC /* WhiteboardDrawModel.swift */ = {isa = PBXFileReference; fileEncoding = 4; lastKnownFileType = sourcecode.swift; path = WhiteboardDrawModel.swift; sourceTree = "<group>"; };
		2011B59F20565B6C00C3C5AF /* classes */ = {isa = PBXFileReference; lastKnownFileType = folder; path = classes; sourceTree = "<group>"; };
		2011B5A120565C4800C3C5AF /* Bridge-Header.h */ = {isa = PBXFileReference; lastKnownFileType = sourcecode.c.h; path = "Bridge-Header.h"; sourceTree = "<group>"; };
		20191B8A205775A800FD0889 /* VideoPannelView.swift */ = {isa = PBXFileReference; fileEncoding = 4; lastKnownFileType = sourcecode.swift; path = VideoPannelView.swift; sourceTree = "<group>"; };
		20191B8C20577E5700FD0889 /* Constant.swift */ = {isa = PBXFileReference; fileEncoding = 4; lastKnownFileType = sourcecode.swift; path = Constant.swift; sourceTree = "<group>"; };
		20191B8E2057A40C00FD0889 /* VideoInfoView.swift */ = {isa = PBXFileReference; fileEncoding = 4; lastKnownFileType = sourcecode.swift; path = VideoInfoView.swift; sourceTree = "<group>"; };
		20191B902057A42E00FD0889 /* VideoInfo.swift */ = {isa = PBXFileReference; fileEncoding = 4; lastKnownFileType = sourcecode.swift; path = VideoInfo.swift; sourceTree = "<group>"; };
		20191B922057A45200FD0889 /* VideoBottomUserInfoView.swift */ = {isa = PBXFileReference; fileEncoding = 4; lastKnownFileType = sourcecode.swift; path = VideoBottomUserInfoView.swift; sourceTree = "<group>"; };
		20191B942057A51F00FD0889 /* VideoUserInfo.swift */ = {isa = PBXFileReference; fileEncoding = 4; lastKnownFileType = sourcecode.swift; path = VideoUserInfo.swift; sourceTree = "<group>"; };
		20191B962057A72000FD0889 /* ArrayExt.swift */ = {isa = PBXFileReference; fileEncoding = 4; lastKnownFileType = sourcecode.swift; path = ArrayExt.swift; sourceTree = "<group>"; };
		20191B982057ABDB00FD0889 /* NoticeView.swift */ = {isa = PBXFileReference; fileEncoding = 4; lastKnownFileType = sourcecode.swift; path = NoticeView.swift; sourceTree = "<group>"; };
		20191BA22057C19F00FD0889 /* NoVideoCell.swift */ = {isa = PBXFileReference; fileEncoding = 4; lastKnownFileType = sourcecode.swift; path = NoVideoCell.swift; sourceTree = "<group>"; };
		20191BA32057C19F00FD0889 /* NoVideoCell.xib */ = {isa = PBXFileReference; fileEncoding = 4; lastKnownFileType = file.xib; path = NoVideoCell.xib; sourceTree = "<group>"; };
		20191BA62057C22500FD0889 /* LoadingView.swift */ = {isa = PBXFileReference; fileEncoding = 4; lastKnownFileType = sourcecode.swift; path = LoadingView.swift; sourceTree = "<group>"; };
		201A8361205C2494006CE5BE /* PopoverAction.h */ = {isa = PBXFileReference; fileEncoding = 4; lastKnownFileType = sourcecode.c.h; path = PopoverAction.h; sourceTree = "<group>"; };
		201A8362205C2494006CE5BE /* PopoverAction.m */ = {isa = PBXFileReference; fileEncoding = 4; lastKnownFileType = sourcecode.c.objc; path = PopoverAction.m; sourceTree = "<group>"; };
		201A8363205C2494006CE5BE /* PopoverView.h */ = {isa = PBXFileReference; fileEncoding = 4; lastKnownFileType = sourcecode.c.h; path = PopoverView.h; sourceTree = "<group>"; };
		201A8364205C2494006CE5BE /* PopoverView.m */ = {isa = PBXFileReference; fileEncoding = 4; lastKnownFileType = sourcecode.c.objc; path = PopoverView.m; sourceTree = "<group>"; };
		201A8365205C2494006CE5BE /* PopoverViewCell.h */ = {isa = PBXFileReference; fileEncoding = 4; lastKnownFileType = sourcecode.c.h; path = PopoverViewCell.h; sourceTree = "<group>"; };
		201A8366205C2494006CE5BE /* PopoverViewCell.m */ = {isa = PBXFileReference; fileEncoding = 4; lastKnownFileType = sourcecode.c.objc; path = PopoverViewCell.m; sourceTree = "<group>"; };
		201D6755205D5C9A000BB6F2 /* AttendeeViewLockedCell.swift */ = {isa = PBXFileReference; fileEncoding = 4; lastKnownFileType = sourcecode.swift; path = AttendeeViewLockedCell.swift; sourceTree = "<group>"; };
		201D6756205D5C9A000BB6F2 /* AttendeeViewLockedCell.xib */ = {isa = PBXFileReference; fileEncoding = 4; lastKnownFileType = file.xib; path = AttendeeViewLockedCell.xib; sourceTree = "<group>"; };
		202B806A2056A98000C1067C /* MQTTKit */ = {isa = PBXFileReference; lastKnownFileType = folder; path = MQTTKit; sourceTree = "<group>"; };
		202B806E2056A9DC00C1067C /* libMQTTKit.a */ = {isa = PBXFileReference; lastKnownFileType = archive.ar; name = libMQTTKit.a; path = MQTTKit/libMQTTKit.a; sourceTree = "<group>"; };
		20359EF4205824DC0081A8B9 /* BigRoomBase.swift */ = {isa = PBXFileReference; fileEncoding = 4; lastKnownFileType = sourcecode.swift; path = BigRoomBase.swift; sourceTree = "<group>"; };
		20359EF6205829080081A8B9 /* NetworkTools.swift */ = {isa = PBXFileReference; fileEncoding = 4; lastKnownFileType = sourcecode.swift; path = NetworkTools.swift; sourceTree = "<group>"; };
		203992BB20564DE20058A8DC /* BigmarkerRoomSDK.app */ = {isa = PBXFileReference; explicitFileType = wrapper.application; includeInIndex = 0; path = BigmarkerRoomSDK.app; sourceTree = BUILT_PRODUCTS_DIR; };
		203992BE20564DE20058A8DC /* AppDelegate.swift */ = {isa = PBXFileReference; lastKnownFileType = sourcecode.swift; path = AppDelegate.swift; sourceTree = "<group>"; };
		203992C020564DE20058A8DC /* ViewController.swift */ = {isa = PBXFileReference; lastKnownFileType = sourcecode.swift; path = ViewController.swift; sourceTree = "<group>"; };
		203992C320564DE20058A8DC /* Base */ = {isa = PBXFileReference; lastKnownFileType = file.storyboard; name = Base; path = Base.lproj/Main.storyboard; sourceTree = "<group>"; };
		203992C520564DE20058A8DC /* Assets.xcassets */ = {isa = PBXFileReference; lastKnownFileType = folder.assetcatalog; path = Assets.xcassets; sourceTree = "<group>"; };
		203992C820564DE20058A8DC /* Base */ = {isa = PBXFileReference; lastKnownFileType = file.storyboard; name = Base; path = Base.lproj/LaunchScreen.storyboard; sourceTree = "<group>"; };
		203992CA20564DE20058A8DC /* Info.plist */ = {isa = PBXFileReference; lastKnownFileType = text.plist.xml; path = Info.plist; sourceTree = "<group>"; };
		203992D0205651F80058A8DC /* BMroomSDK.framework */ = {isa = PBXFileReference; lastKnownFileType = wrapper.framework; path = BMroomSDK.framework; sourceTree = "<group>"; };
		203992D2205652160058A8DC /* WebRTC.framework */ = {isa = PBXFileReference; lastKnownFileType = wrapper.framework; path = WebRTC.framework; sourceTree = "<group>"; };
		204FB1BA205F55B100BCF81B /* MessageInputView.xib */ = {isa = PBXFileReference; fileEncoding = 4; lastKnownFileType = file.xib; path = MessageInputView.xib; sourceTree = "<group>"; };
		204FB1BC205F5E0600BCF81B /* BMMsgBaseViewController.swift */ = {isa = PBXFileReference; fileEncoding = 4; lastKnownFileType = sourcecode.swift; path = BMMsgBaseViewController.swift; sourceTree = "<group>"; };
		20EEEF2B205CAEAA00D0FED1 /* BMChatListViewController.swift */ = {isa = PBXFileReference; fileEncoding = 4; lastKnownFileType = sourcecode.swift; path = BMChatListViewController.swift; sourceTree = "<group>"; };
		20EEEF2D205CAEB300D0FED1 /* BMPeopleViewController.swift */ = {isa = PBXFileReference; fileEncoding = 4; lastKnownFileType = sourcecode.swift; path = BMPeopleViewController.swift; sourceTree = "<group>"; };
		20EEEF2F205CC34800D0FED1 /* MessageInputView.swift */ = {isa = PBXFileReference; fileEncoding = 4; lastKnownFileType = sourcecode.swift; path = MessageInputView.swift; sourceTree = "<group>"; };
		20EEEF31205CE69100D0FED1 /* BMPersionCell.swift */ = {isa = PBXFileReference; fileEncoding = 4; lastKnownFileType = sourcecode.swift; path = BMPersionCell.swift; sourceTree = "<group>"; };
		20EEEF32205CE69100D0FED1 /* BMPersionCell.xib */ = {isa = PBXFileReference; fileEncoding = 4; lastKnownFileType = file.xib; path = BMPersionCell.xib; sourceTree = "<group>"; };
		20EEEF33205CE69100D0FED1 /* NoChatCell.swift */ = {isa = PBXFileReference; fileEncoding = 4; lastKnownFileType = sourcecode.swift; path = NoChatCell.swift; sourceTree = "<group>"; };
		20EEEF34205CE69100D0FED1 /* NoChatCell.xib */ = {isa = PBXFileReference; fileEncoding = 4; lastKnownFileType = file.xib; path = NoChatCell.xib; sourceTree = "<group>"; };
		20EEEF3A205CEDC300D0FED1 /* SVPullToRefresh.h */ = {isa = PBXFileReference; fileEncoding = 4; lastKnownFileType = sourcecode.c.h; path = SVPullToRefresh.h; sourceTree = "<group>"; };
		20EEEF3B205CEDC300D0FED1 /* UIScrollView+SVInfiniteScrolling.h */ = {isa = PBXFileReference; fileEncoding = 4; lastKnownFileType = sourcecode.c.h; path = "UIScrollView+SVInfiniteScrolling.h"; sourceTree = "<group>"; };
		20EEEF3C205CEDC300D0FED1 /* UIScrollView+SVInfiniteScrolling.m */ = {isa = PBXFileReference; fileEncoding = 4; lastKnownFileType = sourcecode.c.objc; path = "UIScrollView+SVInfiniteScrolling.m"; sourceTree = "<group>"; };
		20EEEF3D205CEDC300D0FED1 /* UIScrollView+SVPullToRefresh.h */ = {isa = PBXFileReference; fileEncoding = 4; lastKnownFileType = sourcecode.c.h; path = "UIScrollView+SVPullToRefresh.h"; sourceTree = "<group>"; };
		20EEEF3E205CEDC300D0FED1 /* UIScrollView+SVPullToRefresh.m */ = {isa = PBXFileReference; fileEncoding = 4; lastKnownFileType = sourcecode.c.objc; path = "UIScrollView+SVPullToRefresh.m"; sourceTree = "<group>"; };
		20EEEF42205CEE5F00D0FED1 /* LICENSE */ = {isa = PBXFileReference; fileEncoding = 4; lastKnownFileType = text; path = LICENSE; sourceTree = "<group>"; };
		20EEEF43205CEE5F00D0FED1 /* MBProgressHUD.h */ = {isa = PBXFileReference; fileEncoding = 4; lastKnownFileType = sourcecode.c.h; path = MBProgressHUD.h; sourceTree = "<group>"; };
		20EEEF44205CEE5F00D0FED1 /* MBProgressHUD.m */ = {isa = PBXFileReference; fileEncoding = 4; lastKnownFileType = sourcecode.c.objc; path = MBProgressHUD.m; sourceTree = "<group>"; };
		20EEEF45205CEE5F00D0FED1 /* README.mdown */ = {isa = PBXFileReference; fileEncoding = 4; lastKnownFileType = net.daringfireball.markdown; path = README.mdown; sourceTree = "<group>"; };
		20EEEF49205CF24100D0FED1 /* BMRoomChatMsgCell.swift */ = {isa = PBXFileReference; fileEncoding = 4; lastKnownFileType = sourcecode.swift; path = BMRoomChatMsgCell.swift; sourceTree = "<group>"; };
		20EEEF4A205CF24100D0FED1 /* BMRoomChatMsgCell.xib */ = {isa = PBXFileReference; fileEncoding = 4; lastKnownFileType = file.xib; path = BMRoomChatMsgCell.xib; sourceTree = "<group>"; };
		20EEEF4E205CF4A700D0FED1 /* NSData+ImageContentType.h */ = {isa = PBXFileReference; fileEncoding = 4; lastKnownFileType = sourcecode.c.h; path = "NSData+ImageContentType.h"; sourceTree = "<group>"; };
		20EEEF4F205CF4A700D0FED1 /* NSData+ImageContentType.m */ = {isa = PBXFileReference; fileEncoding = 4; lastKnownFileType = sourcecode.c.objc; path = "NSData+ImageContentType.m"; sourceTree = "<group>"; };
		20EEEF50205CF4A700D0FED1 /* SDImageCache.h */ = {isa = PBXFileReference; fileEncoding = 4; lastKnownFileType = sourcecode.c.h; path = SDImageCache.h; sourceTree = "<group>"; };
		20EEEF51205CF4A700D0FED1 /* SDImageCache.m */ = {isa = PBXFileReference; fileEncoding = 4; lastKnownFileType = sourcecode.c.objc; path = SDImageCache.m; sourceTree = "<group>"; };
		20EEEF52205CF4A700D0FED1 /* SDWebImageCompat.h */ = {isa = PBXFileReference; fileEncoding = 4; lastKnownFileType = sourcecode.c.h; path = SDWebImageCompat.h; sourceTree = "<group>"; };
		20EEEF53205CF4A700D0FED1 /* SDWebImageCompat.m */ = {isa = PBXFileReference; fileEncoding = 4; lastKnownFileType = sourcecode.c.objc; path = SDWebImageCompat.m; sourceTree = "<group>"; };
		20EEEF54205CF4A700D0FED1 /* SDWebImageDecoder.h */ = {isa = PBXFileReference; fileEncoding = 4; lastKnownFileType = sourcecode.c.h; path = SDWebImageDecoder.h; sourceTree = "<group>"; };
		20EEEF55205CF4A700D0FED1 /* SDWebImageDecoder.m */ = {isa = PBXFileReference; fileEncoding = 4; lastKnownFileType = sourcecode.c.objc; path = SDWebImageDecoder.m; sourceTree = "<group>"; };
		20EEEF56205CF4A700D0FED1 /* SDWebImageDownloader.h */ = {isa = PBXFileReference; fileEncoding = 4; lastKnownFileType = sourcecode.c.h; path = SDWebImageDownloader.h; sourceTree = "<group>"; };
		20EEEF57205CF4A700D0FED1 /* SDWebImageDownloader.m */ = {isa = PBXFileReference; fileEncoding = 4; lastKnownFileType = sourcecode.c.objc; path = SDWebImageDownloader.m; sourceTree = "<group>"; };
		20EEEF58205CF4A700D0FED1 /* SDWebImageDownloaderOperation.h */ = {isa = PBXFileReference; fileEncoding = 4; lastKnownFileType = sourcecode.c.h; path = SDWebImageDownloaderOperation.h; sourceTree = "<group>"; };
		20EEEF59205CF4A700D0FED1 /* SDWebImageDownloaderOperation.m */ = {isa = PBXFileReference; fileEncoding = 4; lastKnownFileType = sourcecode.c.objc; path = SDWebImageDownloaderOperation.m; sourceTree = "<group>"; };
		20EEEF5A205CF4A700D0FED1 /* SDWebImageManager.h */ = {isa = PBXFileReference; fileEncoding = 4; lastKnownFileType = sourcecode.c.h; path = SDWebImageManager.h; sourceTree = "<group>"; };
		20EEEF5B205CF4A700D0FED1 /* SDWebImageManager.m */ = {isa = PBXFileReference; fileEncoding = 4; lastKnownFileType = sourcecode.c.objc; path = SDWebImageManager.m; sourceTree = "<group>"; };
		20EEEF5C205CF4A700D0FED1 /* SDWebImageOperation.h */ = {isa = PBXFileReference; fileEncoding = 4; lastKnownFileType = sourcecode.c.h; path = SDWebImageOperation.h; sourceTree = "<group>"; };
		20EEEF5D205CF4A700D0FED1 /* SDWebImagePrefetcher.h */ = {isa = PBXFileReference; fileEncoding = 4; lastKnownFileType = sourcecode.c.h; path = SDWebImagePrefetcher.h; sourceTree = "<group>"; };
		20EEEF5E205CF4A700D0FED1 /* SDWebImagePrefetcher.m */ = {isa = PBXFileReference; fileEncoding = 4; lastKnownFileType = sourcecode.c.objc; path = SDWebImagePrefetcher.m; sourceTree = "<group>"; };
		20EEEF5F205CF4A700D0FED1 /* UIButton+WebCache.h */ = {isa = PBXFileReference; fileEncoding = 4; lastKnownFileType = sourcecode.c.h; path = "UIButton+WebCache.h"; sourceTree = "<group>"; };
		20EEEF60205CF4A700D0FED1 /* UIButton+WebCache.m */ = {isa = PBXFileReference; fileEncoding = 4; lastKnownFileType = sourcecode.c.objc; path = "UIButton+WebCache.m"; sourceTree = "<group>"; };
		20EEEF61205CF4A700D0FED1 /* UIImage+GIF.h */ = {isa = PBXFileReference; fileEncoding = 4; lastKnownFileType = sourcecode.c.h; path = "UIImage+GIF.h"; sourceTree = "<group>"; };
		20EEEF62205CF4A700D0FED1 /* UIImage+GIF.m */ = {isa = PBXFileReference; fileEncoding = 4; lastKnownFileType = sourcecode.c.objc; path = "UIImage+GIF.m"; sourceTree = "<group>"; };
		20EEEF63205CF4A700D0FED1 /* UIImage+MultiFormat.h */ = {isa = PBXFileReference; fileEncoding = 4; lastKnownFileType = sourcecode.c.h; path = "UIImage+MultiFormat.h"; sourceTree = "<group>"; };
		20EEEF64205CF4A700D0FED1 /* UIImage+MultiFormat.m */ = {isa = PBXFileReference; fileEncoding = 4; lastKnownFileType = sourcecode.c.objc; path = "UIImage+MultiFormat.m"; sourceTree = "<group>"; };
		20EEEF65205CF4A700D0FED1 /* UIImageView+HighlightedWebCache.h */ = {isa = PBXFileReference; fileEncoding = 4; lastKnownFileType = sourcecode.c.h; path = "UIImageView+HighlightedWebCache.h"; sourceTree = "<group>"; };
		20EEEF66205CF4A700D0FED1 /* UIImageView+HighlightedWebCache.m */ = {isa = PBXFileReference; fileEncoding = 4; lastKnownFileType = sourcecode.c.objc; path = "UIImageView+HighlightedWebCache.m"; sourceTree = "<group>"; };
		20EEEF67205CF4A700D0FED1 /* UIImageView+WebCache.h */ = {isa = PBXFileReference; fileEncoding = 4; lastKnownFileType = sourcecode.c.h; path = "UIImageView+WebCache.h"; sourceTree = "<group>"; };
		20EEEF68205CF4A700D0FED1 /* UIImageView+WebCache.m */ = {isa = PBXFileReference; fileEncoding = 4; lastKnownFileType = sourcecode.c.objc; path = "UIImageView+WebCache.m"; sourceTree = "<group>"; };
		20EEEF69205CF4A700D0FED1 /* UIView+WebCacheOperation.h */ = {isa = PBXFileReference; fileEncoding = 4; lastKnownFileType = sourcecode.c.h; path = "UIView+WebCacheOperation.h"; sourceTree = "<group>"; };
		20EEEF6A205CF4A700D0FED1 /* UIView+WebCacheOperation.m */ = {isa = PBXFileReference; fileEncoding = 4; lastKnownFileType = sourcecode.c.objc; path = "UIView+WebCacheOperation.m"; sourceTree = "<group>"; };
		20F252802056AD7D00339D90 /* BMTabBarController.swift */ = {isa = PBXFileReference; lastKnownFileType = sourcecode.swift; name = BMTabBarController.swift; path = BigmarkerRoomSDK/classes/model/BMTabBarController.swift; sourceTree = "<group>"; };
		20F252812056AD7D00339D90 /* Channel.swift */ = {isa = PBXFileReference; lastKnownFileType = sourcecode.swift; name = Channel.swift; path = BigmarkerRoomSDK/classes/model/Channel.swift; sourceTree = "<group>"; };
		20F252822056AD7D00339D90 /* ClubInfo.swift */ = {isa = PBXFileReference; lastKnownFileType = sourcecode.swift; name = ClubInfo.swift; path = BigmarkerRoomSDK/classes/model/ClubInfo.swift; sourceTree = "<group>"; };
		20F252832056AD7D00339D90 /* ClubInfoView.swift */ = {isa = PBXFileReference; lastKnownFileType = sourcecode.swift; name = ClubInfoView.swift; path = BigmarkerRoomSDK/classes/model/ClubInfoView.swift; sourceTree = "<group>"; };
		20F252842056AD7D00339D90 /* ClubProfile.swift */ = {isa = PBXFileReference; lastKnownFileType = sourcecode.swift; name = ClubProfile.swift; path = BigmarkerRoomSDK/classes/model/ClubProfile.swift; sourceTree = "<group>"; };
		20F252852056AD7D00339D90 /* Community.swift */ = {isa = PBXFileReference; lastKnownFileType = sourcecode.swift; name = Community.swift; path = BigmarkerRoomSDK/classes/model/Community.swift; sourceTree = "<group>"; };
		20F252862056AD7D00339D90 /* Conference.swift */ = {isa = PBXFileReference; lastKnownFileType = sourcecode.swift; name = Conference.swift; path = BigmarkerRoomSDK/classes/model/Conference.swift; sourceTree = "<group>"; };
		20F252872056AD7D00339D90 /* Member.swift */ = {isa = PBXFileReference; lastKnownFileType = sourcecode.swift; name = Member.swift; path = BigmarkerRoomSDK/classes/model/Member.swift; sourceTree = "<group>"; };
		20F252882056AD7D00339D90 /* MemberModel.swift */ = {isa = PBXFileReference; lastKnownFileType = sourcecode.swift; name = MemberModel.swift; path = BigmarkerRoomSDK/classes/model/MemberModel.swift; sourceTree = "<group>"; };
		20F252892056AD7D00339D90 /* Message.swift */ = {isa = PBXFileReference; lastKnownFileType = sourcecode.swift; name = Message.swift; path = BigmarkerRoomSDK/classes/model/Message.swift; sourceTree = "<group>"; };
		20F2528A2056AD7D00339D90 /* Presenter.swift */ = {isa = PBXFileReference; lastKnownFileType = sourcecode.swift; name = Presenter.swift; path = BigmarkerRoomSDK/classes/model/Presenter.swift; sourceTree = "<group>"; };
		20F2528B2056AD7D00339D90 /* Register.swift */ = {isa = PBXFileReference; lastKnownFileType = sourcecode.swift; name = Register.swift; path = BigmarkerRoomSDK/classes/model/Register.swift; sourceTree = "<group>"; };
		20F2528C2056AD7D00339D90 /* Room.swift */ = {isa = PBXFileReference; lastKnownFileType = sourcecode.swift; name = Room.swift; path = BigmarkerRoomSDK/classes/model/Room.swift; sourceTree = "<group>"; };
		20F2528D2056AD7D00339D90 /* RoomInfo.swift */ = {isa = PBXFileReference; lastKnownFileType = sourcecode.swift; name = RoomInfo.swift; path = BigmarkerRoomSDK/classes/model/RoomInfo.swift; sourceTree = "<group>"; };
		20F2528E2056AD7D00339D90 /* ToolHelper.swift */ = {isa = PBXFileReference; lastKnownFileType = sourcecode.swift; name = ToolHelper.swift; path = BigmarkerRoomSDK/classes/model/ToolHelper.swift; sourceTree = "<group>"; };
		20F2528F2056AD7D00339D90 /* UserInfo.swift */ = {isa = PBXFileReference; lastKnownFileType = sourcecode.swift; name = UserInfo.swift; path = BigmarkerRoomSDK/classes/model/UserInfo.swift; sourceTree = "<group>"; };
		20F252A12056ADA700339D90 /* Channel.swift */ = {isa = PBXFileReference; lastKnownFileType = sourcecode.swift; name = Channel.swift; path = classes/model/Channel.swift; sourceTree = "<group>"; };
		20F252A22056ADA700339D90 /* ClubInfo.swift */ = {isa = PBXFileReference; lastKnownFileType = sourcecode.swift; name = ClubInfo.swift; path = classes/model/ClubInfo.swift; sourceTree = "<group>"; };
		20F252A32056ADA700339D90 /* ClubInfoView.swift */ = {isa = PBXFileReference; lastKnownFileType = sourcecode.swift; name = ClubInfoView.swift; path = classes/model/ClubInfoView.swift; sourceTree = "<group>"; };
		20F252A42056ADA700339D90 /* ClubProfile.swift */ = {isa = PBXFileReference; lastKnownFileType = sourcecode.swift; name = ClubProfile.swift; path = classes/model/ClubProfile.swift; sourceTree = "<group>"; };
		20F252A52056ADA700339D90 /* Community.swift */ = {isa = PBXFileReference; lastKnownFileType = sourcecode.swift; name = Community.swift; path = classes/model/Community.swift; sourceTree = "<group>"; };
		20F252A62056ADA700339D90 /* Conference.swift */ = {isa = PBXFileReference; lastKnownFileType = sourcecode.swift; name = Conference.swift; path = classes/model/Conference.swift; sourceTree = "<group>"; };
		20F252A72056ADA700339D90 /* Member.swift */ = {isa = PBXFileReference; lastKnownFileType = sourcecode.swift; name = Member.swift; path = classes/model/Member.swift; sourceTree = "<group>"; };
		20F252A82056ADA700339D90 /* MemberModel.swift */ = {isa = PBXFileReference; lastKnownFileType = sourcecode.swift; name = MemberModel.swift; path = classes/model/MemberModel.swift; sourceTree = "<group>"; };
		20F252A92056ADA700339D90 /* Message.swift */ = {isa = PBXFileReference; lastKnownFileType = sourcecode.swift; name = Message.swift; path = classes/model/Message.swift; sourceTree = "<group>"; };
		20F252AA2056ADA700339D90 /* Presenter.swift */ = {isa = PBXFileReference; lastKnownFileType = sourcecode.swift; name = Presenter.swift; path = classes/model/Presenter.swift; sourceTree = "<group>"; };
		20F252AB2056ADA700339D90 /* Register.swift */ = {isa = PBXFileReference; lastKnownFileType = sourcecode.swift; name = Register.swift; path = classes/model/Register.swift; sourceTree = "<group>"; };
		20F252AC2056ADA700339D90 /* Room.swift */ = {isa = PBXFileReference; lastKnownFileType = sourcecode.swift; name = Room.swift; path = classes/model/Room.swift; sourceTree = "<group>"; };
		20F252AD2056ADA700339D90 /* RoomInfo.swift */ = {isa = PBXFileReference; lastKnownFileType = sourcecode.swift; name = RoomInfo.swift; path = classes/model/RoomInfo.swift; sourceTree = "<group>"; };
		20F252AE2056ADA700339D90 /* ToolHelper.swift */ = {isa = PBXFileReference; lastKnownFileType = sourcecode.swift; name = ToolHelper.swift; path = classes/model/ToolHelper.swift; sourceTree = "<group>"; };
		20F252AF2056ADA700339D90 /* UserInfo.swift */ = {isa = PBXFileReference; lastKnownFileType = sourcecode.swift; name = UserInfo.swift; path = classes/model/UserInfo.swift; sourceTree = "<group>"; };
		20F252C02056B03800339D90 /* BMVideoViewController.swift */ = {isa = PBXFileReference; fileEncoding = 4; lastKnownFileType = sourcecode.swift; path = BMVideoViewController.swift; sourceTree = "<group>"; };
		20F252C22056B04B00339D90 /* BMMessageViewController.swift */ = {isa = PBXFileReference; fileEncoding = 4; lastKnownFileType = sourcecode.swift; path = BMMessageViewController.swift; sourceTree = "<group>"; };
		20F252C62056B15800339D90 /* BMTabBarController.swift */ = {isa = PBXFileReference; fileEncoding = 4; lastKnownFileType = sourcecode.swift; name = BMTabBarController.swift; path = classes/controller/BMTabBarController.swift; sourceTree = "<group>"; };
		20F252D32056CACB00339D90 /* BMNavView.swift */ = {isa = PBXFileReference; fileEncoding = 4; lastKnownFileType = sourcecode.swift; path = BMNavView.swift; sourceTree = "<group>"; };
		20FE3078205EA9F900D2EBE6 /* SegmentedView.swift */ = {isa = PBXFileReference; fileEncoding = 4; lastKnownFileType = sourcecode.swift; path = SegmentedView.swift; sourceTree = "<group>"; };
		20FE307B205EAA2300D2EBE6 /* HMSegmentedControl.h */ = {isa = PBXFileReference; fileEncoding = 4; lastKnownFileType = sourcecode.c.h; path = HMSegmentedControl.h; sourceTree = "<group>"; };
		20FE307C205EAA2300D2EBE6 /* HMSegmentedControl.m */ = {isa = PBXFileReference; fileEncoding = 4; lastKnownFileType = sourcecode.c.objc; path = HMSegmentedControl.m; sourceTree = "<group>"; };
/* End PBXFileReference section */

/* Begin PBXFrameworksBuildPhase section */
		203992B820564DE20058A8DC /* Frameworks */ = {
			isa = PBXFrameworksBuildPhase;
			buildActionMask = 2147483647;
			files = (
				202B806F2056A9DC00C1067C /* libMQTTKit.a in Frameworks */,
				203992D1205651F80058A8DC /* BMroomSDK.framework in Frameworks */,
				203992D3205652160058A8DC /* WebRTC.framework in Frameworks */,
			);
			runOnlyForDeploymentPostprocessing = 0;
		};
/* End PBXFrameworksBuildPhase section */

/* Begin PBXGroup section */
		200E5EE4205B94D2003521DC /* newUI */ = {
			isa = PBXGroup;
			children = (
				200E5EF5205B951E003521DC /* AudioViewCell.swift */,
				200E5EF3205B9512003521DC /* AudioViewUI.swift */,
				200E5EF1205B950B003521DC /* SettingView.swift */,
				200E5EEF205B9503003521DC /* ColorView.swift */,
				200E5EED205B94FD003521DC /* WhiteBoardColorToolView.swift */,
				200E5EEB205B94F6003521DC /* WhiteBoardToolView.swift */,
				200E5EE9205B94EE003521DC /* WhiteBoardView.swift */,
				200E5EE7205B94E7003521DC /* MyView.swift */,
				200E5EE5205B94DF003521DC /* ScreenShareView.swift */,
			);
			name = newUI;
			sourceTree = "<group>";
		};
		200E5F2B205B993C003521DC /* Masonry */ = {
			isa = PBXGroup;
			children = (
				200E5F2C205B993C003521DC /* MASCompositeConstraint.h */,
				200E5F2D205B993C003521DC /* MASCompositeConstraint.m */,
				200E5F2E205B993C003521DC /* MASConstraint+Private.h */,
				200E5F2F205B993C003521DC /* MASConstraint.h */,
				200E5F30205B993C003521DC /* MASConstraint.m */,
				200E5F31205B993C003521DC /* MASConstraintMaker.h */,
				200E5F32205B993C003521DC /* MASConstraintMaker.m */,
				200E5F33205B993C003521DC /* MASLayoutConstraint.h */,
				200E5F34205B993C003521DC /* MASLayoutConstraint.m */,
				200E5F35205B993C003521DC /* Masonry.h */,
				200E5F36205B993C003521DC /* MASUtilities.h */,
				200E5F37205B993C003521DC /* MASViewAttribute.h */,
				200E5F38205B993C003521DC /* MASViewAttribute.m */,
				200E5F39205B993C003521DC /* MASViewConstraint.h */,
				200E5F3A205B993C003521DC /* MASViewConstraint.m */,
				200E5F3B205B993C003521DC /* NSArray+MASAdditions.h */,
				200E5F3C205B993C003521DC /* NSArray+MASAdditions.m */,
				200E5F3D205B993C003521DC /* NSArray+MASShorthandAdditions.h */,
				200E5F3E205B993C003521DC /* NSLayoutConstraint+MASDebugAdditions.h */,
				200E5F3F205B993C003521DC /* NSLayoutConstraint+MASDebugAdditions.m */,
				200E5F40205B993C003521DC /* View+MASAdditions.h */,
				200E5F41205B993C003521DC /* View+MASAdditions.m */,
				200E5F42205B993C003521DC /* View+MASShorthandAdditions.h */,
				200E5F43205B993C003521DC /* ViewController+MASAdditions.h */,
				200E5F44205B993C003521DC /* ViewController+MASAdditions.m */,
			);
			path = Masonry;
			sourceTree = "<group>";
		};
		200E5F5E205B998C003521DC /* CWStatusBarNotification */ = {
			isa = PBXGroup;
			children = (
				200E5F66205B9AB5003521DC /* CWStatusBarNotification.m */,
				200E5F64205B9A96003521DC /* CWStatusBarNotification.m */,
				200E5F5F205B998C003521DC /* CWStatusBarNotification.h */,
			);
			path = CWStatusBarNotification;
			sourceTree = "<group>";
		};
		20191BA12057C16500FD0889 /* cell */ = {
			isa = PBXGroup;
			children = (
				201D6755205D5C9A000BB6F2 /* AttendeeViewLockedCell.swift */,
				201D6756205D5C9A000BB6F2 /* AttendeeViewLockedCell.xib */,
				20EEEF49205CF24100D0FED1 /* BMRoomChatMsgCell.swift */,
				20EEEF4A205CF24100D0FED1 /* BMRoomChatMsgCell.xib */,
				20EEEF31205CE69100D0FED1 /* BMPersionCell.swift */,
				20EEEF32205CE69100D0FED1 /* BMPersionCell.xib */,
				20EEEF33205CE69100D0FED1 /* NoChatCell.swift */,
				20EEEF34205CE69100D0FED1 /* NoChatCell.xib */,
				20191BA22057C19F00FD0889 /* NoVideoCell.swift */,
				20191BA32057C19F00FD0889 /* NoVideoCell.xib */,
			);
			name = cell;
			sourceTree = "<group>";
		};
		201A8360205C2494006CE5BE /* PopoverView */ = {
			isa = PBXGroup;
			children = (
				201A8361205C2494006CE5BE /* PopoverAction.h */,
				201A8362205C2494006CE5BE /* PopoverAction.m */,
				201A8363205C2494006CE5BE /* PopoverView.h */,
				201A8364205C2494006CE5BE /* PopoverView.m */,
				201A8365205C2494006CE5BE /* PopoverViewCell.h */,
				201A8366205C2494006CE5BE /* PopoverViewCell.m */,
			);
			path = PopoverView;
			sourceTree = "<group>";
		};
		202B806D2056A9DC00C1067C /* Frameworks */ = {
			isa = PBXGroup;
			children = (
				20F252802056AD7D00339D90 /* BMTabBarController.swift */,
				20F252812056AD7D00339D90 /* Channel.swift */,
				20F252822056AD7D00339D90 /* ClubInfo.swift */,
				20F252832056AD7D00339D90 /* ClubInfoView.swift */,
				20F252842056AD7D00339D90 /* ClubProfile.swift */,
				20F252852056AD7D00339D90 /* Community.swift */,
				20F252862056AD7D00339D90 /* Conference.swift */,
				20F252872056AD7D00339D90 /* Member.swift */,
				20F252882056AD7D00339D90 /* MemberModel.swift */,
				20F252892056AD7D00339D90 /* Message.swift */,
				20F2528A2056AD7D00339D90 /* Presenter.swift */,
				20F2528B2056AD7D00339D90 /* Register.swift */,
				20F2528C2056AD7D00339D90 /* Room.swift */,
				20F2528D2056AD7D00339D90 /* RoomInfo.swift */,
				20F2528E2056AD7D00339D90 /* ToolHelper.swift */,
				20F2528F2056AD7D00339D90 /* UserInfo.swift */,
				202B806E2056A9DC00C1067C /* libMQTTKit.a */,
			);
			name = Frameworks;
			sourceTree = "<group>";
		};
		203992B220564DE20058A8DC = {
			isa = PBXGroup;
			children = (
				20FE307A205EAA2300D2EBE6 /* HMSegmentedControl */,
				20EEEF4D205CF4A700D0FED1 /* SDWebImage */,
				20EEEF41205CEE5F00D0FED1 /* MBProgressHUD */,
				20EEEF39205CEDC300D0FED1 /* SVPullToRefresh */,
				201A8360205C2494006CE5BE /* PopoverView */,
				200E5F5E205B998C003521DC /* CWStatusBarNotification */,
				200E5F2B205B993C003521DC /* Masonry */,
				202B806A2056A98000C1067C /* MQTTKit */,
				203992D2205652160058A8DC /* WebRTC.framework */,
				203992D0205651F80058A8DC /* BMroomSDK.framework */,
				203992BD20564DE20058A8DC /* BigmarkerRoomSDK */,
				203992BC20564DE20058A8DC /* Products */,
				202B806D2056A9DC00C1067C /* Frameworks */,
			);
			sourceTree = "<group>";
		};
		203992BC20564DE20058A8DC /* Products */ = {
			isa = PBXGroup;
			children = (
				203992BB20564DE20058A8DC /* BigmarkerRoomSDK.app */,
			);
			name = Products;
			sourceTree = "<group>";
		};
		203992BD20564DE20058A8DC /* BigmarkerRoomSDK */ = {
			isa = PBXGroup;
			children = (
				20F252C82056B16200339D90 /* classess */,
				2011B59F20565B6C00C3C5AF /* classes */,
				203992BE20564DE20058A8DC /* AppDelegate.swift */,
				203992C020564DE20058A8DC /* ViewController.swift */,
				203992C220564DE20058A8DC /* Main.storyboard */,
				203992C520564DE20058A8DC /* Assets.xcassets */,
				2011B5A120565C4800C3C5AF /* Bridge-Header.h */,
				203992C720564DE20058A8DC /* LaunchScreen.storyboard */,
				203992CA20564DE20058A8DC /* Info.plist */,
			);
			path = BigmarkerRoomSDK;
			sourceTree = "<group>";
		};
		20EEEF39205CEDC300D0FED1 /* SVPullToRefresh */ = {
			isa = PBXGroup;
			children = (
				20EEEF3A205CEDC300D0FED1 /* SVPullToRefresh.h */,
				20EEEF3B205CEDC300D0FED1 /* UIScrollView+SVInfiniteScrolling.h */,
				20EEEF3C205CEDC300D0FED1 /* UIScrollView+SVInfiniteScrolling.m */,
				20EEEF3D205CEDC300D0FED1 /* UIScrollView+SVPullToRefresh.h */,
				20EEEF3E205CEDC300D0FED1 /* UIScrollView+SVPullToRefresh.m */,
			);
			path = SVPullToRefresh;
			sourceTree = "<group>";
		};
		20EEEF41205CEE5F00D0FED1 /* MBProgressHUD */ = {
			isa = PBXGroup;
			children = (
				20EEEF42205CEE5F00D0FED1 /* LICENSE */,
				20EEEF43205CEE5F00D0FED1 /* MBProgressHUD.h */,
				20EEEF44205CEE5F00D0FED1 /* MBProgressHUD.m */,
				20EEEF45205CEE5F00D0FED1 /* README.mdown */,
			);
			path = MBProgressHUD;
			sourceTree = "<group>";
		};
		20EEEF4D205CF4A700D0FED1 /* SDWebImage */ = {
			isa = PBXGroup;
			children = (
				20EEEF4E205CF4A700D0FED1 /* NSData+ImageContentType.h */,
				20EEEF4F205CF4A700D0FED1 /* NSData+ImageContentType.m */,
				20EEEF50205CF4A700D0FED1 /* SDImageCache.h */,
				20EEEF51205CF4A700D0FED1 /* SDImageCache.m */,
				20EEEF52205CF4A700D0FED1 /* SDWebImageCompat.h */,
				20EEEF53205CF4A700D0FED1 /* SDWebImageCompat.m */,
				20EEEF54205CF4A700D0FED1 /* SDWebImageDecoder.h */,
				20EEEF55205CF4A700D0FED1 /* SDWebImageDecoder.m */,
				20EEEF56205CF4A700D0FED1 /* SDWebImageDownloader.h */,
				20EEEF57205CF4A700D0FED1 /* SDWebImageDownloader.m */,
				20EEEF58205CF4A700D0FED1 /* SDWebImageDownloaderOperation.h */,
				20EEEF59205CF4A700D0FED1 /* SDWebImageDownloaderOperation.m */,
				20EEEF5A205CF4A700D0FED1 /* SDWebImageManager.h */,
				20EEEF5B205CF4A700D0FED1 /* SDWebImageManager.m */,
				20EEEF5C205CF4A700D0FED1 /* SDWebImageOperation.h */,
				20EEEF5D205CF4A700D0FED1 /* SDWebImagePrefetcher.h */,
				20EEEF5E205CF4A700D0FED1 /* SDWebImagePrefetcher.m */,
				20EEEF5F205CF4A700D0FED1 /* UIButton+WebCache.h */,
				20EEEF60205CF4A700D0FED1 /* UIButton+WebCache.m */,
				20EEEF61205CF4A700D0FED1 /* UIImage+GIF.h */,
				20EEEF62205CF4A700D0FED1 /* UIImage+GIF.m */,
				20EEEF63205CF4A700D0FED1 /* UIImage+MultiFormat.h */,
				20EEEF64205CF4A700D0FED1 /* UIImage+MultiFormat.m */,
				20EEEF65205CF4A700D0FED1 /* UIImageView+HighlightedWebCache.h */,
				20EEEF66205CF4A700D0FED1 /* UIImageView+HighlightedWebCache.m */,
				20EEEF67205CF4A700D0FED1 /* UIImageView+WebCache.h */,
				20EEEF68205CF4A700D0FED1 /* UIImageView+WebCache.m */,
				20EEEF69205CF4A700D0FED1 /* UIView+WebCacheOperation.h */,
				20EEEF6A205CF4A700D0FED1 /* UIView+WebCacheOperation.m */,
			);
			path = SDWebImage;
			sourceTree = "<group>";
		};
		20F252C82056B16200339D90 /* classess */ = {
			isa = PBXGroup;
			children = (
				20191BA12057C16500FD0889 /* cell */,
				20F252D22056CAC300339D90 /* view */,
				20F252D12056CA9A00339D90 /* model */,
				20F252D02056CA9300339D90 /* controller */,
			);
			name = classess;
			sourceTree = "<group>";
		};
		20F252D02056CA9300339D90 /* controller */ = {
			isa = PBXGroup;
			children = (
				20EEEF2B205CAEAA00D0FED1 /* BMChatListViewController.swift */,
				20F252C62056B15800339D90 /* BMTabBarController.swift */,
				20F252C02056B03800339D90 /* BMVideoViewController.swift */,
				20F252C22056B04B00339D90 /* BMMessageViewController.swift */,
				20EEEF2D205CAEB300D0FED1 /* BMPeopleViewController.swift */,
				204FB1BC205F5E0600BCF81B /* BMMsgBaseViewController.swift */,
			);
			name = controller;
			sourceTree = "<group>";
		};
		20F252D12056CA9A00339D90 /* model */ = {
			isa = PBXGroup;
			children = (
				20FE3078205EA9F900D2EBE6 /* SegmentedView.swift */,
				200E5F6F205BA9F0003521DC /* WhiteboardDrawModel.swift */,
				200E5F6D205BA8FD003521DC /* CoordinateModel.swift */,
				200E5F6B205BA8D6003521DC /* DrawSizeModel.swift */,
				200E5F69205BA896003521DC /* DrawPositionModel.swift */,
				200E5F67205BA841003521DC /* DrawColorModel.swift */,
				20359EF6205829080081A8B9 /* NetworkTools.swift */,
				20359EF4205824DC0081A8B9 /* BigRoomBase.swift */,
				20191B962057A72000FD0889 /* ArrayExt.swift */,
				20191B8C20577E5700FD0889 /* Constant.swift */,
				20F252A12056ADA700339D90 /* Channel.swift */,
				20F252A22056ADA700339D90 /* ClubInfo.swift */,
				20F252A32056ADA700339D90 /* ClubInfoView.swift */,
				20F252A42056ADA700339D90 /* ClubProfile.swift */,
				20F252A52056ADA700339D90 /* Community.swift */,
				20F252A62056ADA700339D90 /* Conference.swift */,
				20F252A72056ADA700339D90 /* Member.swift */,
				20F252A82056ADA700339D90 /* MemberModel.swift */,
				20F252A92056ADA700339D90 /* Message.swift */,
				20F252AA2056ADA700339D90 /* Presenter.swift */,
				20F252AB2056ADA700339D90 /* Register.swift */,
				20F252AC2056ADA700339D90 /* Room.swift */,
				20F252AD2056ADA700339D90 /* RoomInfo.swift */,
				20F252AE2056ADA700339D90 /* ToolHelper.swift */,
				20F252AF2056ADA700339D90 /* UserInfo.swift */,
			);
			name = model;
			sourceTree = "<group>";
		};
		20F252D22056CAC300339D90 /* view */ = {
			isa = PBXGroup;
			children = (
				204FB1BA205F55B100BCF81B /* MessageInputView.xib */,
				20EEEF2F205CC34800D0FED1 /* MessageInputView.swift */,
				200E5EE4205B94D2003521DC /* newUI */,
				20191BA62057C22500FD0889 /* LoadingView.swift */,
				20191B982057ABDB00FD0889 /* NoticeView.swift */,
				20191B942057A51F00FD0889 /* VideoUserInfo.swift */,
				20191B922057A45200FD0889 /* VideoBottomUserInfoView.swift */,
				20191B902057A42E00FD0889 /* VideoInfo.swift */,
				20191B8E2057A40C00FD0889 /* VideoInfoView.swift */,
				20191B8A205775A800FD0889 /* VideoPannelView.swift */,
				20F252D32056CACB00339D90 /* BMNavView.swift */,
			);
			name = view;
			sourceTree = "<group>";
		};
		20FE307A205EAA2300D2EBE6 /* HMSegmentedControl */ = {
			isa = PBXGroup;
			children = (
				20FE307B205EAA2300D2EBE6 /* HMSegmentedControl.h */,
				20FE307C205EAA2300D2EBE6 /* HMSegmentedControl.m */,
			);
			path = HMSegmentedControl;
			sourceTree = "<group>";
		};
/* End PBXGroup section */

/* Begin PBXNativeTarget section */
		203992BA20564DE20058A8DC /* BigmarkerRoomSDK */ = {
			isa = PBXNativeTarget;
			buildConfigurationList = 203992CD20564DE20058A8DC /* Build configuration list for PBXNativeTarget "BigmarkerRoomSDK" */;
			buildPhases = (
				203992B720564DE20058A8DC /* Sources */,
				203992B820564DE20058A8DC /* Frameworks */,
				203992B920564DE20058A8DC /* Resources */,
				20F063092056533300DFBEF1 /* CopyFiles */,
				20F0630C205653B700DFBEF1 /* Embed Frameworks */,
			);
			buildRules = (
			);
			dependencies = (
			);
			name = BigmarkerRoomSDK;
			productName = BigmarkerRoomSDK;
			productReference = 203992BB20564DE20058A8DC /* BigmarkerRoomSDK.app */;
			productType = "com.apple.product-type.application";
		};
/* End PBXNativeTarget section */

/* Begin PBXProject section */
		203992B320564DE20058A8DC /* Project object */ = {
			isa = PBXProject;
			attributes = {
				LastSwiftUpdateCheck = 0820;
				LastUpgradeCheck = 0820;
				ORGANIZATIONNAME = bigmarker;
				TargetAttributes = {
					203992BA20564DE20058A8DC = {
						CreatedOnToolsVersion = 8.2;
						DevelopmentTeam = LDJ79JV2CS;
						ProvisioningStyle = Automatic;
					};
				};
			};
			buildConfigurationList = 203992B620564DE20058A8DC /* Build configuration list for PBXProject "BigmarkerRoomSDK" */;
			compatibilityVersion = "Xcode 3.2";
			developmentRegion = English;
			hasScannedForEncodings = 0;
			knownRegions = (
				en,
				Base,
			);
			mainGroup = 203992B220564DE20058A8DC;
			productRefGroup = 203992BC20564DE20058A8DC /* Products */;
			projectDirPath = "";
			projectRoot = "";
			targets = (
				203992BA20564DE20058A8DC /* BigmarkerRoomSDK */,
			);
		};
/* End PBXProject section */

/* Begin PBXResourcesBuildPhase section */
		203992B920564DE20058A8DC /* Resources */ = {
			isa = PBXResourcesBuildPhase;
			buildActionMask = 2147483647;
			files = (
				2011B5A020565B6C00C3C5AF /* classes in Resources */,
				203992C920564DE20058A8DC /* LaunchScreen.storyboard in Resources */,
				20191BA52057C19F00FD0889 /* NoVideoCell.xib in Resources */,
				203992C620564DE20058A8DC /* Assets.xcassets in Resources */,
				20EEEF38205CE69100D0FED1 /* NoChatCell.xib in Resources */,
				201D6758205D5C9A000BB6F2 /* AttendeeViewLockedCell.xib in Resources */,
				202B806B2056A98000C1067C /* MQTTKit in Resources */,
				20EEEF46205CEE5F00D0FED1 /* LICENSE in Resources */,
				20EEEF4C205CF24100D0FED1 /* BMRoomChatMsgCell.xib in Resources */,
				204FB1BB205F55B100BCF81B /* MessageInputView.xib in Resources */,
				203992C420564DE20058A8DC /* Main.storyboard in Resources */,
				20EEEF36205CE69100D0FED1 /* BMPersionCell.xib in Resources */,
			);
			runOnlyForDeploymentPostprocessing = 0;
		};
/* End PBXResourcesBuildPhase section */

/* Begin PBXSourcesBuildPhase section */
		203992B720564DE20058A8DC /* Sources */ = {
			isa = PBXSourcesBuildPhase;
			buildActionMask = 2147483647;
			files = (
				20FE307E205EAA2A00D2EBE6 /* HMSegmentedControl.h in Sources */,
				201D6759205D652B000BB6F2 /* NSData+ImageContentType.h in Sources */,
				20FE3079205EA9F900D2EBE6 /* SegmentedView.swift in Sources */,
				201D675A205D652B000BB6F2 /* SDImageCache.h in Sources */,
				201D675B205D652B000BB6F2 /* SDWebImageCompat.h in Sources */,
				201D675C205D652B000BB6F2 /* SDWebImageDecoder.h in Sources */,
				201D675D205D652B000BB6F2 /* SDWebImageDownloader.h in Sources */,
				201D675E205D652B000BB6F2 /* SDWebImageDownloaderOperation.h in Sources */,
				201D675F205D652B000BB6F2 /* SDWebImageManager.h in Sources */,
				201D6760205D652B000BB6F2 /* SDWebImageOperation.h in Sources */,
				201D6761205D652B000BB6F2 /* SDWebImagePrefetcher.h in Sources */,
				201D6762205D652B000BB6F2 /* UIButton+WebCache.h in Sources */,
				201D6763205D652B000BB6F2 /* UIImage+GIF.h in Sources */,
				201D6764205D652B000BB6F2 /* UIImage+MultiFormat.h in Sources */,
				201D6765205D652B000BB6F2 /* UIImageView+HighlightedWebCache.h in Sources */,
				201D6766205D652B000BB6F2 /* UIView+WebCacheOperation.h in Sources */,
				20EEEF79205CF4FB00D0FED1 /* UIImageView+WebCache.h in Sources */,
				20EEEF2C205CAEAA00D0FED1 /* BMChatListViewController.swift in Sources */,
				201A836A205C249D006CE5BE /* PopoverAction.h in Sources */,
				20EEEF37205CE69100D0FED1 /* NoChatCell.swift in Sources */,
				201A836B205C249D006CE5BE /* PopoverView.h in Sources */,
				20EEEF72205CF4A700D0FED1 /* SDWebImagePrefetcher.m in Sources */,
				201A836C205C249D006CE5BE /* PopoverViewCell.h in Sources */,
				200E5F62205B9A51003521DC /* CWStatusBarNotification.h in Sources */,
				200E5F65205B9A96003521DC /* CWStatusBarNotification.m in Sources */,
				200E5F4F205B9950003521DC /* MASCompositeConstraint.h in Sources */,
				201A8369205C2494006CE5BE /* PopoverViewCell.m in Sources */,
				200E5F50205B9950003521DC /* MASConstraint+Private.h in Sources */,
				200E5F51205B9950003521DC /* MASConstraint.h in Sources */,
				200E5F52205B9950003521DC /* MASConstraintMaker.h in Sources */,
				200E5F53205B9950003521DC /* MASLayoutConstraint.h in Sources */,
				20EEEF6D205CF4A700D0FED1 /* SDWebImageCompat.m in Sources */,
				20EEEF6F205CF4A700D0FED1 /* SDWebImageDownloader.m in Sources */,
				20EEEF48205CEE5F00D0FED1 /* README.mdown in Sources */,
				20EEEF75205CF4A700D0FED1 /* UIImage+MultiFormat.m in Sources */,
				200E5F68205BA841003521DC /* DrawColorModel.swift in Sources */,
				200E5F54205B9950003521DC /* Masonry.h in Sources */,
				20EEEF73205CF4A700D0FED1 /* UIButton+WebCache.m in Sources */,
				200E5F55205B9950003521DC /* MASUtilities.h in Sources */,
				201A8368205C2494006CE5BE /* PopoverView.m in Sources */,
				200E5F56205B9950003521DC /* MASViewAttribute.h in Sources */,
				200E5F57205B9950003521DC /* MASViewConstraint.h in Sources */,
				200E5F58205B9950003521DC /* NSArray+MASAdditions.h in Sources */,
				200E5F59205B9950003521DC /* NSArray+MASShorthandAdditions.h in Sources */,
				20FE307D205EAA2300D2EBE6 /* HMSegmentedControl.m in Sources */,
				200E5F5A205B9950003521DC /* NSLayoutConstraint+MASDebugAdditions.h in Sources */,
				200E5F5B205B9950003521DC /* View+MASAdditions.h in Sources */,
				200E5F5C205B9950003521DC /* View+MASShorthandAdditions.h in Sources */,
				204FB1BD205F5E0600BCF81B /* BMMsgBaseViewController.swift in Sources */,
				200E5F5D205B9950003521DC /* ViewController+MASAdditions.h in Sources */,
				200E5EEE205B94FD003521DC /* WhiteBoardColorToolView.swift in Sources */,
				200E5EF6205B951E003521DC /* AudioViewCell.swift in Sources */,
				200E5F48205B993C003521DC /* MASLayoutConstraint.m in Sources */,
				200E5F45205B993C003521DC /* MASCompositeConstraint.m in Sources */,
				200E5EF2205B950B003521DC /* SettingView.swift in Sources */,
				200E5F46205B993C003521DC /* MASConstraint.m in Sources */,
				200E5F6C205BA8D6003521DC /* DrawSizeModel.swift in Sources */,
				200E5F49205B993C003521DC /* MASViewAttribute.m in Sources */,
				20F252B12056ADA700339D90 /* Channel.swift in Sources */,
				20F252B22056ADA700339D90 /* ClubInfo.swift in Sources */,
				200E5F47205B993C003521DC /* MASConstraintMaker.m in Sources */,
				20F252B32056ADA700339D90 /* ClubInfoView.swift in Sources */,
				20EEEF71205CF4A700D0FED1 /* SDWebImageManager.m in Sources */,
				20EEEF3F205CEDC300D0FED1 /* UIScrollView+SVInfiniteScrolling.m in Sources */,
				201A8367205C2494006CE5BE /* PopoverAction.m in Sources */,
				20F252B42056ADA700339D90 /* ClubProfile.swift in Sources */,
				200E5EF4205B9512003521DC /* AudioViewUI.swift in Sources */,
				200E5F4A205B993C003521DC /* MASViewConstraint.m in Sources */,
				20EEEF6E205CF4A700D0FED1 /* SDWebImageDecoder.m in Sources */,
				20F252B52056ADA700339D90 /* Community.swift in Sources */,
				20EEEF40205CEDC300D0FED1 /* UIScrollView+SVPullToRefresh.m in Sources */,
				20EEEF4B205CF24100D0FED1 /* BMRoomChatMsgCell.swift in Sources */,
				20359EF7205829080081A8B9 /* NetworkTools.swift in Sources */,
				20191B972057A72000FD0889 /* ArrayExt.swift in Sources */,
				20F252B62056ADA700339D90 /* Conference.swift in Sources */,
				20EEEF47205CEE5F00D0FED1 /* MBProgressHUD.m in Sources */,
				200E5EE8205B94E7003521DC /* MyView.swift in Sources */,
				20F252B72056ADA700339D90 /* Member.swift in Sources */,
				20F252B82056ADA700339D90 /* MemberModel.swift in Sources */,
				20191B932057A45200FD0889 /* VideoBottomUserInfoView.swift in Sources */,
				20EEEF77205CF4A700D0FED1 /* UIImageView+WebCache.m in Sources */,
				20F252B92056ADA700339D90 /* Message.swift in Sources */,
				200E5F6E205BA8FD003521DC /* CoordinateModel.swift in Sources */,
				20F252BA2056ADA700339D90 /* Presenter.swift in Sources */,
				20359EF5205824DC0081A8B9 /* BigRoomBase.swift in Sources */,
				20191B992057ABDB00FD0889 /* NoticeView.swift in Sources */,
				20191B8D20577E5700FD0889 /* Constant.swift in Sources */,
				200E5F4D205B993C003521DC /* View+MASAdditions.m in Sources */,
				20EEEF6B205CF4A700D0FED1 /* NSData+ImageContentType.m in Sources */,
				200E5F4B205B993C003521DC /* NSArray+MASAdditions.m in Sources */,
				20F252C72056B15800339D90 /* BMTabBarController.swift in Sources */,
				200E5F70205BA9F0003521DC /* WhiteboardDrawModel.swift in Sources */,
				20191B8F2057A40C00FD0889 /* VideoInfoView.swift in Sources */,
				20F252BB2056ADA700339D90 /* Register.swift in Sources */,
				20EEEF76205CF4A700D0FED1 /* UIImageView+HighlightedWebCache.m in Sources */,
				20F252BC2056ADA700339D90 /* Room.swift in Sources */,
				20EEEF35205CE69100D0FED1 /* BMPersionCell.swift in Sources */,
				200E5F6A205BA896003521DC /* DrawPositionModel.swift in Sources */,
				200E5EEA205B94EE003521DC /* WhiteBoardView.swift in Sources */,
				20EEEF70205CF4A700D0FED1 /* SDWebImageDownloaderOperation.m in Sources */,
				201D6757205D5C9A000BB6F2 /* AttendeeViewLockedCell.swift in Sources */,
				20191B952057A51F00FD0889 /* VideoUserInfo.swift in Sources */,
				20F252BD2056ADA700339D90 /* RoomInfo.swift in Sources */,
				20EEEF74205CF4A700D0FED1 /* UIImage+GIF.m in Sources */,
				20F252C12056B03800339D90 /* BMVideoViewController.swift in Sources */,
				20F252C32056B04B00339D90 /* BMMessageViewController.swift in Sources */,
				200E5F4C205B993C003521DC /* NSLayoutConstraint+MASDebugAdditions.m in Sources */,
				20EEEF2E205CAEB300D0FED1 /* BMPeopleViewController.swift in Sources */,
				200E5EE6205B94DF003521DC /* ScreenShareView.swift in Sources */,
				20F252BE2056ADA700339D90 /* ToolHelper.swift in Sources */,
				20F252D42056CACB00339D90 /* BMNavView.swift in Sources */,
				20EEEF78205CF4A700D0FED1 /* UIView+WebCacheOperation.m in Sources */,
				20191BA42057C19F00FD0889 /* NoVideoCell.swift in Sources */,
				200E5EEC205B94F6003521DC /* WhiteBoardToolView.swift in Sources */,
				20191B8B205775A800FD0889 /* VideoPannelView.swift in Sources */,
				20F252BF2056ADA700339D90 /* UserInfo.swift in Sources */,
				20191B912057A42E00FD0889 /* VideoInfo.swift in Sources */,
				200E5EF0205B9503003521DC /* ColorView.swift in Sources */,
				200E5F4E205B993C003521DC /* ViewController+MASAdditions.m in Sources */,
				20EEEF6C205CF4A700D0FED1 /* SDImageCache.m in Sources */,
				20EEEF30205CC34800D0FED1 /* MessageInputView.swift in Sources */,
				203992C120564DE20058A8DC /* ViewController.swift in Sources */,
				20191BA72057C22500FD0889 /* LoadingView.swift in Sources */,
				203992BF20564DE20058A8DC /* AppDelegate.swift in Sources */,
			);
			runOnlyForDeploymentPostprocessing = 0;
		};
/* End PBXSourcesBuildPhase section */

/* Begin PBXVariantGroup section */
		203992C220564DE20058A8DC /* Main.storyboard */ = {
			isa = PBXVariantGroup;
			children = (
				203992C320564DE20058A8DC /* Base */,
			);
			name = Main.storyboard;
			sourceTree = "<group>";
		};
		203992C720564DE20058A8DC /* LaunchScreen.storyboard */ = {
			isa = PBXVariantGroup;
			children = (
				203992C820564DE20058A8DC /* Base */,
			);
			name = LaunchScreen.storyboard;
			sourceTree = "<group>";
		};
/* End PBXVariantGroup section */

/* Begin XCBuildConfiguration section */
		203992CB20564DE20058A8DC /* Debug */ = {
			isa = XCBuildConfiguration;
			buildSettings = {
				ALWAYS_SEARCH_USER_PATHS = NO;
				CLANG_ANALYZER_NONNULL = YES;
				CLANG_CXX_LANGUAGE_STANDARD = "gnu++0x";
				CLANG_CXX_LIBRARY = "libc++";
				CLANG_ENABLE_MODULES = YES;
				CLANG_ENABLE_OBJC_ARC = YES;
				CLANG_WARN_BOOL_CONVERSION = YES;
				CLANG_WARN_CONSTANT_CONVERSION = YES;
				CLANG_WARN_DIRECT_OBJC_ISA_USAGE = YES_ERROR;
				CLANG_WARN_DOCUMENTATION_COMMENTS = YES;
				CLANG_WARN_EMPTY_BODY = YES;
				CLANG_WARN_ENUM_CONVERSION = YES;
				CLANG_WARN_INFINITE_RECURSION = YES;
				CLANG_WARN_INT_CONVERSION = YES;
				CLANG_WARN_OBJC_ROOT_CLASS = YES_ERROR;
				CLANG_WARN_SUSPICIOUS_MOVE = YES;
				CLANG_WARN_UNREACHABLE_CODE = YES;
				CLANG_WARN__DUPLICATE_METHOD_MATCH = YES;
				"CODE_SIGN_IDENTITY[sdk=iphoneos*]" = "iPhone Developer";
				COPY_PHASE_STRIP = NO;
				DEBUG_INFORMATION_FORMAT = dwarf;
				ENABLE_STRICT_OBJC_MSGSEND = YES;
				ENABLE_TESTABILITY = YES;
				GCC_C_LANGUAGE_STANDARD = gnu99;
				GCC_DYNAMIC_NO_PIC = NO;
				GCC_NO_COMMON_BLOCKS = YES;
				GCC_OPTIMIZATION_LEVEL = 0;
				GCC_PREPROCESSOR_DEFINITIONS = (
					"DEBUG=1",
					"$(inherited)",
				);
				GCC_WARN_64_TO_32_BIT_CONVERSION = YES;
				GCC_WARN_ABOUT_RETURN_TYPE = YES_ERROR;
				GCC_WARN_UNDECLARED_SELECTOR = YES;
				GCC_WARN_UNINITIALIZED_AUTOS = YES_AGGRESSIVE;
				GCC_WARN_UNUSED_FUNCTION = YES;
				GCC_WARN_UNUSED_VARIABLE = YES;
				IPHONEOS_DEPLOYMENT_TARGET = 10.2;
				MTL_ENABLE_DEBUG_INFO = YES;
				ONLY_ACTIVE_ARCH = YES;
				SDKROOT = iphoneos;
				SWIFT_ACTIVE_COMPILATION_CONDITIONS = DEBUG;
				SWIFT_OPTIMIZATION_LEVEL = "-Onone";
				TARGETED_DEVICE_FAMILY = "1,2";
			};
			name = Debug;
		};
		203992CC20564DE20058A8DC /* Release */ = {
			isa = XCBuildConfiguration;
			buildSettings = {
				ALWAYS_SEARCH_USER_PATHS = NO;
				CLANG_ANALYZER_NONNULL = YES;
				CLANG_CXX_LANGUAGE_STANDARD = "gnu++0x";
				CLANG_CXX_LIBRARY = "libc++";
				CLANG_ENABLE_MODULES = YES;
				CLANG_ENABLE_OBJC_ARC = YES;
				CLANG_WARN_BOOL_CONVERSION = YES;
				CLANG_WARN_CONSTANT_CONVERSION = YES;
				CLANG_WARN_DIRECT_OBJC_ISA_USAGE = YES_ERROR;
				CLANG_WARN_DOCUMENTATION_COMMENTS = YES;
				CLANG_WARN_EMPTY_BODY = YES;
				CLANG_WARN_ENUM_CONVERSION = YES;
				CLANG_WARN_INFINITE_RECURSION = YES;
				CLANG_WARN_INT_CONVERSION = YES;
				CLANG_WARN_OBJC_ROOT_CLASS = YES_ERROR;
				CLANG_WARN_SUSPICIOUS_MOVE = YES;
				CLANG_WARN_UNREACHABLE_CODE = YES;
				CLANG_WARN__DUPLICATE_METHOD_MATCH = YES;
				"CODE_SIGN_IDENTITY[sdk=iphoneos*]" = "iPhone Developer";
				COPY_PHASE_STRIP = NO;
				DEBUG_INFORMATION_FORMAT = "dwarf-with-dsym";
				ENABLE_NS_ASSERTIONS = NO;
				ENABLE_STRICT_OBJC_MSGSEND = YES;
				GCC_C_LANGUAGE_STANDARD = gnu99;
				GCC_NO_COMMON_BLOCKS = YES;
				GCC_WARN_64_TO_32_BIT_CONVERSION = YES;
				GCC_WARN_ABOUT_RETURN_TYPE = YES_ERROR;
				GCC_WARN_UNDECLARED_SELECTOR = YES;
				GCC_WARN_UNINITIALIZED_AUTOS = YES_AGGRESSIVE;
				GCC_WARN_UNUSED_FUNCTION = YES;
				GCC_WARN_UNUSED_VARIABLE = YES;
				IPHONEOS_DEPLOYMENT_TARGET = 10.2;
				MTL_ENABLE_DEBUG_INFO = NO;
				SDKROOT = iphoneos;
				SWIFT_OPTIMIZATION_LEVEL = "-Owholemodule";
				TARGETED_DEVICE_FAMILY = "1,2";
				VALIDATE_PRODUCT = YES;
			};
			name = Release;
		};
		203992CE20564DE20058A8DC /* Debug */ = {
			isa = XCBuildConfiguration;
			buildSettings = {
				ASSETCATALOG_COMPILER_APPICON_NAME = AppIcon;
				DEVELOPMENT_TEAM = LDJ79JV2CS;
				FRAMEWORK_SEARCH_PATHS = (
					"$(inherited)",
					"$(PROJECT_DIR)",
				);
				INFOPLIST_FILE = BigmarkerRoomSDK/Info.plist;
				IPHONEOS_DEPLOYMENT_TARGET = 9.3;
				LD_RUNPATH_SEARCH_PATHS = "$(inherited) @executable_path/Frameworks";
				LIBRARY_SEARCH_PATHS = (
					"$(inherited)",
					"$(PROJECT_DIR)/MQTTKit",
				);
				PRODUCT_BUNDLE_IDENTIFIER = com.bigmarker.BigmarkerRoomSDK;
				PRODUCT_NAME = "$(TARGET_NAME)";
				SWIFT_OBJC_BRIDGING_HEADER = "BigmarkerRoomSDK/Bridge-Header.h";
				SWIFT_VERSION = 3.0;
			};
			name = Debug;
		};
		203992CF20564DE20058A8DC /* Release */ = {
			isa = XCBuildConfiguration;
			buildSettings = {
				ASSETCATALOG_COMPILER_APPICON_NAME = AppIcon;
				DEVELOPMENT_TEAM = LDJ79JV2CS;
				FRAMEWORK_SEARCH_PATHS = (
					"$(inherited)",
					"$(PROJECT_DIR)",
				);
				INFOPLIST_FILE = BigmarkerRoomSDK/Info.plist;
				IPHONEOS_DEPLOYMENT_TARGET = 9.3;
				LD_RUNPATH_SEARCH_PATHS = "$(inherited) @executable_path/Frameworks";
				LIBRARY_SEARCH_PATHS = (
					"$(inherited)",
					"$(PROJECT_DIR)/MQTTKit",
				);
				PRODUCT_BUNDLE_IDENTIFIER = com.bigmarker.BigmarkerRoomSDK;
				PRODUCT_NAME = "$(TARGET_NAME)";
				SWIFT_OBJC_BRIDGING_HEADER = "BigmarkerRoomSDK/Bridge-Header.h";
				SWIFT_VERSION = 3.0;
			};
			name = Release;
		};
/* End XCBuildConfiguration section */

/* Begin XCConfigurationList section */
		203992B620564DE20058A8DC /* Build configuration list for PBXProject "BigmarkerRoomSDK" */ = {
			isa = XCConfigurationList;
			buildConfigurations = (
				203992CB20564DE20058A8DC /* Debug */,
				203992CC20564DE20058A8DC /* Release */,
			);
			defaultConfigurationIsVisible = 0;
			defaultConfigurationName = Release;
		};
		203992CD20564DE20058A8DC /* Build configuration list for PBXNativeTarget "BigmarkerRoomSDK" */ = {
			isa = XCConfigurationList;
			buildConfigurations = (
				203992CE20564DE20058A8DC /* Debug */,
				203992CF20564DE20058A8DC /* Release */,
			);
			defaultConfigurationIsVisible = 0;
			defaultConfigurationName = Release;
		};
/* End XCConfigurationList section */
	};
	rootObject = 203992B320564DE20058A8DC /* Project object */;
}
