// !$*UTF8*$!
{
	archiveVersion = 1;
	classes = {
	};
	objectVersion = 46;
	objects = {

/* Begin PBXBuildFile section */
		200E5F45205B993C003521DC /* MASCompositeConstraint.m in Sources */ = {isa = PBXBuildFile; fileRef = 200E5F2D205B993C003521DC /* MASCompositeConstraint.m */; };
		200E5F46205B993C003521DC /* MASConstraint.m in Sources */ = {isa = PBXBuildFile; fileRef = 200E5F30205B993C003521DC /* MASConstraint.m */; };
		200E5F47205B993C003521DC /* MASConstraintMaker.m in Sources */ = {isa = PBXBuildFile; fileRef = 200E5F32205B993C003521DC /* MASConstraintMaker.m */; };
		200E5F48205B993C003521DC /* MASLayoutConstraint.m in Sources */ = {isa = PBXBuildFile; fileRef = 200E5F34205B993C003521DC /* MASLayoutConstraint.m */; };
		200E5F49205B993C003521DC /* MASViewAttribute.m in Sources */ = {isa = PBXBuildFile; fileRef = 200E5F38205B993C003521DC /* MASViewAttribute.m */; };
		200E5F4A205B993C003521DC /* MASViewConstraint.m in Sources */ = {isa = PBXBuildFile; fileRef = 200E5F3A205B993C003521DC /* MASViewConstraint.m */; };
		200E5F4B205B993C003521DC /* NSArray+MASAdditions.m in Sources */ = {isa = PBXBuildFile; fileRef = 200E5F3C205B993C003521DC /* NSArray+MASAdditions.m */; };
		200E5F4C205B993C003521DC /* NSLayoutConstraint+MASDebugAdditions.m in Sources */ = {isa = PBXBuildFile; fileRef = 200E5F3F205B993C003521DC /* NSLayoutConstraint+MASDebugAdditions.m */; };
		200E5F4D205B993C003521DC /* View+MASAdditions.m in Sources */ = {isa = PBXBuildFile; fileRef = 200E5F41205B993C003521DC /* View+MASAdditions.m */; };
		200E5F4E205B993C003521DC /* ViewController+MASAdditions.m in Sources */ = {isa = PBXBuildFile; fileRef = 200E5F44205B993C003521DC /* ViewController+MASAdditions.m */; };
		200E5F4F205B9950003521DC /* MASCompositeConstraint.h in Sources */ = {isa = PBXBuildFile; fileRef = 200E5F2C205B993C003521DC /* MASCompositeConstraint.h */; };
		200E5F50205B9950003521DC /* MASConstraint+Private.h in Sources */ = {isa = PBXBuildFile; fileRef = 200E5F2E205B993C003521DC /* MASConstraint+Private.h */; };
		200E5F51205B9950003521DC /* MASConstraint.h in Sources */ = {isa = PBXBuildFile; fileRef = 200E5F2F205B993C003521DC /* MASConstraint.h */; };
		200E5F52205B9950003521DC /* MASConstraintMaker.h in Sources */ = {isa = PBXBuildFile; fileRef = 200E5F31205B993C003521DC /* MASConstraintMaker.h */; };
		200E5F53205B9950003521DC /* MASLayoutConstraint.h in Sources */ = {isa = PBXBuildFile; fileRef = 200E5F33205B993C003521DC /* MASLayoutConstraint.h */; };
		200E5F54205B9950003521DC /* Masonry.h in Sources */ = {isa = PBXBuildFile; fileRef = 200E5F35205B993C003521DC /* Masonry.h */; };
		200E5F55205B9950003521DC /* MASUtilities.h in Sources */ = {isa = PBXBuildFile; fileRef = 200E5F36205B993C003521DC /* MASUtilities.h */; };
		200E5F56205B9950003521DC /* MASViewAttribute.h in Sources */ = {isa = PBXBuildFile; fileRef = 200E5F37205B993C003521DC /* MASViewAttribute.h */; };
		200E5F57205B9950003521DC /* MASViewConstraint.h in Sources */ = {isa = PBXBuildFile; fileRef = 200E5F39205B993C003521DC /* MASViewConstraint.h */; };
		200E5F58205B9950003521DC /* NSArray+MASAdditions.h in Sources */ = {isa = PBXBuildFile; fileRef = 200E5F3B205B993C003521DC /* NSArray+MASAdditions.h */; };
		200E5F59205B9950003521DC /* NSArray+MASShorthandAdditions.h in Sources */ = {isa = PBXBuildFile; fileRef = 200E5F3D205B993C003521DC /* NSArray+MASShorthandAdditions.h */; };
		200E5F5A205B9950003521DC /* NSLayoutConstraint+MASDebugAdditions.h in Sources */ = {isa = PBXBuildFile; fileRef = 200E5F3E205B993C003521DC /* NSLayoutConstraint+MASDebugAdditions.h */; };
		200E5F5B205B9950003521DC /* View+MASAdditions.h in Sources */ = {isa = PBXBuildFile; fileRef = 200E5F40205B993C003521DC /* View+MASAdditions.h */; };
		200E5F5C205B9950003521DC /* View+MASShorthandAdditions.h in Sources */ = {isa = PBXBuildFile; fileRef = 200E5F42205B993C003521DC /* View+MASShorthandAdditions.h */; };
		200E5F5D205B9950003521DC /* ViewController+MASAdditions.h in Sources */ = {isa = PBXBuildFile; fileRef = 200E5F43205B993C003521DC /* ViewController+MASAdditions.h */; };
		200E5F62205B9A51003521DC /* CWStatusBarNotification.h in Sources */ = {isa = PBXBuildFile; fileRef = 200E5F5F205B998C003521DC /* CWStatusBarNotification.h */; };
		200E5F65205B9A96003521DC /* CWStatusBarNotification.m in Sources */ = {isa = PBXBuildFile; fileRef = 200E5F64205B9A96003521DC /* CWStatusBarNotification.m */; };
		201A8367205C2494006CE5BE /* PopoverAction.m in Sources */ = {isa = PBXBuildFile; fileRef = 201A8362205C2494006CE5BE /* PopoverAction.m */; };
		201A8368205C2494006CE5BE /* PopoverView.m in Sources */ = {isa = PBXBuildFile; fileRef = 201A8364205C2494006CE5BE /* PopoverView.m */; };
		201A8369205C2494006CE5BE /* PopoverViewCell.m in Sources */ = {isa = PBXBuildFile; fileRef = 201A8366205C2494006CE5BE /* PopoverViewCell.m */; };
		201A836A205C249D006CE5BE /* PopoverAction.h in Sources */ = {isa = PBXBuildFile; fileRef = 201A8361205C2494006CE5BE /* PopoverAction.h */; };
		201A836B205C249D006CE5BE /* PopoverView.h in Sources */ = {isa = PBXBuildFile; fileRef = 201A8363205C2494006CE5BE /* PopoverView.h */; };
		201A836C205C249D006CE5BE /* PopoverViewCell.h in Sources */ = {isa = PBXBuildFile; fileRef = 201A8365205C2494006CE5BE /* PopoverViewCell.h */; };
		201D6759205D652B000BB6F2 /* NSData+ImageContentType.h in Sources */ = {isa = PBXBuildFile; fileRef = 20EEEF4E205CF4A700D0FED1 /* NSData+ImageContentType.h */; };
		201D675A205D652B000BB6F2 /* SDImageCache.h in Sources */ = {isa = PBXBuildFile; fileRef = 20EEEF50205CF4A700D0FED1 /* SDImageCache.h */; };
		201D675B205D652B000BB6F2 /* SDWebImageCompat.h in Sources */ = {isa = PBXBuildFile; fileRef = 20EEEF52205CF4A700D0FED1 /* SDWebImageCompat.h */; };
		201D675C205D652B000BB6F2 /* SDWebImageDecoder.h in Sources */ = {isa = PBXBuildFile; fileRef = 20EEEF54205CF4A700D0FED1 /* SDWebImageDecoder.h */; };
		201D675D205D652B000BB6F2 /* SDWebImageDownloader.h in Sources */ = {isa = PBXBuildFile; fileRef = 20EEEF56205CF4A700D0FED1 /* SDWebImageDownloader.h */; };
		201D675E205D652B000BB6F2 /* SDWebImageDownloaderOperation.h in Sources */ = {isa = PBXBuildFile; fileRef = 20EEEF58205CF4A700D0FED1 /* SDWebImageDownloaderOperation.h */; };
		201D675F205D652B000BB6F2 /* SDWebImageManager.h in Sources */ = {isa = PBXBuildFile; fileRef = 20EEEF5A205CF4A700D0FED1 /* SDWebImageManager.h */; };
		201D6760205D652B000BB6F2 /* SDWebImageOperation.h in Sources */ = {isa = PBXBuildFile; fileRef = 20EEEF5C205CF4A700D0FED1 /* SDWebImageOperation.h */; };
		201D6761205D652B000BB6F2 /* SDWebImagePrefetcher.h in Sources */ = {isa = PBXBuildFile; fileRef = 20EEEF5D205CF4A700D0FED1 /* SDWebImagePrefetcher.h */; };
		201D6762205D652B000BB6F2 /* UIButton+WebCache.h in Sources */ = {isa = PBXBuildFile; fileRef = 20EEEF5F205CF4A700D0FED1 /* UIButton+WebCache.h */; };
		201D6763205D652B000BB6F2 /* UIImage+GIF.h in Sources */ = {isa = PBXBuildFile; fileRef = 20EEEF61205CF4A700D0FED1 /* UIImage+GIF.h */; };
		201D6764205D652B000BB6F2 /* UIImage+MultiFormat.h in Sources */ = {isa = PBXBuildFile; fileRef = 20EEEF63205CF4A700D0FED1 /* UIImage+MultiFormat.h */; };
		201D6765205D652B000BB6F2 /* UIImageView+HighlightedWebCache.h in Sources */ = {isa = PBXBuildFile; fileRef = 20EEEF65205CF4A700D0FED1 /* UIImageView+HighlightedWebCache.h */; };
		201D6766205D652B000BB6F2 /* UIView+WebCacheOperation.h in Sources */ = {isa = PBXBuildFile; fileRef = 20EEEF69205CF4A700D0FED1 /* UIView+WebCacheOperation.h */; };
		2021B1E42061459A00E30327 /* BMBaseViewController.swift in Sources */ = {isa = PBXBuildFile; fileRef = 2021B1DE2061459A00E30327 /* BMBaseViewController.swift */; };
		2021B1E52061459A00E30327 /* BMChatListViewController.swift in Sources */ = {isa = PBXBuildFile; fileRef = 2021B1DF2061459A00E30327 /* BMChatListViewController.swift */; };
		2021B1E62061459A00E30327 /* BMPeopleViewController.swift in Sources */ = {isa = PBXBuildFile; fileRef = 2021B1E02061459A00E30327 /* BMPeopleViewController.swift */; };
		2021B1E82061459A00E30327 /* BMTabBarController.swift in Sources */ = {isa = PBXBuildFile; fileRef = 2021B1E22061459A00E30327 /* BMTabBarController.swift */; };
		2021B1E92061459A00E30327 /* BMVideoViewController.swift in Sources */ = {isa = PBXBuildFile; fileRef = 2021B1E32061459A00E30327 /* BMVideoViewController.swift */; };
		2021B1F62061460300E30327 /* AttendeeViewLockedCell.xib in Resources */ = {isa = PBXBuildFile; fileRef = 2021B1EA2061460300E30327 /* AttendeeViewLockedCell.xib */; };
		2021B1F72061460300E30327 /* AudioViewCell.swift in Sources */ = {isa = PBXBuildFile; fileRef = 2021B1EB2061460300E30327 /* AudioViewCell.swift */; };
		2021B1F82061460300E30327 /* BMPersionCell.swift in Sources */ = {isa = PBXBuildFile; fileRef = 2021B1EC2061460300E30327 /* BMPersionCell.swift */; };
		2021B1F92061460300E30327 /* BMPersionCell.xib in Resources */ = {isa = PBXBuildFile; fileRef = 2021B1ED2061460300E30327 /* BMPersionCell.xib */; };
		2021B1FA2061460300E30327 /* BMRoomChatMsgCell.swift in Sources */ = {isa = PBXBuildFile; fileRef = 2021B1EE2061460300E30327 /* BMRoomChatMsgCell.swift */; };
		2021B1FB2061460300E30327 /* BMRoomChatMsgCell.xib in Resources */ = {isa = PBXBuildFile; fileRef = 2021B1EF2061460300E30327 /* BMRoomChatMsgCell.xib */; };
		2021B1FD2061460300E30327 /* MessageInputView.xib in Resources */ = {isa = PBXBuildFile; fileRef = 2021B1F12061460300E30327 /* MessageInputView.xib */; };
		2021B1FE2061460300E30327 /* NoChatCell.swift in Sources */ = {isa = PBXBuildFile; fileRef = 2021B1F22061460300E30327 /* NoChatCell.swift */; };
		2021B1FF2061460300E30327 /* NoChatCell.xib in Resources */ = {isa = PBXBuildFile; fileRef = 2021B1F32061460300E30327 /* NoChatCell.xib */; };
		2021B2002061460300E30327 /* NoVideoCell.swift in Sources */ = {isa = PBXBuildFile; fileRef = 2021B1F42061460300E30327 /* NoVideoCell.swift */; };
		2021B2012061460300E30327 /* NoVideoCell.xib in Resources */ = {isa = PBXBuildFile; fileRef = 2021B1F52061460300E30327 /* NoVideoCell.xib */; };
		2021B21A2061465900E30327 /* ArrayExt.swift in Sources */ = {isa = PBXBuildFile; fileRef = 2021B2022061465900E30327 /* ArrayExt.swift */; };
		2021B21B2061465900E30327 /* BigRoomBase.swift in Sources */ = {isa = PBXBuildFile; fileRef = 2021B2032061465900E30327 /* BigRoomBase.swift */; };
		2021B21C2061465900E30327 /* Channel.swift in Sources */ = {isa = PBXBuildFile; fileRef = 2021B2042061465900E30327 /* Channel.swift */; };
		2021B21D2061465900E30327 /* ClubInfo.swift in Sources */ = {isa = PBXBuildFile; fileRef = 2021B2052061465900E30327 /* ClubInfo.swift */; };
		2021B21E2061465900E30327 /* ClubProfile.swift in Sources */ = {isa = PBXBuildFile; fileRef = 2021B2062061465900E30327 /* ClubProfile.swift */; };
		2021B21F2061465900E30327 /* Community.swift in Sources */ = {isa = PBXBuildFile; fileRef = 2021B2072061465900E30327 /* Community.swift */; };
		2021B2202061465900E30327 /* Conference.swift in Sources */ = {isa = PBXBuildFile; fileRef = 2021B2082061465900E30327 /* Conference.swift */; };
		2021B2212061465900E30327 /* Constant.swift in Sources */ = {isa = PBXBuildFile; fileRef = 2021B2092061465900E30327 /* Constant.swift */; };
		2021B2222061465900E30327 /* CoordinateModel.swift in Sources */ = {isa = PBXBuildFile; fileRef = 2021B20A2061465900E30327 /* CoordinateModel.swift */; };
		2021B2232061465900E30327 /* DrawColorModel.swift in Sources */ = {isa = PBXBuildFile; fileRef = 2021B20B2061465900E30327 /* DrawColorModel.swift */; };
		2021B2242061465900E30327 /* DrawPositionModel.swift in Sources */ = {isa = PBXBuildFile; fileRef = 2021B20C2061465900E30327 /* DrawPositionModel.swift */; };
		2021B2252061465900E30327 /* DrawSizeModel.swift in Sources */ = {isa = PBXBuildFile; fileRef = 2021B20D2061465900E30327 /* DrawSizeModel.swift */; };
		2021B2262061465900E30327 /* Member.swift in Sources */ = {isa = PBXBuildFile; fileRef = 2021B20E2061465900E30327 /* Member.swift */; };
		2021B2272061465900E30327 /* MemberModel.swift in Sources */ = {isa = PBXBuildFile; fileRef = 2021B20F2061465900E30327 /* MemberModel.swift */; };
		2021B2282061465900E30327 /* Message.swift in Sources */ = {isa = PBXBuildFile; fileRef = 2021B2102061465900E30327 /* Message.swift */; };
		2021B2292061465900E30327 /* NetworkTools.swift in Sources */ = {isa = PBXBuildFile; fileRef = 2021B2112061465900E30327 /* NetworkTools.swift */; };
		2021B22A2061465900E30327 /* Presenter.swift in Sources */ = {isa = PBXBuildFile; fileRef = 2021B2122061465900E30327 /* Presenter.swift */; };
		2021B22B2061465900E30327 /* Register.swift in Sources */ = {isa = PBXBuildFile; fileRef = 2021B2132061465900E30327 /* Register.swift */; };
		2021B22C2061465900E30327 /* Room.swift in Sources */ = {isa = PBXBuildFile; fileRef = 2021B2142061465900E30327 /* Room.swift */; };
		2021B22D2061465900E30327 /* RoomInfo.swift in Sources */ = {isa = PBXBuildFile; fileRef = 2021B2152061465900E30327 /* RoomInfo.swift */; };
		2021B22E2061465900E30327 /* ToolHelper.swift in Sources */ = {isa = PBXBuildFile; fileRef = 2021B2162061465900E30327 /* ToolHelper.swift */; };
		2021B22F2061465900E30327 /* VideoInfo.swift in Sources */ = {isa = PBXBuildFile; fileRef = 2021B2172061465900E30327 /* VideoInfo.swift */; };
		2021B2302061465900E30327 /* VideoUserInfo.swift in Sources */ = {isa = PBXBuildFile; fileRef = 2021B2182061465900E30327 /* VideoUserInfo.swift */; };
		2021B2312061465900E30327 /* WhiteboardDrawModel.swift in Sources */ = {isa = PBXBuildFile; fileRef = 2021B2192061465900E30327 /* WhiteboardDrawModel.swift */; };
		2021B2442061469300E30327 /* AudioViewUI.swift in Sources */ = {isa = PBXBuildFile; fileRef = 2021B2322061469300E30327 /* AudioViewUI.swift */; };
		2021B2452061469300E30327 /* BMNavView.swift in Sources */ = {isa = PBXBuildFile; fileRef = 2021B2332061469300E30327 /* BMNavView.swift */; };
		2021B2462061469300E30327 /* ClubInfoView.swift in Sources */ = {isa = PBXBuildFile; fileRef = 2021B2342061469300E30327 /* ClubInfoView.swift */; };
		2021B2472061469300E30327 /* ColorView.swift in Sources */ = {isa = PBXBuildFile; fileRef = 2021B2352061469300E30327 /* ColorView.swift */; };
		2021B2482061469300E30327 /* LoadingView.swift in Sources */ = {isa = PBXBuildFile; fileRef = 2021B2362061469300E30327 /* LoadingView.swift */; };
		2021B24A2061469300E30327 /* MP4VideoView.swift in Sources */ = {isa = PBXBuildFile; fileRef = 2021B2382061469300E30327 /* MP4VideoView.swift */; };
		2021B24B2061469300E30327 /* MyView.swift in Sources */ = {isa = PBXBuildFile; fileRef = 2021B2392061469300E30327 /* MyView.swift */; };
		2021B24C2061469300E30327 /* NoticeView.swift in Sources */ = {isa = PBXBuildFile; fileRef = 2021B23A2061469300E30327 /* NoticeView.swift */; };
		2021B24D2061469300E30327 /* ScreenShareView.swift in Sources */ = {isa = PBXBuildFile; fileRef = 2021B23B2061469300E30327 /* ScreenShareView.swift */; };
		2021B24E2061469300E30327 /* SegmentedView.swift in Sources */ = {isa = PBXBuildFile; fileRef = 2021B23C2061469300E30327 /* SegmentedView.swift */; };
		2021B24F2061469300E30327 /* SettingView.swift in Sources */ = {isa = PBXBuildFile; fileRef = 2021B23D2061469300E30327 /* SettingView.swift */; };
		2021B2502061469300E30327 /* VideoInfoView.swift in Sources */ = {isa = PBXBuildFile; fileRef = 2021B23E2061469300E30327 /* VideoInfoView.swift */; };
		2021B2512061469300E30327 /* VideoPannelView.swift in Sources */ = {isa = PBXBuildFile; fileRef = 2021B23F2061469300E30327 /* VideoPannelView.swift */; };
		2021B2522061469300E30327 /* WhiteBoardColorToolView.swift in Sources */ = {isa = PBXBuildFile; fileRef = 2021B2402061469300E30327 /* WhiteBoardColorToolView.swift */; };
		2021B2532061469300E30327 /* WhiteBoardToolView.swift in Sources */ = {isa = PBXBuildFile; fileRef = 2021B2412061469300E30327 /* WhiteBoardToolView.swift */; };
		2021B2542061469300E30327 /* WhiteBoardView.swift in Sources */ = {isa = PBXBuildFile; fileRef = 2021B2422061469300E30327 /* WhiteBoardView.swift */; };
		2021B2552061469300E30327 /* YouTubeVideoView.swift in Sources */ = {isa = PBXBuildFile; fileRef = 2021B2432061469300E30327 /* YouTubeVideoView.swift */; };
		2021B257206146FF00E30327 /* MessageInputView.swift in Sources */ = {isa = PBXBuildFile; fileRef = 2021B256206146FF00E30327 /* MessageInputView.swift */; };
		2021B2592061498300E30327 /* UserInfo.swift in Sources */ = {isa = PBXBuildFile; fileRef = 2021B2582061498300E30327 /* UserInfo.swift */; };
		2021B25B206149AD00E30327 /* AttendeeViewLockedCell.swift in Sources */ = {isa = PBXBuildFile; fileRef = 2021B25A206149AD00E30327 /* AttendeeViewLockedCell.swift */; };
		2021B25D206149CC00E30327 /* VideoBottomUserInfoView.swift in Sources */ = {isa = PBXBuildFile; fileRef = 2021B25C206149CC00E30327 /* VideoBottomUserInfoView.swift */; };
		2021B25F20614AB600E30327 /* BMMessageViewController.swift in Sources */ = {isa = PBXBuildFile; fileRef = 2021B25E20614AB600E30327 /* BMMessageViewController.swift */; };
		2021B2632061519100E30327 /* BMSDK.bundle in Resources */ = {isa = PBXBuildFile; fileRef = 2021B2622061519100E30327 /* BMSDK.bundle */; };
		202B806B2056A98000C1067C /* MQTTKit in Resources */ = {isa = PBXBuildFile; fileRef = 202B806A2056A98000C1067C /* MQTTKit */; };
		202B806F2056A9DC00C1067C /* libMQTTKit.a in Frameworks */ = {isa = PBXBuildFile; fileRef = 202B806E2056A9DC00C1067C /* libMQTTKit.a */; };
		203992BF20564DE20058A8DC /* AppDelegate.swift in Sources */ = {isa = PBXBuildFile; fileRef = 203992BE20564DE20058A8DC /* AppDelegate.swift */; };
		203992C120564DE20058A8DC /* ViewController.swift in Sources */ = {isa = PBXBuildFile; fileRef = 203992C020564DE20058A8DC /* ViewController.swift */; };
		203992C420564DE20058A8DC /* Main.storyboard in Resources */ = {isa = PBXBuildFile; fileRef = 203992C220564DE20058A8DC /* Main.storyboard */; };
		203992C620564DE20058A8DC /* Assets.xcassets in Resources */ = {isa = PBXBuildFile; fileRef = 203992C520564DE20058A8DC /* Assets.xcassets */; };
		203992C920564DE20058A8DC /* LaunchScreen.storyboard in Resources */ = {isa = PBXBuildFile; fileRef = 203992C720564DE20058A8DC /* LaunchScreen.storyboard */; };
		203992D1205651F80058A8DC /* BMroomSDK.framework in Frameworks */ = {isa = PBXBuildFile; fileRef = 203992D0205651F80058A8DC /* BMroomSDK.framework */; };
		203992D3205652160058A8DC /* WebRTC.framework in Frameworks */ = {isa = PBXBuildFile; fileRef = 203992D2205652160058A8DC /* WebRTC.framework */; };
		20E5EB5A2060D996006AD214 /* YTPlayerView.m in Sources */ = {isa = PBXBuildFile; fileRef = 20E5EB592060D996006AD214 /* YTPlayerView.m */; };
		20EEEF3F205CEDC300D0FED1 /* UIScrollView+SVInfiniteScrolling.m in Sources */ = {isa = PBXBuildFile; fileRef = 20EEEF3C205CEDC300D0FED1 /* UIScrollView+SVInfiniteScrolling.m */; };
		20EEEF40205CEDC300D0FED1 /* UIScrollView+SVPullToRefresh.m in Sources */ = {isa = PBXBuildFile; fileRef = 20EEEF3E205CEDC300D0FED1 /* UIScrollView+SVPullToRefresh.m */; };
		20EEEF46205CEE5F00D0FED1 /* LICENSE in Resources */ = {isa = PBXBuildFile; fileRef = 20EEEF42205CEE5F00D0FED1 /* LICENSE */; };
		20EEEF47205CEE5F00D0FED1 /* MBProgressHUD.m in Sources */ = {isa = PBXBuildFile; fileRef = 20EEEF44205CEE5F00D0FED1 /* MBProgressHUD.m */; };
		20EEEF48205CEE5F00D0FED1 /* README.mdown in Sources */ = {isa = PBXBuildFile; fileRef = 20EEEF45205CEE5F00D0FED1 /* README.mdown */; };
		20EEEF6B205CF4A700D0FED1 /* NSData+ImageContentType.m in Sources */ = {isa = PBXBuildFile; fileRef = 20EEEF4F205CF4A700D0FED1 /* NSData+ImageContentType.m */; };
		20EEEF6C205CF4A700D0FED1 /* SDImageCache.m in Sources */ = {isa = PBXBuildFile; fileRef = 20EEEF51205CF4A700D0FED1 /* SDImageCache.m */; };
		20EEEF6D205CF4A700D0FED1 /* SDWebImageCompat.m in Sources */ = {isa = PBXBuildFile; fileRef = 20EEEF53205CF4A700D0FED1 /* SDWebImageCompat.m */; };
		20EEEF6E205CF4A700D0FED1 /* SDWebImageDecoder.m in Sources */ = {isa = PBXBuildFile; fileRef = 20EEEF55205CF4A700D0FED1 /* SDWebImageDecoder.m */; };
		20EEEF6F205CF4A700D0FED1 /* SDWebImageDownloader.m in Sources */ = {isa = PBXBuildFile; fileRef = 20EEEF57205CF4A700D0FED1 /* SDWebImageDownloader.m */; };
		20EEEF70205CF4A700D0FED1 /* SDWebImageDownloaderOperation.m in Sources */ = {isa = PBXBuildFile; fileRef = 20EEEF59205CF4A700D0FED1 /* SDWebImageDownloaderOperation.m */; };
		20EEEF71205CF4A700D0FED1 /* SDWebImageManager.m in Sources */ = {isa = PBXBuildFile; fileRef = 20EEEF5B205CF4A700D0FED1 /* SDWebImageManager.m */; };
		20EEEF72205CF4A700D0FED1 /* SDWebImagePrefetcher.m in Sources */ = {isa = PBXBuildFile; fileRef = 20EEEF5E205CF4A700D0FED1 /* SDWebImagePrefetcher.m */; };
		20EEEF73205CF4A700D0FED1 /* UIButton+WebCache.m in Sources */ = {isa = PBXBuildFile; fileRef = 20EEEF60205CF4A700D0FED1 /* UIButton+WebCache.m */; };
		20EEEF74205CF4A700D0FED1 /* UIImage+GIF.m in Sources */ = {isa = PBXBuildFile; fileRef = 20EEEF62205CF4A700D0FED1 /* UIImage+GIF.m */; };
		20EEEF75205CF4A700D0FED1 /* UIImage+MultiFormat.m in Sources */ = {isa = PBXBuildFile; fileRef = 20EEEF64205CF4A700D0FED1 /* UIImage+MultiFormat.m */; };
		20EEEF76205CF4A700D0FED1 /* UIImageView+HighlightedWebCache.m in Sources */ = {isa = PBXBuildFile; fileRef = 20EEEF66205CF4A700D0FED1 /* UIImageView+HighlightedWebCache.m */; };
		20EEEF77205CF4A700D0FED1 /* UIImageView+WebCache.m in Sources */ = {isa = PBXBuildFile; fileRef = 20EEEF68205CF4A700D0FED1 /* UIImageView+WebCache.m */; };
		20EEEF78205CF4A700D0FED1 /* UIView+WebCacheOperation.m in Sources */ = {isa = PBXBuildFile; fileRef = 20EEEF6A205CF4A700D0FED1 /* UIView+WebCacheOperation.m */; };
		20EEEF79205CF4FB00D0FED1 /* UIImageView+WebCache.h in Sources */ = {isa = PBXBuildFile; fileRef = 20EEEF67205CF4A700D0FED1 /* UIImageView+WebCache.h */; };
		20F0630B205653B700DFBEF1 /* WebRTC.framework in Embed Frameworks */ = {isa = PBXBuildFile; fileRef = 203992D2205652160058A8DC /* WebRTC.framework */; settings = {ATTRIBUTES = (CodeSignOnCopy, RemoveHeadersOnCopy, ); }; };
		20FE307D205EAA2300D2EBE6 /* HMSegmentedControl.m in Sources */ = {isa = PBXBuildFile; fileRef = 20FE307C205EAA2300D2EBE6 /* HMSegmentedControl.m */; };
		20FE307E205EAA2A00D2EBE6 /* HMSegmentedControl.h in Sources */ = {isa = PBXBuildFile; fileRef = 20FE307B205EAA2300D2EBE6 /* HMSegmentedControl.h */; };
/* End PBXBuildFile section */

/* Begin PBXCopyFilesBuildPhase section */
		20F063092056533300DFBEF1 /* CopyFiles */ = {
			isa = PBXCopyFilesBuildPhase;
			buildActionMask = 2147483647;
			dstPath = "";
			dstSubfolderSpec = 7;
			files = (
			);
			runOnlyForDeploymentPostprocessing = 0;
		};
		20F0630C205653B700DFBEF1 /* Embed Frameworks */ = {
			isa = PBXCopyFilesBuildPhase;
			buildActionMask = 2147483647;
			dstPath = "";
			dstSubfolderSpec = 10;
			files = (
				20F0630B205653B700DFBEF1 /* WebRTC.framework in Embed Frameworks */,
			);
			name = "Embed Frameworks";
			runOnlyForDeploymentPostprocessing = 0;
		};
/* End PBXCopyFilesBuildPhase section */

/* Begin PBXFileReference section */
		200E5F2C205B993C003521DC /* MASCompositeConstraint.h */ = {isa = PBXFileReference; fileEncoding = 4; lastKnownFileType = sourcecode.c.h; path = MASCompositeConstraint.h; sourceTree = "<group>"; };
		200E5F2D205B993C003521DC /* MASCompositeConstraint.m */ = {isa = PBXFileReference; fileEncoding = 4; lastKnownFileType = sourcecode.c.objc; path = MASCompositeConstraint.m; sourceTree = "<group>"; };
		200E5F2E205B993C003521DC /* MASConstraint+Private.h */ = {isa = PBXFileReference; fileEncoding = 4; lastKnownFileType = sourcecode.c.h; path = "MASConstraint+Private.h"; sourceTree = "<group>"; };
		200E5F2F205B993C003521DC /* MASConstraint.h */ = {isa = PBXFileReference; fileEncoding = 4; lastKnownFileType = sourcecode.c.h; path = MASConstraint.h; sourceTree = "<group>"; };
		200E5F30205B993C003521DC /* MASConstraint.m */ = {isa = PBXFileReference; fileEncoding = 4; lastKnownFileType = sourcecode.c.objc; path = MASConstraint.m; sourceTree = "<group>"; };
		200E5F31205B993C003521DC /* MASConstraintMaker.h */ = {isa = PBXFileReference; fileEncoding = 4; lastKnownFileType = sourcecode.c.h; path = MASConstraintMaker.h; sourceTree = "<group>"; };
		200E5F32205B993C003521DC /* MASConstraintMaker.m */ = {isa = PBXFileReference; fileEncoding = 4; lastKnownFileType = sourcecode.c.objc; path = MASConstraintMaker.m; sourceTree = "<group>"; };
		200E5F33205B993C003521DC /* MASLayoutConstraint.h */ = {isa = PBXFileReference; fileEncoding = 4; lastKnownFileType = sourcecode.c.h; path = MASLayoutConstraint.h; sourceTree = "<group>"; };
		200E5F34205B993C003521DC /* MASLayoutConstraint.m */ = {isa = PBXFileReference; fileEncoding = 4; lastKnownFileType = sourcecode.c.objc; path = MASLayoutConstraint.m; sourceTree = "<group>"; };
		200E5F35205B993C003521DC /* Masonry.h */ = {isa = PBXFileReference; fileEncoding = 4; lastKnownFileType = sourcecode.c.h; path = Masonry.h; sourceTree = "<group>"; };
		200E5F36205B993C003521DC /* MASUtilities.h */ = {isa = PBXFileReference; fileEncoding = 4; lastKnownFileType = sourcecode.c.h; path = MASUtilities.h; sourceTree = "<group>"; };
		200E5F37205B993C003521DC /* MASViewAttribute.h */ = {isa = PBXFileReference; fileEncoding = 4; lastKnownFileType = sourcecode.c.h; path = MASViewAttribute.h; sourceTree = "<group>"; };
		200E5F38205B993C003521DC /* MASViewAttribute.m */ = {isa = PBXFileReference; fileEncoding = 4; lastKnownFileType = sourcecode.c.objc; path = MASViewAttribute.m; sourceTree = "<group>"; };
		200E5F39205B993C003521DC /* MASViewConstraint.h */ = {isa = PBXFileReference; fileEncoding = 4; lastKnownFileType = sourcecode.c.h; path = MASViewConstraint.h; sourceTree = "<group>"; };
		200E5F3A205B993C003521DC /* MASViewConstraint.m */ = {isa = PBXFileReference; fileEncoding = 4; lastKnownFileType = sourcecode.c.objc; path = MASViewConstraint.m; sourceTree = "<group>"; };
		200E5F3B205B993C003521DC /* NSArray+MASAdditions.h */ = {isa = PBXFileReference; fileEncoding = 4; lastKnownFileType = sourcecode.c.h; path = "NSArray+MASAdditions.h"; sourceTree = "<group>"; };
		200E5F3C205B993C003521DC /* NSArray+MASAdditions.m */ = {isa = PBXFileReference; fileEncoding = 4; lastKnownFileType = sourcecode.c.objc; path = "NSArray+MASAdditions.m"; sourceTree = "<group>"; };
		200E5F3D205B993C003521DC /* NSArray+MASShorthandAdditions.h */ = {isa = PBXFileReference; fileEncoding = 4; lastKnownFileType = sourcecode.c.h; path = "NSArray+MASShorthandAdditions.h"; sourceTree = "<group>"; };
		200E5F3E205B993C003521DC /* NSLayoutConstraint+MASDebugAdditions.h */ = {isa = PBXFileReference; fileEncoding = 4; lastKnownFileType = sourcecode.c.h; path = "NSLayoutConstraint+MASDebugAdditions.h"; sourceTree = "<group>"; };
		200E5F3F205B993C003521DC /* NSLayoutConstraint+MASDebugAdditions.m */ = {isa = PBXFileReference; fileEncoding = 4; lastKnownFileType = sourcecode.c.objc; path = "NSLayoutConstraint+MASDebugAdditions.m"; sourceTree = "<group>"; };
		200E5F40205B993C003521DC /* View+MASAdditions.h */ = {isa = PBXFileReference; fileEncoding = 4; lastKnownFileType = sourcecode.c.h; path = "View+MASAdditions.h"; sourceTree = "<group>"; };
		200E5F41205B993C003521DC /* View+MASAdditions.m */ = {isa = PBXFileReference; fileEncoding = 4; lastKnownFileType = sourcecode.c.objc; path = "View+MASAdditions.m"; sourceTree = "<group>"; };
		200E5F42205B993C003521DC /* View+MASShorthandAdditions.h */ = {isa = PBXFileReference; fileEncoding = 4; lastKnownFileType = sourcecode.c.h; path = "View+MASShorthandAdditions.h"; sourceTree = "<group>"; };
		200E5F43205B993C003521DC /* ViewController+MASAdditions.h */ = {isa = PBXFileReference; fileEncoding = 4; lastKnownFileType = sourcecode.c.h; path = "ViewController+MASAdditions.h"; sourceTree = "<group>"; };
		200E5F44205B993C003521DC /* ViewController+MASAdditions.m */ = {isa = PBXFileReference; fileEncoding = 4; lastKnownFileType = sourcecode.c.objc; path = "ViewController+MASAdditions.m"; sourceTree = "<group>"; };
		200E5F5F205B998C003521DC /* CWStatusBarNotification.h */ = {isa = PBXFileReference; fileEncoding = 4; lastKnownFileType = sourcecode.c.h; path = CWStatusBarNotification.h; sourceTree = "<group>"; };
		200E5F64205B9A96003521DC /* CWStatusBarNotification.m */ = {isa = PBXFileReference; fileEncoding = 4; lastKnownFileType = sourcecode.c.objc; path = CWStatusBarNotification.m; sourceTree = "<group>"; };
		200E5F66205B9AB5003521DC /* CWStatusBarNotification.m */ = {isa = PBXFileReference; lastKnownFileType = sourcecode.c.objc; path = CWStatusBarNotification.m; sourceTree = "<group>"; };
		2011B5A120565C4800C3C5AF /* Bridge-Header.h */ = {isa = PBXFileReference; lastKnownFileType = sourcecode.c.h; path = "Bridge-Header.h"; sourceTree = "<group>"; };
		201A8361205C2494006CE5BE /* PopoverAction.h */ = {isa = PBXFileReference; fileEncoding = 4; lastKnownFileType = sourcecode.c.h; path = PopoverAction.h; sourceTree = "<group>"; };
		201A8362205C2494006CE5BE /* PopoverAction.m */ = {isa = PBXFileReference; fileEncoding = 4; lastKnownFileType = sourcecode.c.objc; path = PopoverAction.m; sourceTree = "<group>"; };
		201A8363205C2494006CE5BE /* PopoverView.h */ = {isa = PBXFileReference; fileEncoding = 4; lastKnownFileType = sourcecode.c.h; path = PopoverView.h; sourceTree = "<group>"; };
		201A8364205C2494006CE5BE /* PopoverView.m */ = {isa = PBXFileReference; fileEncoding = 4; lastKnownFileType = sourcecode.c.objc; path = PopoverView.m; sourceTree = "<group>"; };
		201A8365205C2494006CE5BE /* PopoverViewCell.h */ = {isa = PBXFileReference; fileEncoding = 4; lastKnownFileType = sourcecode.c.h; path = PopoverViewCell.h; sourceTree = "<group>"; };
		201A8366205C2494006CE5BE /* PopoverViewCell.m */ = {isa = PBXFileReference; fileEncoding = 4; lastKnownFileType = sourcecode.c.objc; path = PopoverViewCell.m; sourceTree = "<group>"; };
		2021B1DE2061459A00E30327 /* BMBaseViewController.swift */ = {isa = PBXFileReference; fileEncoding = 4; lastKnownFileType = sourcecode.swift; name = BMBaseViewController.swift; path = class/BMBaseViewController.swift; sourceTree = "<group>"; };
		2021B1DF2061459A00E30327 /* BMChatListViewController.swift */ = {isa = PBXFileReference; fileEncoding = 4; lastKnownFileType = sourcecode.swift; name = BMChatListViewController.swift; path = class/BMChatListViewController.swift; sourceTree = "<group>"; };
		2021B1E02061459A00E30327 /* BMPeopleViewController.swift */ = {isa = PBXFileReference; fileEncoding = 4; lastKnownFileType = sourcecode.swift; name = BMPeopleViewController.swift; path = class/BMPeopleViewController.swift; sourceTree = "<group>"; };
		2021B1E22061459A00E30327 /* BMTabBarController.swift */ = {isa = PBXFileReference; fileEncoding = 4; lastKnownFileType = sourcecode.swift; name = BMTabBarController.swift; path = class/BMTabBarController.swift; sourceTree = "<group>"; };
		2021B1E32061459A00E30327 /* BMVideoViewController.swift */ = {isa = PBXFileReference; fileEncoding = 4; lastKnownFileType = sourcecode.swift; name = BMVideoViewController.swift; path = class/BMVideoViewController.swift; sourceTree = "<group>"; };
		2021B1EA2061460300E30327 /* AttendeeViewLockedCell.xib */ = {isa = PBXFileReference; fileEncoding = 4; lastKnownFileType = file.xib; name = AttendeeViewLockedCell.xib; path = class/AttendeeViewLockedCell.xib; sourceTree = "<group>"; };
		2021B1EB2061460300E30327 /* AudioViewCell.swift */ = {isa = PBXFileReference; fileEncoding = 4; lastKnownFileType = sourcecode.swift; name = AudioViewCell.swift; path = class/AudioViewCell.swift; sourceTree = "<group>"; };
		2021B1EC2061460300E30327 /* BMPersionCell.swift */ = {isa = PBXFileReference; fileEncoding = 4; lastKnownFileType = sourcecode.swift; name = BMPersionCell.swift; path = class/BMPersionCell.swift; sourceTree = "<group>"; };
		2021B1ED2061460300E30327 /* BMPersionCell.xib */ = {isa = PBXFileReference; fileEncoding = 4; lastKnownFileType = file.xib; name = BMPersionCell.xib; path = class/BMPersionCell.xib; sourceTree = "<group>"; };
		2021B1EE2061460300E30327 /* BMRoomChatMsgCell.swift */ = {isa = PBXFileReference; fileEncoding = 4; lastKnownFileType = sourcecode.swift; name = BMRoomChatMsgCell.swift; path = class/BMRoomChatMsgCell.swift; sourceTree = "<group>"; };
		2021B1EF2061460300E30327 /* BMRoomChatMsgCell.xib */ = {isa = PBXFileReference; fileEncoding = 4; lastKnownFileType = file.xib; name = BMRoomChatMsgCell.xib; path = class/BMRoomChatMsgCell.xib; sourceTree = "<group>"; };
		2021B1F12061460300E30327 /* MessageInputView.xib */ = {isa = PBXFileReference; fileEncoding = 4; lastKnownFileType = file.xib; name = MessageInputView.xib; path = class/MessageInputView.xib; sourceTree = "<group>"; };
		2021B1F22061460300E30327 /* NoChatCell.swift */ = {isa = PBXFileReference; fileEncoding = 4; lastKnownFileType = sourcecode.swift; name = NoChatCell.swift; path = class/NoChatCell.swift; sourceTree = "<group>"; };
		2021B1F32061460300E30327 /* NoChatCell.xib */ = {isa = PBXFileReference; fileEncoding = 4; lastKnownFileType = file.xib; name = NoChatCell.xib; path = class/NoChatCell.xib; sourceTree = "<group>"; };
		2021B1F42061460300E30327 /* NoVideoCell.swift */ = {isa = PBXFileReference; fileEncoding = 4; lastKnownFileType = sourcecode.swift; name = NoVideoCell.swift; path = class/NoVideoCell.swift; sourceTree = "<group>"; };
		2021B1F52061460300E30327 /* NoVideoCell.xib */ = {isa = PBXFileReference; fileEncoding = 4; lastKnownFileType = file.xib; name = NoVideoCell.xib; path = class/NoVideoCell.xib; sourceTree = "<group>"; };
		2021B2022061465900E30327 /* ArrayExt.swift */ = {isa = PBXFileReference; fileEncoding = 4; lastKnownFileType = sourcecode.swift; name = ArrayExt.swift; path = class/ArrayExt.swift; sourceTree = "<group>"; };
		2021B2032061465900E30327 /* BigRoomBase.swift */ = {isa = PBXFileReference; fileEncoding = 4; lastKnownFileType = sourcecode.swift; name = BigRoomBase.swift; path = class/BigRoomBase.swift; sourceTree = "<group>"; };
		2021B2042061465900E30327 /* Channel.swift */ = {isa = PBXFileReference; fileEncoding = 4; lastKnownFileType = sourcecode.swift; name = Channel.swift; path = class/Channel.swift; sourceTree = "<group>"; };
		2021B2052061465900E30327 /* ClubInfo.swift */ = {isa = PBXFileReference; fileEncoding = 4; lastKnownFileType = sourcecode.swift; name = ClubInfo.swift; path = class/ClubInfo.swift; sourceTree = "<group>"; };
		2021B2062061465900E30327 /* ClubProfile.swift */ = {isa = PBXFileReference; fileEncoding = 4; lastKnownFileType = sourcecode.swift; name = ClubProfile.swift; path = class/ClubProfile.swift; sourceTree = "<group>"; };
		2021B2072061465900E30327 /* Community.swift */ = {isa = PBXFileReference; fileEncoding = 4; lastKnownFileType = sourcecode.swift; name = Community.swift; path = class/Community.swift; sourceTree = "<group>"; };
		2021B2082061465900E30327 /* Conference.swift */ = {isa = PBXFileReference; fileEncoding = 4; lastKnownFileType = sourcecode.swift; name = Conference.swift; path = class/Conference.swift; sourceTree = "<group>"; };
		2021B2092061465900E30327 /* Constant.swift */ = {isa = PBXFileReference; fileEncoding = 4; lastKnownFileType = sourcecode.swift; name = Constant.swift; path = class/Constant.swift; sourceTree = "<group>"; };
		2021B20A2061465900E30327 /* CoordinateModel.swift */ = {isa = PBXFileReference; fileEncoding = 4; lastKnownFileType = sourcecode.swift; name = CoordinateModel.swift; path = class/CoordinateModel.swift; sourceTree = "<group>"; };
		2021B20B2061465900E30327 /* DrawColorModel.swift */ = {isa = PBXFileReference; fileEncoding = 4; lastKnownFileType = sourcecode.swift; name = DrawColorModel.swift; path = class/DrawColorModel.swift; sourceTree = "<group>"; };
		2021B20C2061465900E30327 /* DrawPositionModel.swift */ = {isa = PBXFileReference; fileEncoding = 4; lastKnownFileType = sourcecode.swift; name = DrawPositionModel.swift; path = class/DrawPositionModel.swift; sourceTree = "<group>"; };
		2021B20D2061465900E30327 /* DrawSizeModel.swift */ = {isa = PBXFileReference; fileEncoding = 4; lastKnownFileType = sourcecode.swift; name = DrawSizeModel.swift; path = class/DrawSizeModel.swift; sourceTree = "<group>"; };
		2021B20E2061465900E30327 /* Member.swift */ = {isa = PBXFileReference; fileEncoding = 4; lastKnownFileType = sourcecode.swift; name = Member.swift; path = class/Member.swift; sourceTree = "<group>"; };
		2021B20F2061465900E30327 /* MemberModel.swift */ = {isa = PBXFileReference; fileEncoding = 4; lastKnownFileType = sourcecode.swift; name = MemberModel.swift; path = class/MemberModel.swift; sourceTree = "<group>"; };
		2021B2102061465900E30327 /* Message.swift */ = {isa = PBXFileReference; fileEncoding = 4; lastKnownFileType = sourcecode.swift; name = Message.swift; path = class/Message.swift; sourceTree = "<group>"; };
		2021B2112061465900E30327 /* NetworkTools.swift */ = {isa = PBXFileReference; fileEncoding = 4; lastKnownFileType = sourcecode.swift; name = NetworkTools.swift; path = class/NetworkTools.swift; sourceTree = "<group>"; };
		2021B2122061465900E30327 /* Presenter.swift */ = {isa = PBXFileReference; fileEncoding = 4; lastKnownFileType = sourcecode.swift; name = Presenter.swift; path = class/Presenter.swift; sourceTree = "<group>"; };
		2021B2132061465900E30327 /* Register.swift */ = {isa = PBXFileReference; fileEncoding = 4; lastKnownFileType = sourcecode.swift; name = Register.swift; path = class/Register.swift; sourceTree = "<group>"; };
		2021B2142061465900E30327 /* Room.swift */ = {isa = PBXFileReference; fileEncoding = 4; lastKnownFileType = sourcecode.swift; name = Room.swift; path = class/Room.swift; sourceTree = "<group>"; };
		2021B2152061465900E30327 /* RoomInfo.swift */ = {isa = PBXFileReference; fileEncoding = 4; lastKnownFileType = sourcecode.swift; name = RoomInfo.swift; path = class/RoomInfo.swift; sourceTree = "<group>"; };
		2021B2162061465900E30327 /* ToolHelper.swift */ = {isa = PBXFileReference; fileEncoding = 4; lastKnownFileType = sourcecode.swift; name = ToolHelper.swift; path = class/ToolHelper.swift; sourceTree = "<group>"; };
		2021B2172061465900E30327 /* VideoInfo.swift */ = {isa = PBXFileReference; fileEncoding = 4; lastKnownFileType = sourcecode.swift; name = VideoInfo.swift; path = class/VideoInfo.swift; sourceTree = "<group>"; };
		2021B2182061465900E30327 /* VideoUserInfo.swift */ = {isa = PBXFileReference; fileEncoding = 4; lastKnownFileType = sourcecode.swift; name = VideoUserInfo.swift; path = class/VideoUserInfo.swift; sourceTree = "<group>"; };
		2021B2192061465900E30327 /* WhiteboardDrawModel.swift */ = {isa = PBXFileReference; fileEncoding = 4; lastKnownFileType = sourcecode.swift; name = WhiteboardDrawModel.swift; path = class/WhiteboardDrawModel.swift; sourceTree = "<group>"; };
		2021B2322061469300E30327 /* AudioViewUI.swift */ = {isa = PBXFileReference; fileEncoding = 4; lastKnownFileType = sourcecode.swift; name = AudioViewUI.swift; path = class/AudioViewUI.swift; sourceTree = "<group>"; };
		2021B2332061469300E30327 /* BMNavView.swift */ = {isa = PBXFileReference; fileEncoding = 4; lastKnownFileType = sourcecode.swift; name = BMNavView.swift; path = class/BMNavView.swift; sourceTree = "<group>"; };
		2021B2342061469300E30327 /* ClubInfoView.swift */ = {isa = PBXFileReference; fileEncoding = 4; lastKnownFileType = sourcecode.swift; name = ClubInfoView.swift; path = class/ClubInfoView.swift; sourceTree = "<group>"; };
		2021B2352061469300E30327 /* ColorView.swift */ = {isa = PBXFileReference; fileEncoding = 4; lastKnownFileType = sourcecode.swift; name = ColorView.swift; path = class/ColorView.swift; sourceTree = "<group>"; };
		2021B2362061469300E30327 /* LoadingView.swift */ = {isa = PBXFileReference; fileEncoding = 4; lastKnownFileType = sourcecode.swift; name = LoadingView.swift; path = class/LoadingView.swift; sourceTree = "<group>"; };
		2021B2382061469300E30327 /* MP4VideoView.swift */ = {isa = PBXFileReference; fileEncoding = 4; lastKnownFileType = sourcecode.swift; name = MP4VideoView.swift; path = class/MP4VideoView.swift; sourceTree = "<group>"; };
		2021B2392061469300E30327 /* MyView.swift */ = {isa = PBXFileReference; fileEncoding = 4; lastKnownFileType = sourcecode.swift; name = MyView.swift; path = class/MyView.swift; sourceTree = "<group>"; };
		2021B23A2061469300E30327 /* NoticeView.swift */ = {isa = PBXFileReference; fileEncoding = 4; lastKnownFileType = sourcecode.swift; name = NoticeView.swift; path = class/NoticeView.swift; sourceTree = "<group>"; };
		2021B23B2061469300E30327 /* ScreenShareView.swift */ = {isa = PBXFileReference; fileEncoding = 4; lastKnownFileType = sourcecode.swift; name = ScreenShareView.swift; path = class/ScreenShareView.swift; sourceTree = "<group>"; };
		2021B23C2061469300E30327 /* SegmentedView.swift */ = {isa = PBXFileReference; fileEncoding = 4; lastKnownFileType = sourcecode.swift; name = SegmentedView.swift; path = class/SegmentedView.swift; sourceTree = "<group>"; };
		2021B23D2061469300E30327 /* SettingView.swift */ = {isa = PBXFileReference; fileEncoding = 4; lastKnownFileType = sourcecode.swift; name = SettingView.swift; path = class/SettingView.swift; sourceTree = "<group>"; };
		2021B23E2061469300E30327 /* VideoInfoView.swift */ = {isa = PBXFileReference; fileEncoding = 4; lastKnownFileType = sourcecode.swift; name = VideoInfoView.swift; path = class/VideoInfoView.swift; sourceTree = "<group>"; };
		2021B23F2061469300E30327 /* VideoPannelView.swift */ = {isa = PBXFileReference; fileEncoding = 4; lastKnownFileType = sourcecode.swift; name = VideoPannelView.swift; path = class/VideoPannelView.swift; sourceTree = "<group>"; };
		2021B2402061469300E30327 /* WhiteBoardColorToolView.swift */ = {isa = PBXFileReference; fileEncoding = 4; lastKnownFileType = sourcecode.swift; name = WhiteBoardColorToolView.swift; path = class/WhiteBoardColorToolView.swift; sourceTree = "<group>"; };
		2021B2412061469300E30327 /* WhiteBoardToolView.swift */ = {isa = PBXFileReference; fileEncoding = 4; lastKnownFileType = sourcecode.swift; name = WhiteBoardToolView.swift; path = class/WhiteBoardToolView.swift; sourceTree = "<group>"; };
		2021B2422061469300E30327 /* WhiteBoardView.swift */ = {isa = PBXFileReference; fileEncoding = 4; lastKnownFileType = sourcecode.swift; name = WhiteBoardView.swift; path = class/WhiteBoardView.swift; sourceTree = "<group>"; };
		2021B2432061469300E30327 /* YouTubeVideoView.swift */ = {isa = PBXFileReference; fileEncoding = 4; lastKnownFileType = sourcecode.swift; name = YouTubeVideoView.swift; path = class/YouTubeVideoView.swift; sourceTree = "<group>"; };
		2021B256206146FF00E30327 /* MessageInputView.swift */ = {isa = PBXFileReference; fileEncoding = 4; lastKnownFileType = sourcecode.swift; name = MessageInputView.swift; path = class/MessageInputView.swift; sourceTree = "<group>"; };
		2021B2582061498300E30327 /* UserInfo.swift */ = {isa = PBXFileReference; fileEncoding = 4; lastKnownFileType = sourcecode.swift; name = UserInfo.swift; path = class/UserInfo.swift; sourceTree = "<group>"; };
		2021B25A206149AD00E30327 /* AttendeeViewLockedCell.swift */ = {isa = PBXFileReference; fileEncoding = 4; lastKnownFileType = sourcecode.swift; name = AttendeeViewLockedCell.swift; path = class/AttendeeViewLockedCell.swift; sourceTree = "<group>"; };
		2021B25C206149CC00E30327 /* VideoBottomUserInfoView.swift */ = {isa = PBXFileReference; fileEncoding = 4; lastKnownFileType = sourcecode.swift; name = VideoBottomUserInfoView.swift; path = class/VideoBottomUserInfoView.swift; sourceTree = "<group>"; };
		2021B25E20614AB600E30327 /* BMMessageViewController.swift */ = {isa = PBXFileReference; fileEncoding = 4; lastKnownFileType = sourcecode.swift; name = BMMessageViewController.swift; path = class/BMMessageViewController.swift; sourceTree = "<group>"; };
		2021B2622061519100E30327 /* BMSDK.bundle */ = {isa = PBXFileReference; lastKnownFileType = "wrapper.plug-in"; path = BMSDK.bundle; sourceTree = "<group>"; };
		202B806A2056A98000C1067C /* MQTTKit */ = {isa = PBXFileReference; lastKnownFileType = folder; path = MQTTKit; sourceTree = "<group>"; };
		202B806E2056A9DC00C1067C /* libMQTTKit.a */ = {isa = PBXFileReference; lastKnownFileType = archive.ar; name = libMQTTKit.a; path = MQTTKit/libMQTTKit.a; sourceTree = "<group>"; };
		203992BB20564DE20058A8DC /* BigmarkerRoomSDK.app */ = {isa = PBXFileReference; explicitFileType = wrapper.application; includeInIndex = 0; path = BigmarkerRoomSDK.app; sourceTree = BUILT_PRODUCTS_DIR; };
		203992BE20564DE20058A8DC /* AppDelegate.swift */ = {isa = PBXFileReference; lastKnownFileType = sourcecode.swift; path = AppDelegate.swift; sourceTree = "<group>"; };
		203992C020564DE20058A8DC /* ViewController.swift */ = {isa = PBXFileReference; lastKnownFileType = sourcecode.swift; path = ViewController.swift; sourceTree = "<group>"; };
		203992C320564DE20058A8DC /* Base */ = {isa = PBXFileReference; lastKnownFileType = file.storyboard; name = Base; path = Base.lproj/Main.storyboard; sourceTree = "<group>"; };
		203992C520564DE20058A8DC /* Assets.xcassets */ = {isa = PBXFileReference; lastKnownFileType = folder.assetcatalog; path = Assets.xcassets; sourceTree = "<group>"; };
		203992C820564DE20058A8DC /* Base */ = {isa = PBXFileReference; lastKnownFileType = file.storyboard; name = Base; path = Base.lproj/LaunchScreen.storyboard; sourceTree = "<group>"; };
		203992CA20564DE20058A8DC /* Info.plist */ = {isa = PBXFileReference; lastKnownFileType = text.plist.xml; path = Info.plist; sourceTree = "<group>"; };
		203992D0205651F80058A8DC /* BMroomSDK.framework */ = {isa = PBXFileReference; lastKnownFileType = wrapper.framework; path = BMroomSDK.framework; sourceTree = "<group>"; };
		203992D2205652160058A8DC /* WebRTC.framework */ = {isa = PBXFileReference; lastKnownFileType = wrapper.framework; path = WebRTC.framework; sourceTree = "<group>"; };
		20E5EB582060D996006AD214 /* YTPlayerView.h */ = {isa = PBXFileReference; fileEncoding = 4; lastKnownFileType = sourcecode.c.h; path = YTPlayerView.h; sourceTree = "<group>"; };
		20E5EB592060D996006AD214 /* YTPlayerView.m */ = {isa = PBXFileReference; fileEncoding = 4; lastKnownFileType = sourcecode.c.objc; path = YTPlayerView.m; sourceTree = "<group>"; };
		20EEEF3A205CEDC300D0FED1 /* SVPullToRefresh.h */ = {isa = PBXFileReference; fileEncoding = 4; lastKnownFileType = sourcecode.c.h; path = SVPullToRefresh.h; sourceTree = "<group>"; };
		20EEEF3B205CEDC300D0FED1 /* UIScrollView+SVInfiniteScrolling.h */ = {isa = PBXFileReference; fileEncoding = 4; lastKnownFileType = sourcecode.c.h; path = "UIScrollView+SVInfiniteScrolling.h"; sourceTree = "<group>"; };
		20EEEF3C205CEDC300D0FED1 /* UIScrollView+SVInfiniteScrolling.m */ = {isa = PBXFileReference; fileEncoding = 4; lastKnownFileType = sourcecode.c.objc; path = "UIScrollView+SVInfiniteScrolling.m"; sourceTree = "<group>"; };
		20EEEF3D205CEDC300D0FED1 /* UIScrollView+SVPullToRefresh.h */ = {isa = PBXFileReference; fileEncoding = 4; lastKnownFileType = sourcecode.c.h; path = "UIScrollView+SVPullToRefresh.h"; sourceTree = "<group>"; };
		20EEEF3E205CEDC300D0FED1 /* UIScrollView+SVPullToRefresh.m */ = {isa = PBXFileReference; fileEncoding = 4; lastKnownFileType = sourcecode.c.objc; path = "UIScrollView+SVPullToRefresh.m"; sourceTree = "<group>"; };
		20EEEF42205CEE5F00D0FED1 /* LICENSE */ = {isa = PBXFileReference; fileEncoding = 4; lastKnownFileType = text; path = LICENSE; sourceTree = "<group>"; };
		20EEEF43205CEE5F00D0FED1 /* MBProgressHUD.h */ = {isa = PBXFileReference; fileEncoding = 4; lastKnownFileType = sourcecode.c.h; path = MBProgressHUD.h; sourceTree = "<group>"; };
		20EEEF44205CEE5F00D0FED1 /* MBProgressHUD.m */ = {isa = PBXFileReference; fileEncoding = 4; lastKnownFileType = sourcecode.c.objc; path = MBProgressHUD.m; sourceTree = "<group>"; };
		20EEEF45205CEE5F00D0FED1 /* README.mdown */ = {isa = PBXFileReference; fileEncoding = 4; lastKnownFileType = net.daringfireball.markdown; path = README.mdown; sourceTree = "<group>"; };
		20EEEF4E205CF4A700D0FED1 /* NSData+ImageContentType.h */ = {isa = PBXFileReference; fileEncoding = 4; lastKnownFileType = sourcecode.c.h; path = "NSData+ImageContentType.h"; sourceTree = "<group>"; };
		20EEEF4F205CF4A700D0FED1 /* NSData+ImageContentType.m */ = {isa = PBXFileReference; fileEncoding = 4; lastKnownFileType = sourcecode.c.objc; path = "NSData+ImageContentType.m"; sourceTree = "<group>"; };
		20EEEF50205CF4A700D0FED1 /* SDImageCache.h */ = {isa = PBXFileReference; fileEncoding = 4; lastKnownFileType = sourcecode.c.h; path = SDImageCache.h; sourceTree = "<group>"; };
		20EEEF51205CF4A700D0FED1 /* SDImageCache.m */ = {isa = PBXFileReference; fileEncoding = 4; lastKnownFileType = sourcecode.c.objc; path = SDImageCache.m; sourceTree = "<group>"; };
		20EEEF52205CF4A700D0FED1 /* SDWebImageCompat.h */ = {isa = PBXFileReference; fileEncoding = 4; lastKnownFileType = sourcecode.c.h; path = SDWebImageCompat.h; sourceTree = "<group>"; };
		20EEEF53205CF4A700D0FED1 /* SDWebImageCompat.m */ = {isa = PBXFileReference; fileEncoding = 4; lastKnownFileType = sourcecode.c.objc; path = SDWebImageCompat.m; sourceTree = "<group>"; };
		20EEEF54205CF4A700D0FED1 /* SDWebImageDecoder.h */ = {isa = PBXFileReference; fileEncoding = 4; lastKnownFileType = sourcecode.c.h; path = SDWebImageDecoder.h; sourceTree = "<group>"; };
		20EEEF55205CF4A700D0FED1 /* SDWebImageDecoder.m */ = {isa = PBXFileReference; fileEncoding = 4; lastKnownFileType = sourcecode.c.objc; path = SDWebImageDecoder.m; sourceTree = "<group>"; };
		20EEEF56205CF4A700D0FED1 /* SDWebImageDownloader.h */ = {isa = PBXFileReference; fileEncoding = 4; lastKnownFileType = sourcecode.c.h; path = SDWebImageDownloader.h; sourceTree = "<group>"; };
		20EEEF57205CF4A700D0FED1 /* SDWebImageDownloader.m */ = {isa = PBXFileReference; fileEncoding = 4; lastKnownFileType = sourcecode.c.objc; path = SDWebImageDownloader.m; sourceTree = "<group>"; };
		20EEEF58205CF4A700D0FED1 /* SDWebImageDownloaderOperation.h */ = {isa = PBXFileReference; fileEncoding = 4; lastKnownFileType = sourcecode.c.h; path = SDWebImageDownloaderOperation.h; sourceTree = "<group>"; };
		20EEEF59205CF4A700D0FED1 /* SDWebImageDownloaderOperation.m */ = {isa = PBXFileReference; fileEncoding = 4; lastKnownFileType = sourcecode.c.objc; path = SDWebImageDownloaderOperation.m; sourceTree = "<group>"; };
		20EEEF5A205CF4A700D0FED1 /* SDWebImageManager.h */ = {isa = PBXFileReference; fileEncoding = 4; lastKnownFileType = sourcecode.c.h; path = SDWebImageManager.h; sourceTree = "<group>"; };
		20EEEF5B205CF4A700D0FED1 /* SDWebImageManager.m */ = {isa = PBXFileReference; fileEncoding = 4; lastKnownFileType = sourcecode.c.objc; path = SDWebImageManager.m; sourceTree = "<group>"; };
		20EEEF5C205CF4A700D0FED1 /* SDWebImageOperation.h */ = {isa = PBXFileReference; fileEncoding = 4; lastKnownFileType = sourcecode.c.h; path = SDWebImageOperation.h; sourceTree = "<group>"; };
		20EEEF5D205CF4A700D0FED1 /* SDWebImagePrefetcher.h */ = {isa = PBXFileReference; fileEncoding = 4; lastKnownFileType = sourcecode.c.h; path = SDWebImagePrefetcher.h; sourceTree = "<group>"; };
		20EEEF5E205CF4A700D0FED1 /* SDWebImagePrefetcher.m */ = {isa = PBXFileReference; fileEncoding = 4; lastKnownFileType = sourcecode.c.objc; path = SDWebImagePrefetcher.m; sourceTree = "<group>"; };
		20EEEF5F205CF4A700D0FED1 /* UIButton+WebCache.h */ = {isa = PBXFileReference; fileEncoding = 4; lastKnownFileType = sourcecode.c.h; path = "UIButton+WebCache.h"; sourceTree = "<group>"; };
		20EEEF60205CF4A700D0FED1 /* UIButton+WebCache.m */ = {isa = PBXFileReference; fileEncoding = 4; lastKnownFileType = sourcecode.c.objc; path = "UIButton+WebCache.m"; sourceTree = "<group>"; };
		20EEEF61205CF4A700D0FED1 /* UIImage+GIF.h */ = {isa = PBXFileReference; fileEncoding = 4; lastKnownFileType = sourcecode.c.h; path = "UIImage+GIF.h"; sourceTree = "<group>"; };
		20EEEF62205CF4A700D0FED1 /* UIImage+GIF.m */ = {isa = PBXFileReference; fileEncoding = 4; lastKnownFileType = sourcecode.c.objc; path = "UIImage+GIF.m"; sourceTree = "<group>"; };
		20EEEF63205CF4A700D0FED1 /* UIImage+MultiFormat.h */ = {isa = PBXFileReference; fileEncoding = 4; lastKnownFileType = sourcecode.c.h; path = "UIImage+MultiFormat.h"; sourceTree = "<group>"; };
		20EEEF64205CF4A700D0FED1 /* UIImage+MultiFormat.m */ = {isa = PBXFileReference; fileEncoding = 4; lastKnownFileType = sourcecode.c.objc; path = "UIImage+MultiFormat.m"; sourceTree = "<group>"; };
		20EEEF65205CF4A700D0FED1 /* UIImageView+HighlightedWebCache.h */ = {isa = PBXFileReference; fileEncoding = 4; lastKnownFileType = sourcecode.c.h; path = "UIImageView+HighlightedWebCache.h"; sourceTree = "<group>"; };
		20EEEF66205CF4A700D0FED1 /* UIImageView+HighlightedWebCache.m */ = {isa = PBXFileReference; fileEncoding = 4; lastKnownFileType = sourcecode.c.objc; path = "UIImageView+HighlightedWebCache.m"; sourceTree = "<group>"; };
		20EEEF67205CF4A700D0FED1 /* UIImageView+WebCache.h */ = {isa = PBXFileReference; fileEncoding = 4; lastKnownFileType = sourcecode.c.h; path = "UIImageView+WebCache.h"; sourceTree = "<group>"; };
		20EEEF68205CF4A700D0FED1 /* UIImageView+WebCache.m */ = {isa = PBXFileReference; fileEncoding = 4; lastKnownFileType = sourcecode.c.objc; path = "UIImageView+WebCache.m"; sourceTree = "<group>"; };
		20EEEF69205CF4A700D0FED1 /* UIView+WebCacheOperation.h */ = {isa = PBXFileReference; fileEncoding = 4; lastKnownFileType = sourcecode.c.h; path = "UIView+WebCacheOperation.h"; sourceTree = "<group>"; };
		20EEEF6A205CF4A700D0FED1 /* UIView+WebCacheOperation.m */ = {isa = PBXFileReference; fileEncoding = 4; lastKnownFileType = sourcecode.c.objc; path = "UIView+WebCacheOperation.m"; sourceTree = "<group>"; };
		20FE307B205EAA2300D2EBE6 /* HMSegmentedControl.h */ = {isa = PBXFileReference; fileEncoding = 4; lastKnownFileType = sourcecode.c.h; path = HMSegmentedControl.h; sourceTree = "<group>"; };
		20FE307C205EAA2300D2EBE6 /* HMSegmentedControl.m */ = {isa = PBXFileReference; fileEncoding = 4; lastKnownFileType = sourcecode.c.objc; path = HMSegmentedControl.m; sourceTree = "<group>"; };
/* End PBXFileReference section */

/* Begin PBXFrameworksBuildPhase section */
		203992B820564DE20058A8DC /* Frameworks */ = {
			isa = PBXFrameworksBuildPhase;
			buildActionMask = 2147483647;
			files = (
				202B806F2056A9DC00C1067C /* libMQTTKit.a in Frameworks */,
				203992D1205651F80058A8DC /* BMroomSDK.framework in Frameworks */,
				203992D3205652160058A8DC /* WebRTC.framework in Frameworks */,
			);
			runOnlyForDeploymentPostprocessing = 0;
		};
/* End PBXFrameworksBuildPhase section */

/* Begin PBXGroup section */
		200E5EE4205B94D2003521DC /* newUI */ = {
			isa = PBXGroup;
			children = (
			);
			name = newUI;
			sourceTree = "<group>";
		};
		200E5F2B205B993C003521DC /* Masonry */ = {
			isa = PBXGroup;
			children = (
				200E5F2C205B993C003521DC /* MASCompositeConstraint.h */,
				200E5F2D205B993C003521DC /* MASCompositeConstraint.m */,
				200E5F2E205B993C003521DC /* MASConstraint+Private.h */,
				200E5F2F205B993C003521DC /* MASConstraint.h */,
				200E5F30205B993C003521DC /* MASConstraint.m */,
				200E5F31205B993C003521DC /* MASConstraintMaker.h */,
				200E5F32205B993C003521DC /* MASConstraintMaker.m */,
				200E5F33205B993C003521DC /* MASLayoutConstraint.h */,
				200E5F34205B993C003521DC /* MASLayoutConstraint.m */,
				200E5F35205B993C003521DC /* Masonry.h */,
				200E5F36205B993C003521DC /* MASUtilities.h */,
				200E5F37205B993C003521DC /* MASViewAttribute.h */,
				200E5F38205B993C003521DC /* MASViewAttribute.m */,
				200E5F39205B993C003521DC /* MASViewConstraint.h */,
				200E5F3A205B993C003521DC /* MASViewConstraint.m */,
				200E5F3B205B993C003521DC /* NSArray+MASAdditions.h */,
				200E5F3C205B993C003521DC /* NSArray+MASAdditions.m */,
				200E5F3D205B993C003521DC /* NSArray+MASShorthandAdditions.h */,
				200E5F3E205B993C003521DC /* NSLayoutConstraint+MASDebugAdditions.h */,
				200E5F3F205B993C003521DC /* NSLayoutConstraint+MASDebugAdditions.m */,
				200E5F40205B993C003521DC /* View+MASAdditions.h */,
				200E5F41205B993C003521DC /* View+MASAdditions.m */,
				200E5F42205B993C003521DC /* View+MASShorthandAdditions.h */,
				200E5F43205B993C003521DC /* ViewController+MASAdditions.h */,
				200E5F44205B993C003521DC /* ViewController+MASAdditions.m */,
			);
			path = Masonry;
			sourceTree = "<group>";
		};
		200E5F5E205B998C003521DC /* CWStatusBarNotification */ = {
			isa = PBXGroup;
			children = (
				200E5F66205B9AB5003521DC /* CWStatusBarNotification.m */,
				200E5F64205B9A96003521DC /* CWStatusBarNotification.m */,
				200E5F5F205B998C003521DC /* CWStatusBarNotification.h */,
			);
			path = CWStatusBarNotification;
			sourceTree = "<group>";
		};
		20191BA12057C16500FD0889 /* cell */ = {
			isa = PBXGroup;
			children = (
				2021B25A206149AD00E30327 /* AttendeeViewLockedCell.swift */,
				2021B256206146FF00E30327 /* MessageInputView.swift */,
				2021B1EA2061460300E30327 /* AttendeeViewLockedCell.xib */,
				2021B1EB2061460300E30327 /* AudioViewCell.swift */,
				2021B1EC2061460300E30327 /* BMPersionCell.swift */,
				2021B1ED2061460300E30327 /* BMPersionCell.xib */,
				2021B1EE2061460300E30327 /* BMRoomChatMsgCell.swift */,
				2021B1EF2061460300E30327 /* BMRoomChatMsgCell.xib */,
				2021B1F12061460300E30327 /* MessageInputView.xib */,
				2021B1F22061460300E30327 /* NoChatCell.swift */,
				2021B1F32061460300E30327 /* NoChatCell.xib */,
				2021B1F42061460300E30327 /* NoVideoCell.swift */,
				2021B1F52061460300E30327 /* NoVideoCell.xib */,
			);
			name = cell;
			path = ..;
			sourceTree = "<group>";
		};
		201A8360205C2494006CE5BE /* PopoverView */ = {
			isa = PBXGroup;
			children = (
				201A8361205C2494006CE5BE /* PopoverAction.h */,
				201A8362205C2494006CE5BE /* PopoverAction.m */,
				201A8363205C2494006CE5BE /* PopoverView.h */,
				201A8364205C2494006CE5BE /* PopoverView.m */,
				201A8365205C2494006CE5BE /* PopoverViewCell.h */,
				201A8366205C2494006CE5BE /* PopoverViewCell.m */,
			);
			path = PopoverView;
			sourceTree = "<group>";
		};
		2021B1DD2061440700E30327 /* class */ = {
			isa = PBXGroup;
			children = (
				20F252D02056CA9300339D90 /* controller */,
				20F252D12056CA9A00339D90 /* model */,
				20F252D22056CAC300339D90 /* view */,
				20191BA12057C16500FD0889 /* cell */,
			);
			path = class;
			sourceTree = "<group>";
		};
		202B806D2056A9DC00C1067C /* Frameworks */ = {
			isa = PBXGroup;
			children = (
				202B806E2056A9DC00C1067C /* libMQTTKit.a */,
			);
			name = Frameworks;
			sourceTree = "<group>";
		};
		203992B220564DE20058A8DC = {
			isa = PBXGroup;
			children = (
				2021B2622061519100E30327 /* BMSDK.bundle */,
				20E5EB572060D996006AD214 /* YTPlayerView */,
				20FE307A205EAA2300D2EBE6 /* HMSegmentedControl */,
				20EEEF4D205CF4A700D0FED1 /* SDWebImage */,
				20EEEF41205CEE5F00D0FED1 /* MBProgressHUD */,
				20EEEF39205CEDC300D0FED1 /* SVPullToRefresh */,
				201A8360205C2494006CE5BE /* PopoverView */,
				200E5F5E205B998C003521DC /* CWStatusBarNotification */,
				200E5F2B205B993C003521DC /* Masonry */,
				202B806A2056A98000C1067C /* MQTTKit */,
				203992D2205652160058A8DC /* WebRTC.framework */,
				203992D0205651F80058A8DC /* BMroomSDK.framework */,
				203992BD20564DE20058A8DC /* BigmarkerRoomSDK */,
				203992BC20564DE20058A8DC /* Products */,
				202B806D2056A9DC00C1067C /* Frameworks */,
			);
			sourceTree = "<group>";
		};
		203992BC20564DE20058A8DC /* Products */ = {
			isa = PBXGroup;
			children = (
				203992BB20564DE20058A8DC /* BigmarkerRoomSDK.app */,
			);
			name = Products;
			sourceTree = "<group>";
		};
		203992BD20564DE20058A8DC /* BigmarkerRoomSDK */ = {
			isa = PBXGroup;
			children = (
				2021B1DD2061440700E30327 /* class */,
				203992BE20564DE20058A8DC /* AppDelegate.swift */,
				203992C020564DE20058A8DC /* ViewController.swift */,
				203992C220564DE20058A8DC /* Main.storyboard */,
				203992C520564DE20058A8DC /* Assets.xcassets */,
				2011B5A120565C4800C3C5AF /* Bridge-Header.h */,
				203992C720564DE20058A8DC /* LaunchScreen.storyboard */,
				203992CA20564DE20058A8DC /* Info.plist */,
			);
			path = BigmarkerRoomSDK;
			sourceTree = "<group>";
		};
		20E5EB572060D996006AD214 /* YTPlayerView */ = {
			isa = PBXGroup;
			children = (
				20E5EB582060D996006AD214 /* YTPlayerView.h */,
				20E5EB592060D996006AD214 /* YTPlayerView.m */,
			);
			path = YTPlayerView;
			sourceTree = "<group>";
		};
		20EEEF39205CEDC300D0FED1 /* SVPullToRefresh */ = {
			isa = PBXGroup;
			children = (
				20EEEF3A205CEDC300D0FED1 /* SVPullToRefresh.h */,
				20EEEF3B205CEDC300D0FED1 /* UIScrollView+SVInfiniteScrolling.h */,
				20EEEF3C205CEDC300D0FED1 /* UIScrollView+SVInfiniteScrolling.m */,
				20EEEF3D205CEDC300D0FED1 /* UIScrollView+SVPullToRefresh.h */,
				20EEEF3E205CEDC300D0FED1 /* UIScrollView+SVPullToRefresh.m */,
			);
			path = SVPullToRefresh;
			sourceTree = "<group>";
		};
		20EEEF41205CEE5F00D0FED1 /* MBProgressHUD */ = {
			isa = PBXGroup;
			children = (
				20EEEF42205CEE5F00D0FED1 /* LICENSE */,
				20EEEF43205CEE5F00D0FED1 /* MBProgressHUD.h */,
				20EEEF44205CEE5F00D0FED1 /* MBProgressHUD.m */,
				20EEEF45205CEE5F00D0FED1 /* README.mdown */,
			);
			path = MBProgressHUD;
			sourceTree = "<group>";
		};
		20EEEF4D205CF4A700D0FED1 /* SDWebImage */ = {
			isa = PBXGroup;
			children = (
				20EEEF4E205CF4A700D0FED1 /* NSData+ImageContentType.h */,
				20EEEF4F205CF4A700D0FED1 /* NSData+ImageContentType.m */,
				20EEEF50205CF4A700D0FED1 /* SDImageCache.h */,
				20EEEF51205CF4A700D0FED1 /* SDImageCache.m */,
				20EEEF52205CF4A700D0FED1 /* SDWebImageCompat.h */,
				20EEEF53205CF4A700D0FED1 /* SDWebImageCompat.m */,
				20EEEF54205CF4A700D0FED1 /* SDWebImageDecoder.h */,
				20EEEF55205CF4A700D0FED1 /* SDWebImageDecoder.m */,
				20EEEF56205CF4A700D0FED1 /* SDWebImageDownloader.h */,
				20EEEF57205CF4A700D0FED1 /* SDWebImageDownloader.m */,
				20EEEF58205CF4A700D0FED1 /* SDWebImageDownloaderOperation.h */,
				20EEEF59205CF4A700D0FED1 /* SDWebImageDownloaderOperation.m */,
				20EEEF5A205CF4A700D0FED1 /* SDWebImageManager.h */,
				20EEEF5B205CF4A700D0FED1 /* SDWebImageManager.m */,
				20EEEF5C205CF4A700D0FED1 /* SDWebImageOperation.h */,
				20EEEF5D205CF4A700D0FED1 /* SDWebImagePrefetcher.h */,
				20EEEF5E205CF4A700D0FED1 /* SDWebImagePrefetcher.m */,
				20EEEF5F205CF4A700D0FED1 /* UIButton+WebCache.h */,
				20EEEF60205CF4A700D0FED1 /* UIButton+WebCache.m */,
				20EEEF61205CF4A700D0FED1 /* UIImage+GIF.h */,
				20EEEF62205CF4A700D0FED1 /* UIImage+GIF.m */,
				20EEEF63205CF4A700D0FED1 /* UIImage+MultiFormat.h */,
				20EEEF64205CF4A700D0FED1 /* UIImage+MultiFormat.m */,
				20EEEF65205CF4A700D0FED1 /* UIImageView+HighlightedWebCache.h */,
				20EEEF66205CF4A700D0FED1 /* UIImageView+HighlightedWebCache.m */,
				20EEEF67205CF4A700D0FED1 /* UIImageView+WebCache.h */,
				20EEEF68205CF4A700D0FED1 /* UIImageView+WebCache.m */,
				20EEEF69205CF4A700D0FED1 /* UIView+WebCacheOperation.h */,
				20EEEF6A205CF4A700D0FED1 /* UIView+WebCacheOperation.m */,
			);
			path = SDWebImage;
			sourceTree = "<group>";
		};
		20F252D02056CA9300339D90 /* controller */ = {
			isa = PBXGroup;
			children = (
				2021B25E20614AB600E30327 /* BMMessageViewController.swift */,
				2021B1DE2061459A00E30327 /* BMBaseViewController.swift */,
				2021B1DF2061459A00E30327 /* BMChatListViewController.swift */,
				2021B1E02061459A00E30327 /* BMPeopleViewController.swift */,
				2021B1E22061459A00E30327 /* BMTabBarController.swift */,
				2021B1E32061459A00E30327 /* BMVideoViewController.swift */,
			);
			name = controller;
			path = ..;
			sourceTree = "<group>";
		};
		20F252D12056CA9A00339D90 /* model */ = {
			isa = PBXGroup;
			children = (
				2021B2022061465900E30327 /* ArrayExt.swift */,
				2021B2032061465900E30327 /* BigRoomBase.swift */,
				2021B2042061465900E30327 /* Channel.swift */,
				2021B2052061465900E30327 /* ClubInfo.swift */,
				2021B2062061465900E30327 /* ClubProfile.swift */,
				2021B2072061465900E30327 /* Community.swift */,
				2021B2082061465900E30327 /* Conference.swift */,
				2021B2092061465900E30327 /* Constant.swift */,
				2021B20A2061465900E30327 /* CoordinateModel.swift */,
				2021B20B2061465900E30327 /* DrawColorModel.swift */,
				2021B20C2061465900E30327 /* DrawPositionModel.swift */,
				2021B2582061498300E30327 /* UserInfo.swift */,
				2021B20D2061465900E30327 /* DrawSizeModel.swift */,
				2021B20E2061465900E30327 /* Member.swift */,
				2021B20F2061465900E30327 /* MemberModel.swift */,
				2021B2102061465900E30327 /* Message.swift */,
				2021B2112061465900E30327 /* NetworkTools.swift */,
				2021B2122061465900E30327 /* Presenter.swift */,
				2021B2132061465900E30327 /* Register.swift */,
				2021B2142061465900E30327 /* Room.swift */,
				2021B2152061465900E30327 /* RoomInfo.swift */,
				2021B2162061465900E30327 /* ToolHelper.swift */,
				2021B2172061465900E30327 /* VideoInfo.swift */,
				2021B2182061465900E30327 /* VideoUserInfo.swift */,
				2021B2192061465900E30327 /* WhiteboardDrawModel.swift */,
			);
			name = model;
			path = ..;
			sourceTree = "<group>";
		};
		20F252D22056CAC300339D90 /* view */ = {
			isa = PBXGroup;
			children = (
				2021B25C206149CC00E30327 /* VideoBottomUserInfoView.swift */,
				2021B2322061469300E30327 /* AudioViewUI.swift */,
				2021B2332061469300E30327 /* BMNavView.swift */,
				2021B2342061469300E30327 /* ClubInfoView.swift */,
				2021B2352061469300E30327 /* ColorView.swift */,
				2021B2362061469300E30327 /* LoadingView.swift */,
				2021B2382061469300E30327 /* MP4VideoView.swift */,
				2021B2392061469300E30327 /* MyView.swift */,
				2021B23A2061469300E30327 /* NoticeView.swift */,
				2021B23B2061469300E30327 /* ScreenShareView.swift */,
				2021B23C2061469300E30327 /* SegmentedView.swift */,
				2021B23D2061469300E30327 /* SettingView.swift */,
				2021B23E2061469300E30327 /* VideoInfoView.swift */,
				2021B23F2061469300E30327 /* VideoPannelView.swift */,
				2021B2402061469300E30327 /* WhiteBoardColorToolView.swift */,
				2021B2412061469300E30327 /* WhiteBoardToolView.swift */,
				2021B2422061469300E30327 /* WhiteBoardView.swift */,
				2021B2432061469300E30327 /* YouTubeVideoView.swift */,
				200E5EE4205B94D2003521DC /* newUI */,
			);
			name = view;
			path = ..;
			sourceTree = "<group>";
		};
		20FE307A205EAA2300D2EBE6 /* HMSegmentedControl */ = {
			isa = PBXGroup;
			children = (
				20FE307B205EAA2300D2EBE6 /* HMSegmentedControl.h */,
				20FE307C205EAA2300D2EBE6 /* HMSegmentedControl.m */,
			);
			path = HMSegmentedControl;
			sourceTree = "<group>";
		};
/* End PBXGroup section */

/* Begin PBXNativeTarget section */
		203992BA20564DE20058A8DC /* BigmarkerRoomSDK */ = {
			isa = PBXNativeTarget;
			buildConfigurationList = 203992CD20564DE20058A8DC /* Build configuration list for PBXNativeTarget "BigmarkerRoomSDK" */;
			buildPhases = (
				203992B720564DE20058A8DC /* Sources */,
				203992B820564DE20058A8DC /* Frameworks */,
				203992B920564DE20058A8DC /* Resources */,
				20F063092056533300DFBEF1 /* CopyFiles */,
				20F0630C205653B700DFBEF1 /* Embed Frameworks */,
			);
			buildRules = (
			);
			dependencies = (
			);
			name = BigmarkerRoomSDK;
			productName = BigmarkerRoomSDK;
			productReference = 203992BB20564DE20058A8DC /* BigmarkerRoomSDK.app */;
			productType = "com.apple.product-type.application";
		};
/* End PBXNativeTarget section */

/* Begin PBXProject section */
		203992B320564DE20058A8DC /* Project object */ = {
			isa = PBXProject;
			attributes = {
				LastSwiftUpdateCheck = 0820;
				LastUpgradeCheck = 0820;
				ORGANIZATIONNAME = bigmarker;
				TargetAttributes = {
					203992BA20564DE20058A8DC = {
						CreatedOnToolsVersion = 8.2;
						DevelopmentTeam = LDJ79JV2CS;
						ProvisioningStyle = Automatic;
					};
				};
			};
			buildConfigurationList = 203992B620564DE20058A8DC /* Build configuration list for PBXProject "BigmarkerRoomSDK" */;
			compatibilityVersion = "Xcode 3.2";
			developmentRegion = English;
			hasScannedForEncodings = 0;
			knownRegions = (
				en,
				Base,
			);
			mainGroup = 203992B220564DE20058A8DC;
			productRefGroup = 203992BC20564DE20058A8DC /* Products */;
			projectDirPath = "";
			projectRoot = "";
			targets = (
				203992BA20564DE20058A8DC /* BigmarkerRoomSDK */,
			);
		};
/* End PBXProject section */

/* Begin PBXResourcesBuildPhase section */
		203992B920564DE20058A8DC /* Resources */ = {
			isa = PBXResourcesBuildPhase;
			buildActionMask = 2147483647;
			files = (
				2021B1F62061460300E30327 /* AttendeeViewLockedCell.xib in Resources */,
				2021B1FB2061460300E30327 /* BMRoomChatMsgCell.xib in Resources */,
				203992C920564DE20058A8DC /* LaunchScreen.storyboard in Resources */,
				2021B1FD2061460300E30327 /* MessageInputView.xib in Resources */,
				2021B2012061460300E30327 /* NoVideoCell.xib in Resources */,
				2021B2632061519100E30327 /* BMSDK.bundle in Resources */,
				203992C620564DE20058A8DC /* Assets.xcassets in Resources */,
				202B806B2056A98000C1067C /* MQTTKit in Resources */,
				20EEEF46205CEE5F00D0FED1 /* LICENSE in Resources */,
				203992C420564DE20058A8DC /* Main.storyboard in Resources */,
				2021B1FF2061460300E30327 /* NoChatCell.xib in Resources */,
				2021B1F92061460300E30327 /* BMPersionCell.xib in Resources */,
			);
			runOnlyForDeploymentPostprocessing = 0;
		};
/* End PBXResourcesBuildPhase section */

/* Begin PBXSourcesBuildPhase section */
		203992B720564DE20058A8DC /* Sources */ = {
			isa = PBXSourcesBuildPhase;
			buildActionMask = 2147483647;
			files = (
				20FE307E205EAA2A00D2EBE6 /* HMSegmentedControl.h in Sources */,
				201D6759205D652B000BB6F2 /* NSData+ImageContentType.h in Sources */,
				2021B25F20614AB600E30327 /* BMMessageViewController.swift in Sources */,
				2021B1E62061459A00E30327 /* BMPeopleViewController.swift in Sources */,
				201D675A205D652B000BB6F2 /* SDImageCache.h in Sources */,
				201D675B205D652B000BB6F2 /* SDWebImageCompat.h in Sources */,
				2021B2482061469300E30327 /* LoadingView.swift in Sources */,
				2021B21A2061465900E30327 /* ArrayExt.swift in Sources */,
				201D675C205D652B000BB6F2 /* SDWebImageDecoder.h in Sources */,
				201D675D205D652B000BB6F2 /* SDWebImageDownloader.h in Sources */,
				2021B21F2061465900E30327 /* Community.swift in Sources */,
				201D675E205D652B000BB6F2 /* SDWebImageDownloaderOperation.h in Sources */,
				201D675F205D652B000BB6F2 /* SDWebImageManager.h in Sources */,
				2021B2592061498300E30327 /* UserInfo.swift in Sources */,
				2021B2502061469300E30327 /* VideoInfoView.swift in Sources */,
				2021B24C2061469300E30327 /* NoticeView.swift in Sources */,
				201D6760205D652B000BB6F2 /* SDWebImageOperation.h in Sources */,
				201D6761205D652B000BB6F2 /* SDWebImagePrefetcher.h in Sources */,
				201D6762205D652B000BB6F2 /* UIButton+WebCache.h in Sources */,
				2021B22A2061465900E30327 /* Presenter.swift in Sources */,
				201D6763205D652B000BB6F2 /* UIImage+GIF.h in Sources */,
				2021B25B206149AD00E30327 /* AttendeeViewLockedCell.swift in Sources */,
				201D6764205D652B000BB6F2 /* UIImage+MultiFormat.h in Sources */,
				2021B2532061469300E30327 /* WhiteBoardToolView.swift in Sources */,
				2021B24E2061469300E30327 /* SegmentedView.swift in Sources */,
				201D6765205D652B000BB6F2 /* UIImageView+HighlightedWebCache.h in Sources */,
				2021B1E92061459A00E30327 /* BMVideoViewController.swift in Sources */,
				2021B1F82061460300E30327 /* BMPersionCell.swift in Sources */,
				2021B22C2061465900E30327 /* Room.swift in Sources */,
				201D6766205D652B000BB6F2 /* UIView+WebCacheOperation.h in Sources */,
				20EEEF79205CF4FB00D0FED1 /* UIImageView+WebCache.h in Sources */,
				201A836A205C249D006CE5BE /* PopoverAction.h in Sources */,
				2021B24D2061469300E30327 /* ScreenShareView.swift in Sources */,
				20E5EB5A2060D996006AD214 /* YTPlayerView.m in Sources */,
				2021B2292061465900E30327 /* NetworkTools.swift in Sources */,
				201A836B205C249D006CE5BE /* PopoverView.h in Sources */,
				2021B22F2061465900E30327 /* VideoInfo.swift in Sources */,
				20EEEF72205CF4A700D0FED1 /* SDWebImagePrefetcher.m in Sources */,
				2021B2002061460300E30327 /* NoVideoCell.swift in Sources */,
				201A836C205C249D006CE5BE /* PopoverViewCell.h in Sources */,
				2021B2282061465900E30327 /* Message.swift in Sources */,
				2021B2202061465900E30327 /* Conference.swift in Sources */,
				2021B2312061465900E30327 /* WhiteboardDrawModel.swift in Sources */,
				200E5F62205B9A51003521DC /* CWStatusBarNotification.h in Sources */,
				200E5F65205B9A96003521DC /* CWStatusBarNotification.m in Sources */,
				2021B2472061469300E30327 /* ColorView.swift in Sources */,
				200E5F4F205B9950003521DC /* MASCompositeConstraint.h in Sources */,
				2021B2262061465900E30327 /* Member.swift in Sources */,
				201A8369205C2494006CE5BE /* PopoverViewCell.m in Sources */,
				2021B2452061469300E30327 /* BMNavView.swift in Sources */,
				200E5F50205B9950003521DC /* MASConstraint+Private.h in Sources */,
				2021B2272061465900E30327 /* MemberModel.swift in Sources */,
				200E5F51205B9950003521DC /* MASConstraint.h in Sources */,
				2021B2212061465900E30327 /* Constant.swift in Sources */,
				2021B2512061469300E30327 /* VideoPannelView.swift in Sources */,
				200E5F52205B9950003521DC /* MASConstraintMaker.h in Sources */,
				200E5F53205B9950003521DC /* MASLayoutConstraint.h in Sources */,
				2021B25D206149CC00E30327 /* VideoBottomUserInfoView.swift in Sources */,
				20EEEF6D205CF4A700D0FED1 /* SDWebImageCompat.m in Sources */,
				20EEEF6F205CF4A700D0FED1 /* SDWebImageDownloader.m in Sources */,
				20EEEF48205CEE5F00D0FED1 /* README.mdown in Sources */,
				20EEEF75205CF4A700D0FED1 /* UIImage+MultiFormat.m in Sources */,
				200E5F54205B9950003521DC /* Masonry.h in Sources */,
				2021B22D2061465900E30327 /* RoomInfo.swift in Sources */,
				20EEEF73205CF4A700D0FED1 /* UIButton+WebCache.m in Sources */,
				200E5F55205B9950003521DC /* MASUtilities.h in Sources */,
				2021B1F72061460300E30327 /* AudioViewCell.swift in Sources */,
				2021B24A2061469300E30327 /* MP4VideoView.swift in Sources */,
				201A8368205C2494006CE5BE /* PopoverView.m in Sources */,
				200E5F56205B9950003521DC /* MASViewAttribute.h in Sources */,
				200E5F57205B9950003521DC /* MASViewConstraint.h in Sources */,
				200E5F58205B9950003521DC /* NSArray+MASAdditions.h in Sources */,
				2021B21B2061465900E30327 /* BigRoomBase.swift in Sources */,
				2021B22B2061465900E30327 /* Register.swift in Sources */,
				200E5F59205B9950003521DC /* NSArray+MASShorthandAdditions.h in Sources */,
				20FE307D205EAA2300D2EBE6 /* HMSegmentedControl.m in Sources */,
				200E5F5A205B9950003521DC /* NSLayoutConstraint+MASDebugAdditions.h in Sources */,
				200E5F5B205B9950003521DC /* View+MASAdditions.h in Sources */,
				200E5F5C205B9950003521DC /* View+MASShorthandAdditions.h in Sources */,
				2021B2552061469300E30327 /* YouTubeVideoView.swift in Sources */,
				200E5F5D205B9950003521DC /* ViewController+MASAdditions.h in Sources */,
				2021B2252061465900E30327 /* DrawSizeModel.swift in Sources */,
				200E5F48205B993C003521DC /* MASLayoutConstraint.m in Sources */,
				200E5F45205B993C003521DC /* MASCompositeConstraint.m in Sources */,
				2021B1FA2061460300E30327 /* BMRoomChatMsgCell.swift in Sources */,
				200E5F46205B993C003521DC /* MASConstraint.m in Sources */,
				2021B2242061465900E30327 /* DrawPositionModel.swift in Sources */,
				200E5F49205B993C003521DC /* MASViewAttribute.m in Sources */,
				200E5F47205B993C003521DC /* MASConstraintMaker.m in Sources */,
				20EEEF71205CF4A700D0FED1 /* SDWebImageManager.m in Sources */,
				20EEEF3F205CEDC300D0FED1 /* UIScrollView+SVInfiniteScrolling.m in Sources */,
				2021B21C2061465900E30327 /* Channel.swift in Sources */,
				2021B257206146FF00E30327 /* MessageInputView.swift in Sources */,
				201A8367205C2494006CE5BE /* PopoverAction.m in Sources */,
				200E5F4A205B993C003521DC /* MASViewConstraint.m in Sources */,
				2021B2222061465900E30327 /* CoordinateModel.swift in Sources */,
				20EEEF6E205CF4A700D0FED1 /* SDWebImageDecoder.m in Sources */,
				2021B21E2061465900E30327 /* ClubProfile.swift in Sources */,
				20EEEF40205CEDC300D0FED1 /* UIScrollView+SVPullToRefresh.m in Sources */,
				20EEEF47205CEE5F00D0FED1 /* MBProgressHUD.m in Sources */,
				2021B24F2061469300E30327 /* SettingView.swift in Sources */,
				2021B21D2061465900E30327 /* ClubInfo.swift in Sources */,
				2021B24B2061469300E30327 /* MyView.swift in Sources */,
				2021B2442061469300E30327 /* AudioViewUI.swift in Sources */,
				20EEEF77205CF4A700D0FED1 /* UIImageView+WebCache.m in Sources */,
				2021B1FE2061460300E30327 /* NoChatCell.swift in Sources */,
				200E5F4D205B993C003521DC /* View+MASAdditions.m in Sources */,
				2021B2232061465900E30327 /* DrawColorModel.swift in Sources */,
				2021B2302061465900E30327 /* VideoUserInfo.swift in Sources */,
				20EEEF6B205CF4A700D0FED1 /* NSData+ImageContentType.m in Sources */,
				2021B2542061469300E30327 /* WhiteBoardView.swift in Sources */,
				200E5F4B205B993C003521DC /* NSArray+MASAdditions.m in Sources */,
				2021B2462061469300E30327 /* ClubInfoView.swift in Sources */,
				2021B1E42061459A00E30327 /* BMBaseViewController.swift in Sources */,
				20EEEF76205CF4A700D0FED1 /* UIImageView+HighlightedWebCache.m in Sources */,
				2021B1E82061459A00E30327 /* BMTabBarController.swift in Sources */,
				20EEEF70205CF4A700D0FED1 /* SDWebImageDownloaderOperation.m in Sources */,
				20EEEF74205CF4A700D0FED1 /* UIImage+GIF.m in Sources */,
				200E5F4C205B993C003521DC /* NSLayoutConstraint+MASDebugAdditions.m in Sources */,
				2021B22E2061465900E30327 /* ToolHelper.swift in Sources */,
				20EEEF78205CF4A700D0FED1 /* UIView+WebCacheOperation.m in Sources */,
				2021B1E52061459A00E30327 /* BMChatListViewController.swift in Sources */,
				2021B2522061469300E30327 /* WhiteBoardColorToolView.swift in Sources */,
				200E5F4E205B993C003521DC /* ViewController+MASAdditions.m in Sources */,
				20EEEF6C205CF4A700D0FED1 /* SDImageCache.m in Sources */,
				203992C120564DE20058A8DC /* ViewController.swift in Sources */,
				203992BF20564DE20058A8DC /* AppDelegate.swift in Sources */,
			);
			runOnlyForDeploymentPostprocessing = 0;
		};
/* End PBXSourcesBuildPhase section */

/* Begin PBXVariantGroup section */
		203992C220564DE20058A8DC /* Main.storyboard */ = {
			isa = PBXVariantGroup;
			children = (
				203992C320564DE20058A8DC /* Base */,
			);
			name = Main.storyboard;
			sourceTree = "<group>";
		};
		203992C720564DE20058A8DC /* LaunchScreen.storyboard */ = {
			isa = PBXVariantGroup;
			children = (
				203992C820564DE20058A8DC /* Base */,
			);
			name = LaunchScreen.storyboard;
			sourceTree = "<group>";
		};
/* End PBXVariantGroup section */

/* Begin XCBuildConfiguration section */
		203992CB20564DE20058A8DC /* Debug */ = {
			isa = XCBuildConfiguration;
			buildSettings = {
				ALWAYS_SEARCH_USER_PATHS = NO;
				CLANG_ANALYZER_NONNULL = YES;
				CLANG_CXX_LANGUAGE_STANDARD = "gnu++0x";
				CLANG_CXX_LIBRARY = "libc++";
				CLANG_ENABLE_MODULES = YES;
				CLANG_ENABLE_OBJC_ARC = YES;
				CLANG_WARN_BOOL_CONVERSION = YES;
				CLANG_WARN_CONSTANT_CONVERSION = YES;
				CLANG_WARN_DIRECT_OBJC_ISA_USAGE = YES_ERROR;
				CLANG_WARN_DOCUMENTATION_COMMENTS = YES;
				CLANG_WARN_EMPTY_BODY = YES;
				CLANG_WARN_ENUM_CONVERSION = YES;
				CLANG_WARN_INFINITE_RECURSION = YES;
				CLANG_WARN_INT_CONVERSION = YES;
				CLANG_WARN_OBJC_ROOT_CLASS = YES_ERROR;
				CLANG_WARN_SUSPICIOUS_MOVE = YES;
				CLANG_WARN_UNREACHABLE_CODE = YES;
				CLANG_WARN__DUPLICATE_METHOD_MATCH = YES;
				"CODE_SIGN_IDENTITY[sdk=iphoneos*]" = "iPhone Developer";
				COPY_PHASE_STRIP = NO;
				DEBUG_INFORMATION_FORMAT = dwarf;
				ENABLE_STRICT_OBJC_MSGSEND = YES;
				ENABLE_TESTABILITY = YES;
				GCC_C_LANGUAGE_STANDARD = gnu99;
				GCC_DYNAMIC_NO_PIC = NO;
				GCC_NO_COMMON_BLOCKS = YES;
				GCC_OPTIMIZATION_LEVEL = 0;
				GCC_PREPROCESSOR_DEFINITIONS = (
					"DEBUG=1",
					"$(inherited)",
				);
				GCC_WARN_64_TO_32_BIT_CONVERSION = YES;
				GCC_WARN_ABOUT_RETURN_TYPE = YES_ERROR;
				GCC_WARN_UNDECLARED_SELECTOR = YES;
				GCC_WARN_UNINITIALIZED_AUTOS = YES_AGGRESSIVE;
				GCC_WARN_UNUSED_FUNCTION = YES;
				GCC_WARN_UNUSED_VARIABLE = YES;
				IPHONEOS_DEPLOYMENT_TARGET = 10.2;
				MTL_ENABLE_DEBUG_INFO = YES;
				ONLY_ACTIVE_ARCH = YES;
				SDKROOT = iphoneos;
				SWIFT_ACTIVE_COMPILATION_CONDITIONS = DEBUG;
				SWIFT_OPTIMIZATION_LEVEL = "-Onone";
				TARGETED_DEVICE_FAMILY = "1,2";
			};
			name = Debug;
		};
		203992CC20564DE20058A8DC /* Release */ = {
			isa = XCBuildConfiguration;
			buildSettings = {
				ALWAYS_SEARCH_USER_PATHS = NO;
				CLANG_ANALYZER_NONNULL = YES;
				CLANG_CXX_LANGUAGE_STANDARD = "gnu++0x";
				CLANG_CXX_LIBRARY = "libc++";
				CLANG_ENABLE_MODULES = YES;
				CLANG_ENABLE_OBJC_ARC = YES;
				CLANG_WARN_BOOL_CONVERSION = YES;
				CLANG_WARN_CONSTANT_CONVERSION = YES;
				CLANG_WARN_DIRECT_OBJC_ISA_USAGE = YES_ERROR;
				CLANG_WARN_DOCUMENTATION_COMMENTS = YES;
				CLANG_WARN_EMPTY_BODY = YES;
				CLANG_WARN_ENUM_CONVERSION = YES;
				CLANG_WARN_INFINITE_RECURSION = YES;
				CLANG_WARN_INT_CONVERSION = YES;
				CLANG_WARN_OBJC_ROOT_CLASS = YES_ERROR;
				CLANG_WARN_SUSPICIOUS_MOVE = YES;
				CLANG_WARN_UNREACHABLE_CODE = YES;
				CLANG_WARN__DUPLICATE_METHOD_MATCH = YES;
				"CODE_SIGN_IDENTITY[sdk=iphoneos*]" = "iPhone Developer";
				COPY_PHASE_STRIP = NO;
				DEBUG_INFORMATION_FORMAT = "dwarf-with-dsym";
				ENABLE_NS_ASSERTIONS = NO;
				ENABLE_STRICT_OBJC_MSGSEND = YES;
				GCC_C_LANGUAGE_STANDARD = gnu99;
				GCC_NO_COMMON_BLOCKS = YES;
				GCC_WARN_64_TO_32_BIT_CONVERSION = YES;
				GCC_WARN_ABOUT_RETURN_TYPE = YES_ERROR;
				GCC_WARN_UNDECLARED_SELECTOR = YES;
				GCC_WARN_UNINITIALIZED_AUTOS = YES_AGGRESSIVE;
				GCC_WARN_UNUSED_FUNCTION = YES;
				GCC_WARN_UNUSED_VARIABLE = YES;
				IPHONEOS_DEPLOYMENT_TARGET = 10.2;
				MTL_ENABLE_DEBUG_INFO = NO;
				SDKROOT = iphoneos;
				SWIFT_OPTIMIZATION_LEVEL = "-Owholemodule";
				TARGETED_DEVICE_FAMILY = "1,2";
				VALIDATE_PRODUCT = YES;
			};
			name = Release;
		};
		203992CE20564DE20058A8DC /* Debug */ = {
			isa = XCBuildConfiguration;
			buildSettings = {
				ASSETCATALOG_COMPILER_APPICON_NAME = AppIcon;
				DEVELOPMENT_TEAM = LDJ79JV2CS;
				FRAMEWORK_SEARCH_PATHS = (
					"$(inherited)",
					"$(PROJECT_DIR)",
				);
				INFOPLIST_FILE = BigmarkerRoomSDK/Info.plist;
				IPHONEOS_DEPLOYMENT_TARGET = 9.3;
				LD_RUNPATH_SEARCH_PATHS = "$(inherited) @executable_path/Frameworks";
				LIBRARY_SEARCH_PATHS = (
					"$(inherited)",
					"$(PROJECT_DIR)/MQTTKit",
				);
				PRODUCT_BUNDLE_IDENTIFIER = com.bigmarker.BigmarkerRoomSDK;
				PRODUCT_NAME = "$(TARGET_NAME)";
				SWIFT_OBJC_BRIDGING_HEADER = "BigmarkerRoomSDK/Bridge-Header.h";
				SWIFT_VERSION = 3.0;
			};
			name = Debug;
		};
		203992CF20564DE20058A8DC /* Release */ = {
			isa = XCBuildConfiguration;
			buildSettings = {
				ASSETCATALOG_COMPILER_APPICON_NAME = AppIcon;
				DEVELOPMENT_TEAM = LDJ79JV2CS;
				FRAMEWORK_SEARCH_PATHS = (
					"$(inherited)",
					"$(PROJECT_DIR)",
				);
				INFOPLIST_FILE = BigmarkerRoomSDK/Info.plist;
				IPHONEOS_DEPLOYMENT_TARGET = 9.3;
				LD_RUNPATH_SEARCH_PATHS = "$(inherited) @executable_path/Frameworks";
				LIBRARY_SEARCH_PATHS = (
					"$(inherited)",
					"$(PROJECT_DIR)/MQTTKit",
				);
				PRODUCT_BUNDLE_IDENTIFIER = com.bigmarker.BigmarkerRoomSDK;
				PRODUCT_NAME = "$(TARGET_NAME)";
				SWIFT_OBJC_BRIDGING_HEADER = "BigmarkerRoomSDK/Bridge-Header.h";
				SWIFT_VERSION = 3.0;
			};
			name = Release;
		};
/* End XCBuildConfiguration section */

/* Begin XCConfigurationList section */
		203992B620564DE20058A8DC /* Build configuration list for PBXProject "BigmarkerRoomSDK" */ = {
			isa = XCConfigurationList;
			buildConfigurations = (
				203992CB20564DE20058A8DC /* Debug */,
				203992CC20564DE20058A8DC /* Release */,
			);
			defaultConfigurationIsVisible = 0;
			defaultConfigurationName = Release;
		};
		203992CD20564DE20058A8DC /* Build configuration list for PBXNativeTarget "BigmarkerRoomSDK" */ = {
			isa = XCConfigurationList;
			buildConfigurations = (
				203992CE20564DE20058A8DC /* Debug */,
				203992CF20564DE20058A8DC /* Release */,
			);
			defaultConfigurationIsVisible = 0;
			defaultConfigurationName = Release;
		};
/* End XCConfigurationList section */
	};
	rootObject = 203992B320564DE20058A8DC /* Project object */;
}
